// !$*UTF8*$!
{
	archiveVersion = 1;
	classes = {
	};
	objectVersion = 46;
	objects = {

/* Begin PBXBuildFile section */
		5C12FAB317FF05A000E4E65D /* NWScriptCellView.m in Sources */ = {isa = PBXBuildFile; fileRef = 5C12FAB217FF05A000E4E65D /* NWScriptCellView.m */; };
		5C20B13B17F442B9001A67C7 /* QuartzCore.framework in Frameworks */ = {isa = PBXBuildFile; fileRef = 5C20B13A17F442B9001A67C7 /* QuartzCore.framework */; };
		5C4F56EB17EC968E0039ADFF /* NWColorSliderViewController.m in Sources */ = {isa = PBXBuildFile; fileRef = 5C4F56EA17EC968E0039ADFF /* NWColorSliderViewController.m */; };
		5C7488BD17FC2E0C00DB1B22 /* main.hex in Resources */ = {isa = PBXBuildFile; fileRef = 5C7488BC17FC2E0C00DB1B22 /* main.hex */; };
		5C83957A17EB6138007EF0C6 /* Foundation.framework in Frameworks */ = {isa = PBXBuildFile; fileRef = 5C83957917EB6138007EF0C6 /* Foundation.framework */; };
		5C83957C17EB6138007EF0C6 /* CoreGraphics.framework in Frameworks */ = {isa = PBXBuildFile; fileRef = 5C83957B17EB6138007EF0C6 /* CoreGraphics.framework */; };
		5C83957E17EB6138007EF0C6 /* UIKit.framework in Frameworks */ = {isa = PBXBuildFile; fileRef = 5C83957D17EB6138007EF0C6 /* UIKit.framework */; };
		5C83958417EB6138007EF0C6 /* InfoPlist.strings in Resources */ = {isa = PBXBuildFile; fileRef = 5C83958217EB6138007EF0C6 /* InfoPlist.strings */; };
		5C83958617EB6138007EF0C6 /* main.m in Sources */ = {isa = PBXBuildFile; fileRef = 5C83958517EB6138007EF0C6 /* main.m */; };
		5C83958A17EB6138007EF0C6 /* NWAppDelegate.m in Sources */ = {isa = PBXBuildFile; fileRef = 5C83958917EB6138007EF0C6 /* NWAppDelegate.m */; };
		5C83958D17EB6138007EF0C6 /* Main.storyboard in Resources */ = {isa = PBXBuildFile; fileRef = 5C83958B17EB6138007EF0C6 /* Main.storyboard */; };
		5C83959217EB6138007EF0C6 /* Images.xcassets in Resources */ = {isa = PBXBuildFile; fileRef = 5C83959117EB6138007EF0C6 /* Images.xcassets */; };
		5C83959917EB6138007EF0C6 /* XCTest.framework in Frameworks */ = {isa = PBXBuildFile; fileRef = 5C83959817EB6138007EF0C6 /* XCTest.framework */; };
		5C83959A17EB6138007EF0C6 /* Foundation.framework in Frameworks */ = {isa = PBXBuildFile; fileRef = 5C83957917EB6138007EF0C6 /* Foundation.framework */; };
		5C83959B17EB6138007EF0C6 /* UIKit.framework in Frameworks */ = {isa = PBXBuildFile; fileRef = 5C83957D17EB6138007EF0C6 /* UIKit.framework */; };
		5C8395A317EB6138007EF0C6 /* InfoPlist.strings in Resources */ = {isa = PBXBuildFile; fileRef = 5C8395A117EB6138007EF0C6 /* InfoPlist.strings */; };
		5C8395A517EB6138007EF0C6 /* WyLightTests.m in Sources */ = {isa = PBXBuildFile; fileRef = 5C8395A417EB6138007EF0C6 /* WyLightTests.m */; };
		5C8395B017EB6197007EF0C6 /* NWBroadcastsTVC.m in Sources */ = {isa = PBXBuildFile; fileRef = 5C8395AF17EB6197007EF0C6 /* NWBroadcastsTVC.m */; };
		5C8395D817EB61B4007EF0C6 /* WCEndpoint.m in Sources */ = {isa = PBXBuildFile; fileRef = 5C8395B217EB61B4007EF0C6 /* WCEndpoint.m */; };
		5C8395D917EB61B4007EF0C6 /* Script.cpp in Sources */ = {isa = PBXBuildFile; fileRef = 5C8395B317EB61B4007EF0C6 /* Script.cpp */; };
		5C8395DA17EB61B4007EF0C6 /* crc.c in Sources */ = {isa = PBXBuildFile; fileRef = 5C8395B617EB61B4007EF0C6 /* crc.c */; };
		5C8395DB17EB61B4007EF0C6 /* WCBroadcastReceiverWrapper.mm in Sources */ = {isa = PBXBuildFile; fileRef = 5C8395BE17EB61B4007EF0C6 /* WCBroadcastReceiverWrapper.mm */; };
		5C8395DC17EB61B4007EF0C6 /* WCWiflyControlWrapper.mm in Sources */ = {isa = PBXBuildFile; fileRef = 5C8395C017EB61B4007EF0C6 /* WCWiflyControlWrapper.mm */; };
		5C8395DD17EB61B4007EF0C6 /* BroadcastReceiver.cpp in Sources */ = {isa = PBXBuildFile; fileRef = 5C8395C317EB61B4007EF0C6 /* BroadcastReceiver.cpp */; };
		5C8395DE17EB61B4007EF0C6 /* ClientSocket.cpp in Sources */ = {isa = PBXBuildFile; fileRef = 5C8395C517EB61B4007EF0C6 /* ClientSocket.cpp */; };
		5C8395DF17EB61B4007EF0C6 /* ComProxy.cpp in Sources */ = {isa = PBXBuildFile; fileRef = 5C8395C717EB61B4007EF0C6 /* ComProxy.cpp */; };
		5C8395E017EB61B4007EF0C6 /* intelhexclass.cpp in Sources */ = {isa = PBXBuildFile; fileRef = 5C8395CC17EB61B4007EF0C6 /* intelhexclass.cpp */; };
		5C8395E117EB61B4007EF0C6 /* MaskBuffer.cpp in Sources */ = {isa = PBXBuildFile; fileRef = 5C8395CE17EB61B4007EF0C6 /* MaskBuffer.cpp */; };
		5C8395E217EB61B4007EF0C6 /* TelnetProxy.cpp in Sources */ = {isa = PBXBuildFile; fileRef = 5C8395D017EB61B4007EF0C6 /* TelnetProxy.cpp */; };
		5C8395E317EB61B4007EF0C6 /* WiflyControl.cpp in Sources */ = {isa = PBXBuildFile; fileRef = 5C8395D317EB61B4007EF0C6 /* WiflyControl.cpp */; };
		5C8395E417EB61B4007EF0C6 /* WiflyControlNoThrow.cpp in Sources */ = {isa = PBXBuildFile; fileRef = 5C8395D617EB61B4007EF0C6 /* WiflyControlNoThrow.cpp */; };
		5C8395E917EB651D007EF0C6 /* NWConnectionTBC.mm in Sources */ = {isa = PBXBuildFile; fileRef = 5C8395E817EB651D007EF0C6 /* NWConnectionTBC.mm */; };
		5C8395EE17EB6721007EF0C6 /* NWDefaultColorPickerViewController.m in Sources */ = {isa = PBXBuildFile; fileRef = 5C8395EB17EB6721007EF0C6 /* NWDefaultColorPickerViewController.m */; };
		5C8395EF17EB6721007EF0C6 /* NWColorPickerViewController.m in Sources */ = {isa = PBXBuildFile; fileRef = 5C8395ED17EB6721007EF0C6 /* NWColorPickerViewController.m */; };
		5C83962B17EB6C00007EF0C6 /* checkerboard.png in Resources */ = {isa = PBXBuildFile; fileRef = 5C83961517EB6C00007EF0C6 /* checkerboard.png */; };
		5C83962C17EB6C00007EF0C6 /* checkerboard@2x.png in Resources */ = {isa = PBXBuildFile; fileRef = 5C83961617EB6C00007EF0C6 /* checkerboard@2x.png */; };
		5C83962D17EB6C00007EF0C6 /* colorPickerKnob.png in Resources */ = {isa = PBXBuildFile; fileRef = 5C83961717EB6C00007EF0C6 /* colorPickerKnob.png */; };
		5C83962E17EB6C00007EF0C6 /* colorPickerKnob@2x.png in Resources */ = {isa = PBXBuildFile; fileRef = 5C83961817EB6C00007EF0C6 /* colorPickerKnob@2x.png */; };
		5C83962F17EB6C00007EF0C6 /* HSV.c in Sources */ = {isa = PBXBuildFile; fileRef = 5C83961917EB6C00007EF0C6 /* HSV.c */; };
		5C83963017EB6C00007EF0C6 /* KZColorPicker.m in Sources */ = {isa = PBXBuildFile; fileRef = 5C83961C17EB6C00007EF0C6 /* KZColorPicker.m */; settings = {COMPILER_FLAGS = "-fno-objc-arc"; }; };
		5C83963217EB6C00007EF0C6 /* KZColorPickerBrightnessSlider.m in Sources */ = {isa = PBXBuildFile; fileRef = 5C83962017EB6C00007EF0C6 /* KZColorPickerBrightnessSlider.m */; settings = {COMPILER_FLAGS = "-fno-objc-arc"; }; };
		5C83963317EB6C00007EF0C6 /* KZColorPickerHSWheel.m in Sources */ = {isa = PBXBuildFile; fileRef = 5C83962217EB6C00007EF0C6 /* KZColorPickerHSWheel.m */; settings = {COMPILER_FLAGS = "-fno-objc-arc"; }; };
		5C83963417EB6C00007EF0C6 /* KZColorPickerSwatchView.m in Sources */ = {isa = PBXBuildFile; fileRef = 5C83962417EB6C00007EF0C6 /* KZColorPickerSwatchView.m */; settings = {COMPILER_FLAGS = "-fno-objc-arc"; }; };
		5C83963517EB6C00007EF0C6 /* KZUnitSlider.m in Sources */ = {isa = PBXBuildFile; fileRef = 5C83962617EB6C00007EF0C6 /* KZUnitSlider.m */; settings = {COMPILER_FLAGS = "-fno-objc-arc"; }; };
		5C83963617EB6C00007EF0C6 /* pickerColorWheel.png in Resources */ = {isa = PBXBuildFile; fileRef = 5C83962717EB6C00007EF0C6 /* pickerColorWheel.png */; };
		5C83963717EB6C00007EF0C6 /* pickerColorWheel@2x.png in Resources */ = {isa = PBXBuildFile; fileRef = 5C83962817EB6C00007EF0C6 /* pickerColorWheel@2x.png */; };
		5C83963817EB6C00007EF0C6 /* UIColor-Expanded.m in Sources */ = {isa = PBXBuildFile; fileRef = 5C83962A17EB6C00007EF0C6 /* UIColor-Expanded.m */; };
		5C83963B17EC542E007EF0C6 /* NWBrightnessViewController.m in Sources */ = {isa = PBXBuildFile; fileRef = 5C83963A17EC542E007EF0C6 /* NWBrightnessViewController.m */; };
		5C83964017EC5E3E007EF0C6 /* NWAddNewTargetConfigureViewController.m in Sources */ = {isa = PBXBuildFile; fileRef = 5C83963D17EC5E3E007EF0C6 /* NWAddNewTargetConfigureViewController.m */; };
		5C83964117EC5E3E007EF0C6 /* NWAddNewTargetGuideViewController.m in Sources */ = {isa = PBXBuildFile; fileRef = 5C83963F17EC5E3E007EF0C6 /* NWAddNewTargetGuideViewController.m */; };
		5C83964617EC5E9A007EF0C6 /* NWAddNewTargetGuideView.m in Sources */ = {isa = PBXBuildFile; fileRef = 5C83964517EC5E9A007EF0C6 /* NWAddNewTargetGuideView.m */; };
		5C90B39317EF56A000BAC74F /* ALRadialButton.m in Sources */ = {isa = PBXBuildFile; fileRef = 5C90B39017EF56A000BAC74F /* ALRadialButton.m */; };
		5C90B39417EF56A000BAC74F /* ALRadialMenu.m in Sources */ = {isa = PBXBuildFile; fileRef = 5C90B39217EF56A000BAC74F /* ALRadialMenu.m */; };
		5C90B39A17EF56F300BAC74F /* NWScriptObjectView.m in Sources */ = {isa = PBXBuildFile; fileRef = 5C90B39717EF56F300BAC74F /* NWScriptObjectView.m */; };
		5C90B39B17EF56F300BAC74F /* NWScriptObjectControl.m in Sources */ = {isa = PBXBuildFile; fileRef = 5C90B39917EF56F300BAC74F /* NWScriptObjectControl.m */; };
		5C90B39E17EF572400BAC74F /* NWGradientView.m in Sources */ = {isa = PBXBuildFile; fileRef = 5C90B39D17EF572400BAC74F /* NWGradientView.m */; };
		5C90B3A617F2EB7A00BAC74F /* NWTimeInfoView.m in Sources */ = {isa = PBXBuildFile; fileRef = 5C90B3A317F2EB7A00BAC74F /* NWTimeInfoView.m */; };
		5C90B3BF17F3714B00BAC74F /* NWScriptView.m in Sources */ = {isa = PBXBuildFile; fileRef = 5C90B3AE17F3714B00BAC74F /* NWScriptView.m */; };
		5C90B3C117F3714B00BAC74F /* NWScriptViewController.m in Sources */ = {isa = PBXBuildFile; fileRef = 5C90B3B217F3714B00BAC74F /* NWScriptViewController.m */; };
		5CD991FB180095CA003C4F99 /* iCarousel.m in Sources */ = {isa = PBXBuildFile; fileRef = 5CD991FA180095CA003C4F99 /* iCarousel.m */; };
		5CD991FE1803FDA5003C4F99 /* TouchAndHoldButton.m in Sources */ = {isa = PBXBuildFile; fileRef = 5CD991FD1803FDA5003C4F99 /* TouchAndHoldButton.m */; };
		5CD992011804A5CD003C4F99 /* NWAppInfoViewController.m in Sources */ = {isa = PBXBuildFile; fileRef = 5CD992001804A5CD003C4F99 /* NWAppInfoViewController.m */; };
		5CDE707A18094BF80032D2F0 /* NWTimeValueEditView.m in Sources */ = {isa = PBXBuildFile; fileRef = 5CDE707918094BF80032D2F0 /* NWTimeValueEditView.m */; };
		5CDE707D180987B40032D2F0 /* NWComplexScriptCommandEditorViewController.m in Sources */ = {isa = PBXBuildFile; fileRef = 5CDE707C180987B40032D2F0 /* NWComplexScriptCommandEditorViewController.m */; };
		5CDE70801809A7CA0032D2F0 /* NWGradientEditView.m in Sources */ = {isa = PBXBuildFile; fileRef = 5CDE707F1809A7CA0032D2F0 /* NWGradientEditView.m */; };
		5CDE7083180A82310032D2F0 /* NWFadeEditView.m in Sources */ = {isa = PBXBuildFile; fileRef = 5CDE7082180A82310032D2F0 /* NWFadeEditView.m */; };
		5CDE7086180A8F1F0032D2F0 /* NWColorEditView.m in Sources */ = {isa = PBXBuildFile; fileRef = 5CDE7085180A8F1F0032D2F0 /* NWColorEditView.m */; };
		C000EE74182D6BA000019267 /* CoreData.framework in Frameworks */ = {isa = PBXBuildFile; fileRef = C000EE73182D6BA000019267 /* CoreData.framework */; };
		C000EE77182D6C8500019267 /* Script+defaultScripts.m in Sources */ = {isa = PBXBuildFile; fileRef = C000EE76182D6C8500019267 /* Script+defaultScripts.m */; };
		C00DD4C21826C3EB00D17088 /* Model.xcdatamodeld in Sources */ = {isa = PBXBuildFile; fileRef = C00DD4C01826C3EB00D17088 /* Model.xcdatamodeld */; };
		C02501A01840EFE600BB996D /* StartupManager.cpp in Sources */ = {isa = PBXBuildFile; fileRef = C025019E1840EFE600BB996D /* StartupManager.cpp */; };
		C03444B1184263C500B1E91F /* Aller_Std_Rg.ttf in Resources */ = {isa = PBXBuildFile; fileRef = C03444B0184263C500B1E91F /* Aller_Std_Rg.ttf */; };
		C03444C118433F0100B1E91F /* Aller_Std_Bd.ttf in Resources */ = {isa = PBXBuildFile; fileRef = C03444BC18433F0100B1E91F /* Aller_Std_Bd.ttf */; };
		C03444C218433F0100B1E91F /* Aller_Std_BdIt.ttf in Resources */ = {isa = PBXBuildFile; fileRef = C03444BD18433F0100B1E91F /* Aller_Std_BdIt.ttf */; };
		C03444C318433F0100B1E91F /* Aller_Std_It.ttf in Resources */ = {isa = PBXBuildFile; fileRef = C03444BE18433F0100B1E91F /* Aller_Std_It.ttf */; };
		C03444C418433F0100B1E91F /* Aller_Std_Lt.ttf in Resources */ = {isa = PBXBuildFile; fileRef = C03444BF18433F0100B1E91F /* Aller_Std_Lt.ttf */; };
		C03444C518433F0100B1E91F /* Aller_Std_LtIt.ttf in Resources */ = {isa = PBXBuildFile; fileRef = C03444C018433F0100B1E91F /* Aller_Std_LtIt.ttf */; };
		C044BB8A1823AEDA0097151D /* defaultScriptsLocalization.strings in Resources */ = {isa = PBXBuildFile; fileRef = C044BB8C1823AEDA0097151D /* defaultScriptsLocalization.strings */; };
		C044BB901823B4800097151D /* ScriptObjectEditViewsLocalization.strings in Resources */ = {isa = PBXBuildFile; fileRef = C044BB921823B4800097151D /* ScriptObjectEditViewsLocalization.strings */; };
		C044BB961823B6750097151D /* ViewControllerLocalization.strings in Resources */ = {isa = PBXBuildFile; fileRef = C044BB981823B6750097151D /* ViewControllerLocalization.strings */; };
		C04A34771826EDA600745BC3 /* Gradient.mm in Sources */ = {isa = PBXBuildFile; fileRef = C04A34761826EDA600745BC3 /* Gradient.mm */; };
		C0738544183A9C470032FCFE /* NWEffectEnableEditView.m in Sources */ = {isa = PBXBuildFile; fileRef = C0738543183A9C470032FCFE /* NWEffectEnableEditView.m */; };
		C0738547183BCC160032FCFE /* UIView+setEnable.m in Sources */ = {isa = PBXBuildFile; fileRef = C0738546183BCC160032FCFE /* UIView+setEnable.m */; };
		C074FE301848A8A2007A1ADC /* Script+serialization.mm in Sources */ = {isa = PBXBuildFile; fileRef = C074FE2F1848A8A2007A1ADC /* Script+serialization.mm */; };
		C074FE331848ABB0007A1ADC /* UIColor+argbValue.mm in Sources */ = {isa = PBXBuildFile; fileRef = C074FE321848ABB0007A1ADC /* UIColor+argbValue.mm */; };
		C074FE351848E38F007A1ADC /* WyLight_64.png in Resources */ = {isa = PBXBuildFile; fileRef = C074FE341848E38F007A1ADC /* WyLight_64.png */; };
		C0878B4B1834CF460085FF04 /* ComplexEffect.m in Sources */ = {isa = PBXBuildFile; fileRef = C0878B4A1834CF460085FF04 /* ComplexEffect.m */; };
		C0878B54183630E00085FF04 /* NWEffectDrawer.m in Sources */ = {isa = PBXBuildFile; fileRef = C0878B53183630E00085FF04 /* NWEffectDrawer.m */; };
		C08D5DAA181166BF00A73801 /* NWScriptFolderViewController.m in Sources */ = {isa = PBXBuildFile; fileRef = C08D5DA9181166BF00A73801 /* NWScriptFolderViewController.m */; };
		C0A3AD3218437DFB00007640 /* Effect.m in Sources */ = {isa = PBXBuildFile; fileRef = C0A3AD3118437DFB00007640 /* Effect.m */; };
		C0A3AD35184381F900007640 /* Script.m in Sources */ = {isa = PBXBuildFile; fileRef = C0A3AD34184381F900007640 /* Script.m */; };
		C0E10EC418142B240009CF3C /* UIImage+ImageEffects.m in Sources */ = {isa = PBXBuildFile; fileRef = C0E10EC318142B240009CF3C /* UIImage+ImageEffects.m */; };
		C0E10ECA1814FF440009CF3C /* UIView+Quivering.m in Sources */ = {isa = PBXBuildFile; fileRef = C0E10EC91814FF440009CF3C /* UIView+Quivering.m */; };
		C0E6047E18219B250049C7EC /* NWRenderableScriptImageView.m in Sources */ = {isa = PBXBuildFile; fileRef = C0E6047D18219B250049C7EC /* NWRenderableScriptImageView.m */; };
		C0E67BCF1826D28600056E7C /* Command.m in Sources */ = {isa = PBXBuildFile; fileRef = C0E67BCE1826D28600056E7C /* Command.m */; };
		C0E67BD21826D59B00056E7C /* Fade.mm in Sources */ = {isa = PBXBuildFile; fileRef = C0E67BD11826D59B00056E7C /* Fade.mm */; };
		C0E67BDB1826D75300056E7C /* SimpelEffect.m in Sources */ = {isa = PBXBuildFile; fileRef = C0E67BDA1826D75300056E7C /* SimpelEffect.m */; };
/* End PBXBuildFile section */

/* Begin PBXContainerItemProxy section */
		5C83959C17EB6138007EF0C6 /* PBXContainerItemProxy */ = {
			isa = PBXContainerItemProxy;
			containerPortal = 5C83956E17EB6138007EF0C6 /* Project object */;
			proxyType = 1;
			remoteGlobalIDString = 5C83957517EB6138007EF0C6;
			remoteInfo = WyLight;
		};
/* End PBXContainerItemProxy section */

/* Begin PBXFileReference section */
		5C12FAB117FF05A000E4E65D /* NWScriptCellView.h */ = {isa = PBXFileReference; fileEncoding = 4; lastKnownFileType = sourcecode.c.h; path = NWScriptCellView.h; sourceTree = "<group>"; };
		5C12FAB217FF05A000E4E65D /* NWScriptCellView.m */ = {isa = PBXFileReference; fileEncoding = 4; lastKnownFileType = sourcecode.c.objc; path = NWScriptCellView.m; sourceTree = "<group>"; };
		5C20B13A17F442B9001A67C7 /* QuartzCore.framework */ = {isa = PBXFileReference; lastKnownFileType = wrapper.framework; name = QuartzCore.framework; path = System/Library/Frameworks/QuartzCore.framework; sourceTree = SDKROOT; };
		5C4F56E917EC968E0039ADFF /* NWColorSliderViewController.h */ = {isa = PBXFileReference; fileEncoding = 4; lastKnownFileType = sourcecode.c.h; name = NWColorSliderViewController.h; path = ViewController/NWColorSliderViewController.h; sourceTree = "<group>"; };
		5C4F56EA17EC968E0039ADFF /* NWColorSliderViewController.m */ = {isa = PBXFileReference; fileEncoding = 4; lastKnownFileType = sourcecode.c.objc; name = NWColorSliderViewController.m; path = ViewController/NWColorSliderViewController.m; sourceTree = "<group>"; };
		5C7488BB17FC000300DB1B22 /* Version.h */ = {isa = PBXFileReference; fileEncoding = 4; lastKnownFileType = sourcecode.c.h; name = Version.h; path = ../../firmware/Version.h; sourceTree = "<group>"; };
		5C7488BC17FC2E0C00DB1B22 /* main.hex */ = {isa = PBXFileReference; fileEncoding = 4; lastKnownFileType = text; name = main.hex; path = ../../../binary/main.hex; sourceTree = "<group>"; };
		5C83957617EB6138007EF0C6 /* WyLight.app */ = {isa = PBXFileReference; explicitFileType = wrapper.application; includeInIndex = 0; path = WyLight.app; sourceTree = BUILT_PRODUCTS_DIR; };
		5C83957917EB6138007EF0C6 /* Foundation.framework */ = {isa = PBXFileReference; lastKnownFileType = wrapper.framework; name = Foundation.framework; path = System/Library/Frameworks/Foundation.framework; sourceTree = SDKROOT; };
		5C83957B17EB6138007EF0C6 /* CoreGraphics.framework */ = {isa = PBXFileReference; lastKnownFileType = wrapper.framework; name = CoreGraphics.framework; path = System/Library/Frameworks/CoreGraphics.framework; sourceTree = SDKROOT; };
		5C83957D17EB6138007EF0C6 /* UIKit.framework */ = {isa = PBXFileReference; lastKnownFileType = wrapper.framework; name = UIKit.framework; path = System/Library/Frameworks/UIKit.framework; sourceTree = SDKROOT; };
		5C83958117EB6138007EF0C6 /* WyLight-Info.plist */ = {isa = PBXFileReference; lastKnownFileType = text.plist.xml; name = "WyLight-Info.plist"; path = "../WyLight-Info.plist"; sourceTree = "<group>"; };
		5C83958517EB6138007EF0C6 /* main.m */ = {isa = PBXFileReference; lastKnownFileType = sourcecode.c.objc; path = main.m; sourceTree = "<group>"; };
		5C83958717EB6138007EF0C6 /* WyLight-Prefix.pch */ = {isa = PBXFileReference; lastKnownFileType = sourcecode.c.h; name = "WyLight-Prefix.pch"; path = "../WyLight-Prefix.pch"; sourceTree = "<group>"; };
		5C83958817EB6138007EF0C6 /* NWAppDelegate.h */ = {isa = PBXFileReference; lastKnownFileType = sourcecode.c.h; path = NWAppDelegate.h; sourceTree = "<group>"; };
		5C83958917EB6138007EF0C6 /* NWAppDelegate.m */ = {isa = PBXFileReference; lastKnownFileType = sourcecode.c.objc; path = NWAppDelegate.m; sourceTree = "<group>"; };
		5C83958C17EB6138007EF0C6 /* Base */ = {isa = PBXFileReference; lastKnownFileType = file.storyboard; name = Base; path = Base.lproj/Main.storyboard; sourceTree = "<group>"; };
		5C83959117EB6138007EF0C6 /* Images.xcassets */ = {isa = PBXFileReference; lastKnownFileType = folder.assetcatalog; name = Images.xcassets; path = SupportingFiles/Images.xcassets; sourceTree = "<group>"; };
		5C83959717EB6138007EF0C6 /* WyLightTests.xctest */ = {isa = PBXFileReference; explicitFileType = wrapper.cfbundle; includeInIndex = 0; path = WyLightTests.xctest; sourceTree = BUILT_PRODUCTS_DIR; };
		5C83959817EB6138007EF0C6 /* XCTest.framework */ = {isa = PBXFileReference; lastKnownFileType = wrapper.framework; name = XCTest.framework; path = Library/Frameworks/XCTest.framework; sourceTree = DEVELOPER_DIR; };
		5C8395A017EB6138007EF0C6 /* WyLightTests-Info.plist */ = {isa = PBXFileReference; lastKnownFileType = text.plist.xml; path = "WyLightTests-Info.plist"; sourceTree = "<group>"; };
		5C8395A417EB6138007EF0C6 /* WyLightTests.m */ = {isa = PBXFileReference; lastKnownFileType = sourcecode.c.objc; path = WyLightTests.m; sourceTree = "<group>"; };
		5C8395AE17EB6182007EF0C6 /* NWBroadcastsTVC.h */ = {isa = PBXFileReference; fileEncoding = 4; lastKnownFileType = sourcecode.c.h; name = NWBroadcastsTVC.h; path = ViewController/NWBroadcastsTVC.h; sourceTree = "<group>"; };
		5C8395AF17EB6197007EF0C6 /* NWBroadcastsTVC.m */ = {isa = PBXFileReference; fileEncoding = 4; lastKnownFileType = sourcecode.c.objc; name = NWBroadcastsTVC.m; path = ViewController/NWBroadcastsTVC.m; sourceTree = "<group>"; };
		5C8395B117EB61B4007EF0C6 /* WCEndpoint.h */ = {isa = PBXFileReference; fileEncoding = 4; lastKnownFileType = sourcecode.c.h; name = WCEndpoint.h; path = ../../ios/WCEndpoint.h; sourceTree = "<group>"; };
		5C8395B217EB61B4007EF0C6 /* WCEndpoint.m */ = {isa = PBXFileReference; fileEncoding = 4; lastKnownFileType = sourcecode.c.objc; name = WCEndpoint.m; path = ../../ios/WCEndpoint.m; sourceTree = "<group>"; };
		5C8395B317EB61B4007EF0C6 /* Script.cpp */ = {isa = PBXFileReference; fileEncoding = 4; lastKnownFileType = sourcecode.cpp.cpp; name = Script.cpp; path = ../../library/Script.cpp; sourceTree = "<group>"; };
		5C8395B417EB61B4007EF0C6 /* Script.h */ = {isa = PBXFileReference; fileEncoding = 4; lastKnownFileType = sourcecode.c.h; name = Script.h; path = ../../library/Script.h; sourceTree = "<group>"; };
		5C8395B517EB61B4007EF0C6 /* MessageQueue.h */ = {isa = PBXFileReference; fileEncoding = 4; lastKnownFileType = sourcecode.c.h; name = MessageQueue.h; path = ../../library/MessageQueue.h; sourceTree = "<group>"; };
		5C8395B617EB61B4007EF0C6 /* crc.c */ = {isa = PBXFileReference; fileEncoding = 4; lastKnownFileType = sourcecode.c.c; name = crc.c; path = ../../firmware/crc.c; sourceTree = "<group>"; };
		5C8395B717EB61B4007EF0C6 /* crc.h */ = {isa = PBXFileReference; fileEncoding = 4; lastKnownFileType = sourcecode.c.h; name = crc.h; path = ../../firmware/crc.h; sourceTree = "<group>"; };
		5C8395B817EB61B4007EF0C6 /* error.h */ = {isa = PBXFileReference; fileEncoding = 4; lastKnownFileType = sourcecode.c.h; name = error.h; path = ../../firmware/error.h; sourceTree = "<group>"; };
		5C8395B917EB61B4007EF0C6 /* platform.h */ = {isa = PBXFileReference; fileEncoding = 4; lastKnownFileType = sourcecode.c.h; name = platform.h; path = ../../firmware/platform.h; sourceTree = "<group>"; };
		5C8395BA17EB61B4007EF0C6 /* timeval.h */ = {isa = PBXFileReference; fileEncoding = 4; lastKnownFileType = sourcecode.c.h; name = timeval.h; path = ../../firmware/timeval.h; sourceTree = "<group>"; };
		5C8395BB17EB61B4007EF0C6 /* trace.h */ = {isa = PBXFileReference; fileEncoding = 4; lastKnownFileType = sourcecode.c.h; name = trace.h; path = ../../firmware/trace.h; sourceTree = "<group>"; };
		5C8395BC17EB61B4007EF0C6 /* wifly_cmd.h */ = {isa = PBXFileReference; fileEncoding = 4; lastKnownFileType = sourcecode.c.h; name = wifly_cmd.h; path = ../../firmware/wifly_cmd.h; sourceTree = "<group>"; };
		5C8395BD17EB61B4007EF0C6 /* WCBroadcastReceiverWrapper.h */ = {isa = PBXFileReference; fileEncoding = 4; lastKnownFileType = sourcecode.c.h; name = WCBroadcastReceiverWrapper.h; path = ../../ios/WCBroadcastReceiverWrapper.h; sourceTree = "<group>"; };
		5C8395BE17EB61B4007EF0C6 /* WCBroadcastReceiverWrapper.mm */ = {isa = PBXFileReference; fileEncoding = 4; lastKnownFileType = sourcecode.cpp.objcpp; name = WCBroadcastReceiverWrapper.mm; path = ../../ios/WCBroadcastReceiverWrapper.mm; sourceTree = "<group>"; };
		5C8395BF17EB61B4007EF0C6 /* WCWiflyControlWrapper.h */ = {isa = PBXFileReference; fileEncoding = 4; lastKnownFileType = sourcecode.c.h; name = WCWiflyControlWrapper.h; path = ../../ios/WCWiflyControlWrapper.h; sourceTree = "<group>"; };
		5C8395C017EB61B4007EF0C6 /* WCWiflyControlWrapper.mm */ = {isa = PBXFileReference; fileEncoding = 4; lastKnownFileType = sourcecode.cpp.objcpp; name = WCWiflyControlWrapper.mm; path = ../../ios/WCWiflyControlWrapper.mm; sourceTree = "<group>"; };
		5C8395C117EB61B4007EF0C6 /* BlRequest.h */ = {isa = PBXFileReference; fileEncoding = 4; lastKnownFileType = sourcecode.c.h; name = BlRequest.h; path = ../../library/BlRequest.h; sourceTree = "<group>"; };
		5C8395C217EB61B4007EF0C6 /* BroadcastMessage.h */ = {isa = PBXFileReference; fileEncoding = 4; lastKnownFileType = sourcecode.c.h; name = BroadcastMessage.h; path = ../../library/BroadcastMessage.h; sourceTree = "<group>"; };
		5C8395C317EB61B4007EF0C6 /* BroadcastReceiver.cpp */ = {isa = PBXFileReference; fileEncoding = 4; lastKnownFileType = sourcecode.cpp.cpp; name = BroadcastReceiver.cpp; path = ../../library/BroadcastReceiver.cpp; sourceTree = "<group>"; };
		5C8395C417EB61B4007EF0C6 /* BroadcastReceiver.h */ = {isa = PBXFileReference; fileEncoding = 4; lastKnownFileType = sourcecode.c.h; name = BroadcastReceiver.h; path = ../../library/BroadcastReceiver.h; sourceTree = "<group>"; };
		5C8395C517EB61B4007EF0C6 /* ClientSocket.cpp */ = {isa = PBXFileReference; fileEncoding = 4; lastKnownFileType = sourcecode.cpp.cpp; name = ClientSocket.cpp; path = ../../library/ClientSocket.cpp; sourceTree = "<group>"; };
		5C8395C617EB61B4007EF0C6 /* ClientSocket.h */ = {isa = PBXFileReference; fileEncoding = 4; lastKnownFileType = sourcecode.c.h; name = ClientSocket.h; path = ../../library/ClientSocket.h; sourceTree = "<group>"; };
		5C8395C717EB61B4007EF0C6 /* ComProxy.cpp */ = {isa = PBXFileReference; fileEncoding = 4; lastKnownFileType = sourcecode.cpp.cpp; name = ComProxy.cpp; path = ../../library/ComProxy.cpp; sourceTree = "<group>"; };
		5C8395C817EB61B4007EF0C6 /* ComProxy.h */ = {isa = PBXFileReference; fileEncoding = 4; lastKnownFileType = sourcecode.c.h; name = ComProxy.h; path = ../../library/ComProxy.h; sourceTree = "<group>"; };
		5C8395C917EB61B4007EF0C6 /* Endpoint.h */ = {isa = PBXFileReference; fileEncoding = 4; lastKnownFileType = sourcecode.c.h; name = Endpoint.h; path = ../../library/Endpoint.h; sourceTree = "<group>"; };
		5C8395CA17EB61B4007EF0C6 /* FwCommand.h */ = {isa = PBXFileReference; fileEncoding = 4; lastKnownFileType = sourcecode.c.h; name = FwCommand.h; path = ../../library/FwCommand.h; sourceTree = "<group>"; };
		5C8395CB17EB61B4007EF0C6 /* FwResponse.h */ = {isa = PBXFileReference; fileEncoding = 4; lastKnownFileType = sourcecode.c.h; name = FwResponse.h; path = ../../library/FwResponse.h; sourceTree = "<group>"; };
		5C8395CC17EB61B4007EF0C6 /* intelhexclass.cpp */ = {isa = PBXFileReference; fileEncoding = 4; lastKnownFileType = sourcecode.cpp.cpp; name = intelhexclass.cpp; path = ../../library/intelhexclass.cpp; sourceTree = "<group>"; };
		5C8395CD17EB61B4007EF0C6 /* intelhexclass.h */ = {isa = PBXFileReference; fileEncoding = 4; lastKnownFileType = sourcecode.c.h; name = intelhexclass.h; path = ../../library/intelhexclass.h; sourceTree = "<group>"; };
		5C8395CE17EB61B4007EF0C6 /* MaskBuffer.cpp */ = {isa = PBXFileReference; fileEncoding = 4; lastKnownFileType = sourcecode.cpp.cpp; name = MaskBuffer.cpp; path = ../../library/MaskBuffer.cpp; sourceTree = "<group>"; };
		5C8395CF17EB61B4007EF0C6 /* MaskBuffer.h */ = {isa = PBXFileReference; fileEncoding = 4; lastKnownFileType = sourcecode.c.h; name = MaskBuffer.h; path = ../../library/MaskBuffer.h; sourceTree = "<group>"; };
		5C8395D017EB61B4007EF0C6 /* TelnetProxy.cpp */ = {isa = PBXFileReference; fileEncoding = 4; lastKnownFileType = sourcecode.cpp.cpp; name = TelnetProxy.cpp; path = ../../library/TelnetProxy.cpp; sourceTree = "<group>"; };
		5C8395D117EB61B4007EF0C6 /* TelnetProxy.h */ = {isa = PBXFileReference; fileEncoding = 4; lastKnownFileType = sourcecode.c.h; name = TelnetProxy.h; path = ../../library/TelnetProxy.h; sourceTree = "<group>"; };
		5C8395D217EB61B4007EF0C6 /* WiflyColor.h */ = {isa = PBXFileReference; fileEncoding = 4; lastKnownFileType = sourcecode.c.h; name = WiflyColor.h; path = ../../library/WiflyColor.h; sourceTree = "<group>"; };
		5C8395D317EB61B4007EF0C6 /* WiflyControl.cpp */ = {isa = PBXFileReference; fileEncoding = 4; lastKnownFileType = sourcecode.cpp.cpp; name = WiflyControl.cpp; path = ../../library/WiflyControl.cpp; sourceTree = "<group>"; xcLanguageSpecificationIdentifier = xcode.lang.cpp; };
		5C8395D417EB61B4007EF0C6 /* WiflyControl.h */ = {isa = PBXFileReference; fileEncoding = 4; lastKnownFileType = sourcecode.c.h; name = WiflyControl.h; path = ../../library/WiflyControl.h; sourceTree = "<group>"; };
		5C8395D517EB61B4007EF0C6 /* WiflyControlException.h */ = {isa = PBXFileReference; fileEncoding = 4; lastKnownFileType = sourcecode.c.h; name = WiflyControlException.h; path = ../../library/WiflyControlException.h; sourceTree = "<group>"; };
		5C8395D617EB61B4007EF0C6 /* WiflyControlNoThrow.cpp */ = {isa = PBXFileReference; fileEncoding = 4; lastKnownFileType = sourcecode.cpp.cpp; name = WiflyControlNoThrow.cpp; path = ../../library/WiflyControlNoThrow.cpp; sourceTree = "<group>"; xcLanguageSpecificationIdentifier = xcode.lang.cpp; };
		5C8395D717EB61B4007EF0C6 /* WiflyControlNoThrow.h */ = {isa = PBXFileReference; fileEncoding = 4; lastKnownFileType = sourcecode.c.h; name = WiflyControlNoThrow.h; path = ../../library/WiflyControlNoThrow.h; sourceTree = "<group>"; };
		5C8395E717EB651D007EF0C6 /* NWConnectionTBC.h */ = {isa = PBXFileReference; fileEncoding = 4; lastKnownFileType = sourcecode.c.h; name = NWConnectionTBC.h; path = ViewController/NWConnectionTBC.h; sourceTree = "<group>"; };
		5C8395E817EB651D007EF0C6 /* NWConnectionTBC.mm */ = {isa = PBXFileReference; fileEncoding = 4; lastKnownFileType = sourcecode.cpp.objcpp; name = NWConnectionTBC.mm; path = ViewController/NWConnectionTBC.mm; sourceTree = "<group>"; };
		5C8395EA17EB6721007EF0C6 /* NWDefaultColorPickerViewController.h */ = {isa = PBXFileReference; fileEncoding = 4; lastKnownFileType = sourcecode.c.h; name = NWDefaultColorPickerViewController.h; path = ViewController/NWDefaultColorPickerViewController.h; sourceTree = "<group>"; };
		5C8395EB17EB6721007EF0C6 /* NWDefaultColorPickerViewController.m */ = {isa = PBXFileReference; fileEncoding = 4; lastKnownFileType = sourcecode.c.objc; name = NWDefaultColorPickerViewController.m; path = ViewController/NWDefaultColorPickerViewController.m; sourceTree = "<group>"; };
		5C8395EC17EB6721007EF0C6 /* NWColorPickerViewController.h */ = {isa = PBXFileReference; fileEncoding = 4; lastKnownFileType = sourcecode.c.h; name = NWColorPickerViewController.h; path = ViewController/NWColorPickerViewController.h; sourceTree = "<group>"; };
		5C8395ED17EB6721007EF0C6 /* NWColorPickerViewController.m */ = {isa = PBXFileReference; fileEncoding = 4; lastKnownFileType = sourcecode.c.objc; name = NWColorPickerViewController.m; path = ViewController/NWColorPickerViewController.m; sourceTree = "<group>"; };
		5C83961517EB6C00007EF0C6 /* checkerboard.png */ = {isa = PBXFileReference; lastKnownFileType = image.png; path = checkerboard.png; sourceTree = "<group>"; };
		5C83961617EB6C00007EF0C6 /* checkerboard@2x.png */ = {isa = PBXFileReference; lastKnownFileType = image.png; path = "checkerboard@2x.png"; sourceTree = "<group>"; };
		5C83961717EB6C00007EF0C6 /* colorPickerKnob.png */ = {isa = PBXFileReference; lastKnownFileType = image.png; path = colorPickerKnob.png; sourceTree = "<group>"; };
		5C83961817EB6C00007EF0C6 /* colorPickerKnob@2x.png */ = {isa = PBXFileReference; lastKnownFileType = image.png; path = "colorPickerKnob@2x.png"; sourceTree = "<group>"; };
		5C83961917EB6C00007EF0C6 /* HSV.c */ = {isa = PBXFileReference; fileEncoding = 4; lastKnownFileType = sourcecode.c.c; path = HSV.c; sourceTree = "<group>"; };
		5C83961A17EB6C00007EF0C6 /* HSV.h */ = {isa = PBXFileReference; fileEncoding = 4; lastKnownFileType = sourcecode.c.h; path = HSV.h; sourceTree = "<group>"; };
		5C83961B17EB6C00007EF0C6 /* KZColorPicker.h */ = {isa = PBXFileReference; fileEncoding = 4; lastKnownFileType = sourcecode.c.h; path = KZColorPicker.h; sourceTree = "<group>"; };
		5C83961C17EB6C00007EF0C6 /* KZColorPicker.m */ = {isa = PBXFileReference; fileEncoding = 4; lastKnownFileType = sourcecode.c.objc; path = KZColorPicker.m; sourceTree = "<group>"; };
		5C83961F17EB6C00007EF0C6 /* KZColorPickerBrightnessSlider.h */ = {isa = PBXFileReference; fileEncoding = 4; lastKnownFileType = sourcecode.c.h; path = KZColorPickerBrightnessSlider.h; sourceTree = "<group>"; };
		5C83962017EB6C00007EF0C6 /* KZColorPickerBrightnessSlider.m */ = {isa = PBXFileReference; fileEncoding = 4; lastKnownFileType = sourcecode.c.objc; path = KZColorPickerBrightnessSlider.m; sourceTree = "<group>"; };
		5C83962117EB6C00007EF0C6 /* KZColorPickerHSWheel.h */ = {isa = PBXFileReference; fileEncoding = 4; lastKnownFileType = sourcecode.c.h; path = KZColorPickerHSWheel.h; sourceTree = "<group>"; };
		5C83962217EB6C00007EF0C6 /* KZColorPickerHSWheel.m */ = {isa = PBXFileReference; fileEncoding = 4; lastKnownFileType = sourcecode.c.objc; path = KZColorPickerHSWheel.m; sourceTree = "<group>"; };
		5C83962317EB6C00007EF0C6 /* KZColorPickerSwatchView.h */ = {isa = PBXFileReference; fileEncoding = 4; lastKnownFileType = sourcecode.c.h; path = KZColorPickerSwatchView.h; sourceTree = "<group>"; };
		5C83962417EB6C00007EF0C6 /* KZColorPickerSwatchView.m */ = {isa = PBXFileReference; fileEncoding = 4; lastKnownFileType = sourcecode.c.objc; path = KZColorPickerSwatchView.m; sourceTree = "<group>"; };
		5C83962517EB6C00007EF0C6 /* KZUnitSlider.h */ = {isa = PBXFileReference; fileEncoding = 4; lastKnownFileType = sourcecode.c.h; path = KZUnitSlider.h; sourceTree = "<group>"; };
		5C83962617EB6C00007EF0C6 /* KZUnitSlider.m */ = {isa = PBXFileReference; fileEncoding = 4; lastKnownFileType = sourcecode.c.objc; path = KZUnitSlider.m; sourceTree = "<group>"; };
		5C83962717EB6C00007EF0C6 /* pickerColorWheel.png */ = {isa = PBXFileReference; lastKnownFileType = image.png; path = pickerColorWheel.png; sourceTree = "<group>"; };
		5C83962817EB6C00007EF0C6 /* pickerColorWheel@2x.png */ = {isa = PBXFileReference; lastKnownFileType = image.png; path = "pickerColorWheel@2x.png"; sourceTree = "<group>"; };
		5C83962917EB6C00007EF0C6 /* UIColor-Expanded.h */ = {isa = PBXFileReference; fileEncoding = 4; lastKnownFileType = sourcecode.c.h; path = "UIColor-Expanded.h"; sourceTree = "<group>"; };
		5C83962A17EB6C00007EF0C6 /* UIColor-Expanded.m */ = {isa = PBXFileReference; fileEncoding = 4; lastKnownFileType = sourcecode.c.objc; path = "UIColor-Expanded.m"; sourceTree = "<group>"; };
		5C83963917EC542E007EF0C6 /* NWBrightnessViewController.h */ = {isa = PBXFileReference; fileEncoding = 4; lastKnownFileType = sourcecode.c.h; name = NWBrightnessViewController.h; path = ViewController/NWBrightnessViewController.h; sourceTree = "<group>"; };
		5C83963A17EC542E007EF0C6 /* NWBrightnessViewController.m */ = {isa = PBXFileReference; fileEncoding = 4; lastKnownFileType = sourcecode.c.objc; name = NWBrightnessViewController.m; path = ViewController/NWBrightnessViewController.m; sourceTree = "<group>"; };
		5C83963C17EC5E3E007EF0C6 /* NWAddNewTargetConfigureViewController.h */ = {isa = PBXFileReference; fileEncoding = 4; lastKnownFileType = sourcecode.c.h; name = NWAddNewTargetConfigureViewController.h; path = NewTargetGuide/NWAddNewTargetConfigureViewController.h; sourceTree = "<group>"; };
		5C83963D17EC5E3E007EF0C6 /* NWAddNewTargetConfigureViewController.m */ = {isa = PBXFileReference; fileEncoding = 4; lastKnownFileType = sourcecode.c.objc; name = NWAddNewTargetConfigureViewController.m; path = NewTargetGuide/NWAddNewTargetConfigureViewController.m; sourceTree = "<group>"; };
		5C83963E17EC5E3E007EF0C6 /* NWAddNewTargetGuideViewController.h */ = {isa = PBXFileReference; fileEncoding = 4; lastKnownFileType = sourcecode.c.h; name = NWAddNewTargetGuideViewController.h; path = NewTargetGuide/NWAddNewTargetGuideViewController.h; sourceTree = "<group>"; };
		5C83963F17EC5E3E007EF0C6 /* NWAddNewTargetGuideViewController.m */ = {isa = PBXFileReference; fileEncoding = 4; lastKnownFileType = sourcecode.c.objc; name = NWAddNewTargetGuideViewController.m; path = NewTargetGuide/NWAddNewTargetGuideViewController.m; sourceTree = "<group>"; };
		5C83964417EC5E9A007EF0C6 /* NWAddNewTargetGuideView.h */ = {isa = PBXFileReference; fileEncoding = 4; lastKnownFileType = sourcecode.c.h; path = NWAddNewTargetGuideView.h; sourceTree = "<group>"; };
		5C83964517EC5E9A007EF0C6 /* NWAddNewTargetGuideView.m */ = {isa = PBXFileReference; fileEncoding = 4; lastKnownFileType = sourcecode.c.objc; path = NWAddNewTargetGuideView.m; sourceTree = "<group>"; };
		5C90B38F17EF56A000BAC74F /* ALRadialButton.h */ = {isa = PBXFileReference; fileEncoding = 4; lastKnownFileType = sourcecode.c.h; name = ALRadialButton.h; path = RadialMenu/ALRadialButton.h; sourceTree = "<group>"; };
		5C90B39017EF56A000BAC74F /* ALRadialButton.m */ = {isa = PBXFileReference; fileEncoding = 4; lastKnownFileType = sourcecode.c.objc; name = ALRadialButton.m; path = RadialMenu/ALRadialButton.m; sourceTree = "<group>"; };
		5C90B39117EF56A000BAC74F /* ALRadialMenu.h */ = {isa = PBXFileReference; fileEncoding = 4; lastKnownFileType = sourcecode.c.h; name = ALRadialMenu.h; path = RadialMenu/ALRadialMenu.h; sourceTree = "<group>"; };
		5C90B39217EF56A000BAC74F /* ALRadialMenu.m */ = {isa = PBXFileReference; fileEncoding = 4; lastKnownFileType = sourcecode.c.objc; name = ALRadialMenu.m; path = RadialMenu/ALRadialMenu.m; sourceTree = "<group>"; };
		5C90B39617EF56F300BAC74F /* NWScriptObjectView.h */ = {isa = PBXFileReference; fileEncoding = 4; lastKnownFileType = sourcecode.c.h; path = NWScriptObjectView.h; sourceTree = "<group>"; };
		5C90B39717EF56F300BAC74F /* NWScriptObjectView.m */ = {isa = PBXFileReference; fileEncoding = 4; lastKnownFileType = sourcecode.c.objc; path = NWScriptObjectView.m; sourceTree = "<group>"; };
		5C90B39817EF56F300BAC74F /* NWScriptObjectControl.h */ = {isa = PBXFileReference; fileEncoding = 4; lastKnownFileType = sourcecode.c.h; path = NWScriptObjectControl.h; sourceTree = "<group>"; };
		5C90B39917EF56F300BAC74F /* NWScriptObjectControl.m */ = {isa = PBXFileReference; fileEncoding = 4; lastKnownFileType = sourcecode.c.objc; path = NWScriptObjectControl.m; sourceTree = "<group>"; };
		5C90B39C17EF572400BAC74F /* NWGradientView.h */ = {isa = PBXFileReference; fileEncoding = 4; lastKnownFileType = sourcecode.c.h; path = NWGradientView.h; sourceTree = "<group>"; };
		5C90B39D17EF572400BAC74F /* NWGradientView.m */ = {isa = PBXFileReference; fileEncoding = 4; lastKnownFileType = sourcecode.c.objc; path = NWGradientView.m; sourceTree = "<group>"; };
		5C90B3A217F2EB7A00BAC74F /* NWTimeInfoView.h */ = {isa = PBXFileReference; fileEncoding = 4; lastKnownFileType = sourcecode.c.h; path = NWTimeInfoView.h; sourceTree = "<group>"; };
		5C90B3A317F2EB7A00BAC74F /* NWTimeInfoView.m */ = {isa = PBXFileReference; fileEncoding = 4; lastKnownFileType = sourcecode.c.objc; path = NWTimeInfoView.m; sourceTree = "<group>"; };
		5C90B3AD17F3714B00BAC74F /* NWScriptView.h */ = {isa = PBXFileReference; fileEncoding = 4; lastKnownFileType = sourcecode.c.h; name = NWScriptView.h; path = Script/NWScriptView.h; sourceTree = "<group>"; };
		5C90B3AE17F3714B00BAC74F /* NWScriptView.m */ = {isa = PBXFileReference; fileEncoding = 4; lastKnownFileType = sourcecode.c.objc; name = NWScriptView.m; path = Script/NWScriptView.m; sourceTree = "<group>"; };
		5C90B3B117F3714B00BAC74F /* NWScriptViewController.h */ = {isa = PBXFileReference; fileEncoding = 4; lastKnownFileType = sourcecode.c.h; name = NWScriptViewController.h; path = Script/NWScriptViewController.h; sourceTree = "<group>"; };
		5C90B3B217F3714B00BAC74F /* NWScriptViewController.m */ = {isa = PBXFileReference; fileEncoding = 4; lastKnownFileType = sourcecode.c.objc; name = NWScriptViewController.m; path = Script/NWScriptViewController.m; sourceTree = "<group>"; };
		5CD991F9180095CA003C4F99 /* iCarousel.h */ = {isa = PBXFileReference; fileEncoding = 4; lastKnownFileType = sourcecode.c.h; path = iCarousel.h; sourceTree = "<group>"; };
		5CD991FA180095CA003C4F99 /* iCarousel.m */ = {isa = PBXFileReference; fileEncoding = 4; lastKnownFileType = sourcecode.c.objc; path = iCarousel.m; sourceTree = "<group>"; };
		5CD991FC1803FDA5003C4F99 /* TouchAndHoldButton.h */ = {isa = PBXFileReference; fileEncoding = 4; lastKnownFileType = sourcecode.c.h; path = TouchAndHoldButton.h; sourceTree = "<group>"; };
		5CD991FD1803FDA5003C4F99 /* TouchAndHoldButton.m */ = {isa = PBXFileReference; fileEncoding = 4; lastKnownFileType = sourcecode.c.objc; path = TouchAndHoldButton.m; sourceTree = "<group>"; };
		5CD991FF1804A5CD003C4F99 /* NWAppInfoViewController.h */ = {isa = PBXFileReference; fileEncoding = 4; lastKnownFileType = sourcecode.c.h; name = NWAppInfoViewController.h; path = ViewController/NWAppInfoViewController.h; sourceTree = "<group>"; };
		5CD992001804A5CD003C4F99 /* NWAppInfoViewController.m */ = {isa = PBXFileReference; fileEncoding = 4; lastKnownFileType = sourcecode.c.objc; name = NWAppInfoViewController.m; path = ViewController/NWAppInfoViewController.m; sourceTree = "<group>"; };
		5CDE707818094BF80032D2F0 /* NWTimeValueEditView.h */ = {isa = PBXFileReference; fileEncoding = 4; lastKnownFileType = sourcecode.c.h; path = NWTimeValueEditView.h; sourceTree = "<group>"; };
		5CDE707918094BF80032D2F0 /* NWTimeValueEditView.m */ = {isa = PBXFileReference; fileEncoding = 4; lastKnownFileType = sourcecode.c.objc; path = NWTimeValueEditView.m; sourceTree = "<group>"; };
		5CDE707B180987B40032D2F0 /* NWComplexScriptCommandEditorViewController.h */ = {isa = PBXFileReference; fileEncoding = 4; lastKnownFileType = sourcecode.c.h; name = NWComplexScriptCommandEditorViewController.h; path = ViewController/NWComplexScriptCommandEditorViewController.h; sourceTree = "<group>"; };
		5CDE707C180987B40032D2F0 /* NWComplexScriptCommandEditorViewController.m */ = {isa = PBXFileReference; fileEncoding = 4; lastKnownFileType = sourcecode.c.objc; name = NWComplexScriptCommandEditorViewController.m; path = ViewController/NWComplexScriptCommandEditorViewController.m; sourceTree = "<group>"; };
		5CDE707E1809A7CA0032D2F0 /* NWGradientEditView.h */ = {isa = PBXFileReference; fileEncoding = 4; lastKnownFileType = sourcecode.c.h; path = NWGradientEditView.h; sourceTree = "<group>"; };
		5CDE707F1809A7CA0032D2F0 /* NWGradientEditView.m */ = {isa = PBXFileReference; fileEncoding = 4; lastKnownFileType = sourcecode.c.objc; path = NWGradientEditView.m; sourceTree = "<group>"; };
		5CDE7081180A82310032D2F0 /* NWFadeEditView.h */ = {isa = PBXFileReference; fileEncoding = 4; lastKnownFileType = sourcecode.c.h; path = NWFadeEditView.h; sourceTree = "<group>"; };
		5CDE7082180A82310032D2F0 /* NWFadeEditView.m */ = {isa = PBXFileReference; fileEncoding = 4; lastKnownFileType = sourcecode.c.objc; path = NWFadeEditView.m; sourceTree = "<group>"; };
		5CDE7084180A8F1F0032D2F0 /* NWColorEditView.h */ = {isa = PBXFileReference; fileEncoding = 4; lastKnownFileType = sourcecode.c.h; path = NWColorEditView.h; sourceTree = "<group>"; };
		5CDE7085180A8F1F0032D2F0 /* NWColorEditView.m */ = {isa = PBXFileReference; fileEncoding = 4; lastKnownFileType = sourcecode.c.objc; path = NWColorEditView.m; sourceTree = "<group>"; };
		C000EE73182D6BA000019267 /* CoreData.framework */ = {isa = PBXFileReference; lastKnownFileType = wrapper.framework; name = CoreData.framework; path = System/Library/Frameworks/CoreData.framework; sourceTree = SDKROOT; };
		C000EE75182D6C8500019267 /* Script+defaultScripts.h */ = {isa = PBXFileReference; fileEncoding = 4; lastKnownFileType = sourcecode.c.h; path = "Script+defaultScripts.h"; sourceTree = "<group>"; };
		C000EE76182D6C8500019267 /* Script+defaultScripts.m */ = {isa = PBXFileReference; fileEncoding = 4; lastKnownFileType = sourcecode.c.objc; path = "Script+defaultScripts.m"; sourceTree = "<group>"; };
		C00DD4C11826C3EB00D17088 /* Model.xcdatamodel */ = {isa = PBXFileReference; lastKnownFileType = wrapper.xcdatamodel; path = Model.xcdatamodel; sourceTree = "<group>"; };
		C025019E1840EFE600BB996D /* StartupManager.cpp */ = {isa = PBXFileReference; fileEncoding = 4; lastKnownFileType = sourcecode.cpp.cpp; name = StartupManager.cpp; path = ../../library/StartupManager.cpp; sourceTree = "<group>"; };
		C025019F1840EFE600BB996D /* StartupManager.h */ = {isa = PBXFileReference; fileEncoding = 4; lastKnownFileType = sourcecode.c.h; name = StartupManager.h; path = ../../library/StartupManager.h; sourceTree = "<group>"; tabWidth = 4; usesTabs = 1; wrapsLines = 1; };
		C03444B0184263C500B1E91F /* Aller_Std_Rg.ttf */ = {isa = PBXFileReference; lastKnownFileType = file; path = Aller_Std_Rg.ttf; sourceTree = "<group>"; };
		C03444BC18433F0100B1E91F /* Aller_Std_Bd.ttf */ = {isa = PBXFileReference; lastKnownFileType = file; path = Aller_Std_Bd.ttf; sourceTree = "<group>"; };
		C03444BD18433F0100B1E91F /* Aller_Std_BdIt.ttf */ = {isa = PBXFileReference; lastKnownFileType = file; path = Aller_Std_BdIt.ttf; sourceTree = "<group>"; };
		C03444BE18433F0100B1E91F /* Aller_Std_It.ttf */ = {isa = PBXFileReference; lastKnownFileType = file; path = Aller_Std_It.ttf; sourceTree = "<group>"; };
		C03444BF18433F0100B1E91F /* Aller_Std_Lt.ttf */ = {isa = PBXFileReference; lastKnownFileType = file; path = Aller_Std_Lt.ttf; sourceTree = "<group>"; };
		C03444C018433F0100B1E91F /* Aller_Std_LtIt.ttf */ = {isa = PBXFileReference; lastKnownFileType = file; path = Aller_Std_LtIt.ttf; sourceTree = "<group>"; };
		C03444C718437A3B00B1E91F /* de */ = {isa = PBXFileReference; lastKnownFileType = text.plist.strings; name = de; path = de.lproj/Main.strings; sourceTree = "<group>"; };
		C044BB7D1823AAC70097151D /* de */ = {isa = PBXFileReference; lastKnownFileType = text.plist.strings; name = de; path = de.lproj/InfoPlist.strings; sourceTree = "<group>"; };
		C044BB7E1823AAC70097151D /* de */ = {isa = PBXFileReference; lastKnownFileType = text.plist.strings; name = de; path = de.lproj/InfoPlist.strings; sourceTree = "<group>"; };
		C044BB8B1823AEDA0097151D /* Base */ = {isa = PBXFileReference; lastKnownFileType = text.plist.strings; name = Base; path = Base.lproj/defaultScriptsLocalization.strings; sourceTree = "<group>"; };
		C044BB8D1823AEE00097151D /* de */ = {isa = PBXFileReference; lastKnownFileType = text.plist.strings; name = de; path = de.lproj/defaultScriptsLocalization.strings; sourceTree = "<group>"; };
		C044BB911823B4800097151D /* Base */ = {isa = PBXFileReference; lastKnownFileType = text.plist.strings; name = Base; path = Base.lproj/ScriptObjectEditViewsLocalization.strings; sourceTree = "<group>"; };
		C044BB931823B4860097151D /* de */ = {isa = PBXFileReference; lastKnownFileType = text.plist.strings; name = de; path = de.lproj/ScriptObjectEditViewsLocalization.strings; sourceTree = "<group>"; };
		C044BB971823B6750097151D /* Base */ = {isa = PBXFileReference; lastKnownFileType = text.plist.strings; name = Base; path = Base.lproj/ViewControllerLocalization.strings; sourceTree = "<group>"; };
		C044BB991823B6770097151D /* de */ = {isa = PBXFileReference; lastKnownFileType = text.plist.strings; name = de; path = de.lproj/ViewControllerLocalization.strings; sourceTree = "<group>"; };
		C04A34751826EDA600745BC3 /* Gradient.h */ = {isa = PBXFileReference; fileEncoding = 4; lastKnownFileType = sourcecode.c.h; path = Gradient.h; sourceTree = "<group>"; };
		C04A34761826EDA600745BC3 /* Gradient.mm */ = {isa = PBXFileReference; fileEncoding = 4; lastKnownFileType = sourcecode.cpp.objcpp; path = Gradient.mm; sourceTree = "<group>"; };
		C04A34811826F0FD00745BC3 /* Fade.h */ = {isa = PBXFileReference; fileEncoding = 4; lastKnownFileType = sourcecode.c.h; path = Fade.h; sourceTree = "<group>"; };
		C0738542183A9C470032FCFE /* NWEffectEnableEditView.h */ = {isa = PBXFileReference; fileEncoding = 4; lastKnownFileType = sourcecode.c.h; path = NWEffectEnableEditView.h; sourceTree = "<group>"; };
		C0738543183A9C470032FCFE /* NWEffectEnableEditView.m */ = {isa = PBXFileReference; fileEncoding = 4; lastKnownFileType = sourcecode.c.objc; path = NWEffectEnableEditView.m; sourceTree = "<group>"; };
		C0738545183BCC160032FCFE /* UIView+setEnable.h */ = {isa = PBXFileReference; fileEncoding = 4; lastKnownFileType = sourcecode.c.h; path = "UIView+setEnable.h"; sourceTree = "<group>"; };
		C0738546183BCC160032FCFE /* UIView+setEnable.m */ = {isa = PBXFileReference; fileEncoding = 4; lastKnownFileType = sourcecode.c.objc; path = "UIView+setEnable.m"; sourceTree = "<group>"; };
		C074FE2E1848A8A2007A1ADC /* Script+serialization.h */ = {isa = PBXFileReference; fileEncoding = 4; lastKnownFileType = sourcecode.c.h; path = "Script+serialization.h"; sourceTree = "<group>"; };
		C074FE2F1848A8A2007A1ADC /* Script+serialization.mm */ = {isa = PBXFileReference; fileEncoding = 4; lastKnownFileType = sourcecode.cpp.objcpp; path = "Script+serialization.mm"; sourceTree = "<group>"; };
		C074FE311848ABB0007A1ADC /* UIColor+argbValue.h */ = {isa = PBXFileReference; fileEncoding = 4; lastKnownFileType = sourcecode.c.h; path = "UIColor+argbValue.h"; sourceTree = "<group>"; };
		C074FE321848ABB0007A1ADC /* UIColor+argbValue.mm */ = {isa = PBXFileReference; fileEncoding = 4; lastKnownFileType = sourcecode.cpp.objcpp; path = "UIColor+argbValue.mm"; sourceTree = "<group>"; };
		C074FE341848E38F007A1ADC /* WyLight_64.png */ = {isa = PBXFileReference; lastKnownFileType = image.png; path = WyLight_64.png; sourceTree = "<group>"; };
		C0878B491834CF460085FF04 /* ComplexEffect.h */ = {isa = PBXFileReference; fileEncoding = 4; lastKnownFileType = sourcecode.c.h; path = ComplexEffect.h; sourceTree = "<group>"; };
		C0878B4A1834CF460085FF04 /* ComplexEffect.m */ = {isa = PBXFileReference; fileEncoding = 4; lastKnownFileType = sourcecode.c.objc; path = ComplexEffect.m; sourceTree = "<group>"; };
		C0878B52183630E00085FF04 /* NWEffectDrawer.h */ = {isa = PBXFileReference; fileEncoding = 4; lastKnownFileType = sourcecode.c.h; path = NWEffectDrawer.h; sourceTree = "<group>"; };
		C0878B53183630E00085FF04 /* NWEffectDrawer.m */ = {isa = PBXFileReference; fileEncoding = 4; lastKnownFileType = sourcecode.c.objc; path = NWEffectDrawer.m; sourceTree = "<group>"; };
		C08D5DA8181166BF00A73801 /* NWScriptFolderViewController.h */ = {isa = PBXFileReference; fileEncoding = 4; lastKnownFileType = sourcecode.c.h; name = NWScriptFolderViewController.h; path = Script/NWScriptFolderViewController.h; sourceTree = "<group>"; };
		C08D5DA9181166BF00A73801 /* NWScriptFolderViewController.m */ = {isa = PBXFileReference; fileEncoding = 4; lastKnownFileType = sourcecode.c.objc; name = NWScriptFolderViewController.m; path = Script/NWScriptFolderViewController.m; sourceTree = "<group>"; };
		C0A3AD3018437DFB00007640 /* Effect.h */ = {isa = PBXFileReference; fileEncoding = 4; lastKnownFileType = sourcecode.c.h; path = Effect.h; sourceTree = "<group>"; };
		C0A3AD3118437DFB00007640 /* Effect.m */ = {isa = PBXFileReference; fileEncoding = 4; lastKnownFileType = sourcecode.c.objc; path = Effect.m; sourceTree = "<group>"; };
		C0A3AD33184381F900007640 /* Script.h */ = {isa = PBXFileReference; fileEncoding = 4; lastKnownFileType = sourcecode.c.h; path = Script.h; sourceTree = "<group>"; };
		C0A3AD34184381F900007640 /* Script.m */ = {isa = PBXFileReference; fileEncoding = 4; lastKnownFileType = sourcecode.c.objc; path = Script.m; sourceTree = "<group>"; };
		C0E10EC218142B240009CF3C /* UIImage+ImageEffects.h */ = {isa = PBXFileReference; fileEncoding = 4; lastKnownFileType = sourcecode.c.h; path = "UIImage+ImageEffects.h"; sourceTree = "<group>"; };
		C0E10EC318142B240009CF3C /* UIImage+ImageEffects.m */ = {isa = PBXFileReference; fileEncoding = 4; lastKnownFileType = sourcecode.c.objc; path = "UIImage+ImageEffects.m"; sourceTree = "<group>"; };
		C0E10EC81814FF440009CF3C /* UIView+Quivering.h */ = {isa = PBXFileReference; fileEncoding = 4; lastKnownFileType = sourcecode.c.h; path = "UIView+Quivering.h"; sourceTree = "<group>"; };
		C0E10EC91814FF440009CF3C /* UIView+Quivering.m */ = {isa = PBXFileReference; fileEncoding = 4; lastKnownFileType = sourcecode.c.objc; path = "UIView+Quivering.m"; sourceTree = "<group>"; };
		C0E6047C18219B250049C7EC /* NWRenderableScriptImageView.h */ = {isa = PBXFileReference; fileEncoding = 4; lastKnownFileType = sourcecode.c.h; path = NWRenderableScriptImageView.h; sourceTree = "<group>"; };
		C0E6047D18219B250049C7EC /* NWRenderableScriptImageView.m */ = {isa = PBXFileReference; fileEncoding = 4; lastKnownFileType = sourcecode.c.objc; path = NWRenderableScriptImageView.m; sourceTree = "<group>"; };
		C0E67BCD1826D28600056E7C /* Command.h */ = {isa = PBXFileReference; fileEncoding = 4; lastKnownFileType = sourcecode.c.h; path = Command.h; sourceTree = "<group>"; };
		C0E67BCE1826D28600056E7C /* Command.m */ = {isa = PBXFileReference; fileEncoding = 4; lastKnownFileType = sourcecode.c.objc; path = Command.m; sourceTree = "<group>"; };
		C0E67BD11826D59B00056E7C /* Fade.mm */ = {isa = PBXFileReference; explicitFileType = sourcecode.cpp.objcpp; fileEncoding = 4; path = Fade.mm; sourceTree = "<group>"; };
		C0E67BD91826D75300056E7C /* SimpelEffect.h */ = {isa = PBXFileReference; fileEncoding = 4; lastKnownFileType = sourcecode.c.h; path = SimpelEffect.h; sourceTree = "<group>"; };
		C0E67BDA1826D75300056E7C /* SimpelEffect.m */ = {isa = PBXFileReference; fileEncoding = 4; lastKnownFileType = sourcecode.c.objc; path = SimpelEffect.m; sourceTree = "<group>"; };
/* End PBXFileReference section */

/* Begin PBXFrameworksBuildPhase section */
		5C83957317EB6138007EF0C6 /* Frameworks */ = {
			isa = PBXFrameworksBuildPhase;
			buildActionMask = 2147483647;
			files = (
				C000EE74182D6BA000019267 /* CoreData.framework in Frameworks */,
				5C20B13B17F442B9001A67C7 /* QuartzCore.framework in Frameworks */,
				5C83957C17EB6138007EF0C6 /* CoreGraphics.framework in Frameworks */,
				5C83957E17EB6138007EF0C6 /* UIKit.framework in Frameworks */,
				5C83957A17EB6138007EF0C6 /* Foundation.framework in Frameworks */,
			);
			runOnlyForDeploymentPostprocessing = 0;
		};
		5C83959417EB6138007EF0C6 /* Frameworks */ = {
			isa = PBXFrameworksBuildPhase;
			buildActionMask = 2147483647;
			files = (
				5C83959917EB6138007EF0C6 /* XCTest.framework in Frameworks */,
				5C83959B17EB6138007EF0C6 /* UIKit.framework in Frameworks */,
				5C83959A17EB6138007EF0C6 /* Foundation.framework in Frameworks */,
			);
			runOnlyForDeploymentPostprocessing = 0;
		};
/* End PBXFrameworksBuildPhase section */

/* Begin PBXGroup section */
		5C12FAB417FF293F00E4E65D /* Script */ = {
			isa = PBXGroup;
			children = (
				5CD991F9180095CA003C4F99 /* iCarousel.h */,
				5CD991FA180095CA003C4F99 /* iCarousel.m */,
				5C90B3B117F3714B00BAC74F /* NWScriptViewController.h */,
				5C90B3B217F3714B00BAC74F /* NWScriptViewController.m */,
				5C90B3AD17F3714B00BAC74F /* NWScriptView.h */,
				5C90B3AE17F3714B00BAC74F /* NWScriptView.m */,
				5CDE707B180987B40032D2F0 /* NWComplexScriptCommandEditorViewController.h */,
				5CDE707C180987B40032D2F0 /* NWComplexScriptCommandEditorViewController.m */,
				C08D5DA8181166BF00A73801 /* NWScriptFolderViewController.h */,
				C08D5DA9181166BF00A73801 /* NWScriptFolderViewController.m */,
			);
			name = Script;
			sourceTree = "<group>";
		};
		5C35FEF317EF4F9400E3DE0D /* CommandModel */ = {
			isa = PBXGroup;
			children = (
				C04A34751826EDA600745BC3 /* Gradient.h */,
				C04A34761826EDA600745BC3 /* Gradient.mm */,
				C00DD4C01826C3EB00D17088 /* Model.xcdatamodeld */,
				C0A3AD33184381F900007640 /* Script.h */,
				C074FE2E1848A8A2007A1ADC /* Script+serialization.h */,
				C074FE2F1848A8A2007A1ADC /* Script+serialization.mm */,
				C0A3AD34184381F900007640 /* Script.m */,
				C0A3AD3018437DFB00007640 /* Effect.h */,
				C0A3AD3118437DFB00007640 /* Effect.m */,
				C0878B491834CF460085FF04 /* ComplexEffect.h */,
				C0878B4A1834CF460085FF04 /* ComplexEffect.m */,
				C04A34811826F0FD00745BC3 /* Fade.h */,
				C0E67BD11826D59B00056E7C /* Fade.mm */,
				C074FE311848ABB0007A1ADC /* UIColor+argbValue.h */,
				C074FE321848ABB0007A1ADC /* UIColor+argbValue.mm */,
				C000EE75182D6C8500019267 /* Script+defaultScripts.h */,
				C000EE76182D6C8500019267 /* Script+defaultScripts.m */,
				C0E67BD91826D75300056E7C /* SimpelEffect.h */,
				C0E67BDA1826D75300056E7C /* SimpelEffect.m */,
				C0E67BCD1826D28600056E7C /* Command.h */,
				C0E67BCE1826D28600056E7C /* Command.m */,
				C0878B52183630E00085FF04 /* NWEffectDrawer.h */,
				C0878B53183630E00085FF04 /* NWEffectDrawer.m */,
			);
			path = CommandModel;
			sourceTree = "<group>";
		};
		5C83956D17EB6138007EF0C6 = {
			isa = PBXGroup;
			children = (
				5C83957F17EB6138007EF0C6 /* WyLight */,
				5C83959E17EB6138007EF0C6 /* WyLightTests */,
				5C83957817EB6138007EF0C6 /* Frameworks */,
				5C83957717EB6138007EF0C6 /* Products */,
			);
			sourceTree = "<group>";
		};
		5C83957717EB6138007EF0C6 /* Products */ = {
			isa = PBXGroup;
			children = (
				5C83957617EB6138007EF0C6 /* WyLight.app */,
				5C83959717EB6138007EF0C6 /* WyLightTests.xctest */,
			);
			name = Products;
			sourceTree = "<group>";
		};
		5C83957817EB6138007EF0C6 /* Frameworks */ = {
			isa = PBXGroup;
			children = (
				C000EE73182D6BA000019267 /* CoreData.framework */,
				5C20B13A17F442B9001A67C7 /* QuartzCore.framework */,
				5C83957917EB6138007EF0C6 /* Foundation.framework */,
				5C83957B17EB6138007EF0C6 /* CoreGraphics.framework */,
				5C83957D17EB6138007EF0C6 /* UIKit.framework */,
				5C83959817EB6138007EF0C6 /* XCTest.framework */,
			);
			name = Frameworks;
			sourceTree = "<group>";
		};
		5C83957F17EB6138007EF0C6 /* WyLight */ = {
			isa = PBXGroup;
			children = (
				C044BB871823ADCD0097151D /* Localization */,
				5C90B39517EF56A700BAC74F /* RadialMenu */,
				5C35FEF317EF4F9400E3DE0D /* CommandModel */,
				5C83964317EC5E8A007EF0C6 /* Views */,
				5C8395E517EB61BF007EF0C6 /* WiflyControlModel */,
				5C8395E617EB62EB007EF0C6 /* ViewControllers */,
				5C83958B17EB6138007EF0C6 /* Main.storyboard */,
				5C83959117EB6138007EF0C6 /* Images.xcassets */,
				5C83958017EB6138007EF0C6 /* Supporting Files */,
			);
			path = WyLight;
			sourceTree = "<group>";
		};
		5C83958017EB6138007EF0C6 /* Supporting Files */ = {
			isa = PBXGroup;
			children = (
				C074FE341848E38F007A1ADC /* WyLight_64.png */,
				5C7488BC17FC2E0C00DB1B22 /* main.hex */,
				5C83958817EB6138007EF0C6 /* NWAppDelegate.h */,
				5C83958917EB6138007EF0C6 /* NWAppDelegate.m */,
				5C83958117EB6138007EF0C6 /* WyLight-Info.plist */,
				C03444C618433F0D00B1E91F /* CustomFont */,
				5C83958217EB6138007EF0C6 /* InfoPlist.strings */,
				5C83958517EB6138007EF0C6 /* main.m */,
				5C83958717EB6138007EF0C6 /* WyLight-Prefix.pch */,
			);
			name = "Supporting Files";
			path = SupportingFiles;
			sourceTree = "<group>";
		};
		5C83959E17EB6138007EF0C6 /* WyLightTests */ = {
			isa = PBXGroup;
			children = (
				5C8395A417EB6138007EF0C6 /* WyLightTests.m */,
				5C83959F17EB6138007EF0C6 /* Supporting Files */,
			);
			path = WyLightTests;
			sourceTree = "<group>";
		};
		5C83959F17EB6138007EF0C6 /* Supporting Files */ = {
			isa = PBXGroup;
			children = (
				5C8395A017EB6138007EF0C6 /* WyLightTests-Info.plist */,
				5C8395A117EB6138007EF0C6 /* InfoPlist.strings */,
			);
			name = "Supporting Files";
			sourceTree = "<group>";
		};
		5C8395E517EB61BF007EF0C6 /* WiflyControlModel */ = {
			isa = PBXGroup;
			children = (
				C025019E1840EFE600BB996D /* StartupManager.cpp */,
				C025019F1840EFE600BB996D /* StartupManager.h */,
				5C7488BB17FC000300DB1B22 /* Version.h */,
				5C8395B117EB61B4007EF0C6 /* WCEndpoint.h */,
				5C8395B217EB61B4007EF0C6 /* WCEndpoint.m */,
				5C8395B317EB61B4007EF0C6 /* Script.cpp */,
				5C8395B417EB61B4007EF0C6 /* Script.h */,
				5C8395B517EB61B4007EF0C6 /* MessageQueue.h */,
				5C8395B617EB61B4007EF0C6 /* crc.c */,
				5C8395B717EB61B4007EF0C6 /* crc.h */,
				5C8395B817EB61B4007EF0C6 /* error.h */,
				5C8395B917EB61B4007EF0C6 /* platform.h */,
				5C8395BA17EB61B4007EF0C6 /* timeval.h */,
				5C8395BB17EB61B4007EF0C6 /* trace.h */,
				5C8395BC17EB61B4007EF0C6 /* wifly_cmd.h */,
				5C8395BD17EB61B4007EF0C6 /* WCBroadcastReceiverWrapper.h */,
				5C8395BE17EB61B4007EF0C6 /* WCBroadcastReceiverWrapper.mm */,
				5C8395BF17EB61B4007EF0C6 /* WCWiflyControlWrapper.h */,
				5C8395C017EB61B4007EF0C6 /* WCWiflyControlWrapper.mm */,
				5C8395C117EB61B4007EF0C6 /* BlRequest.h */,
				5C8395C217EB61B4007EF0C6 /* BroadcastMessage.h */,
				5C8395C317EB61B4007EF0C6 /* BroadcastReceiver.cpp */,
				5C8395C417EB61B4007EF0C6 /* BroadcastReceiver.h */,
				5C8395C517EB61B4007EF0C6 /* ClientSocket.cpp */,
				5C8395C617EB61B4007EF0C6 /* ClientSocket.h */,
				5C8395C717EB61B4007EF0C6 /* ComProxy.cpp */,
				5C8395C817EB61B4007EF0C6 /* ComProxy.h */,
				5C8395C917EB61B4007EF0C6 /* Endpoint.h */,
				5C8395CA17EB61B4007EF0C6 /* FwCommand.h */,
				5C8395CB17EB61B4007EF0C6 /* FwResponse.h */,
				5C8395CC17EB61B4007EF0C6 /* intelhexclass.cpp */,
				5C8395CD17EB61B4007EF0C6 /* intelhexclass.h */,
				5C8395CE17EB61B4007EF0C6 /* MaskBuffer.cpp */,
				5C8395CF17EB61B4007EF0C6 /* MaskBuffer.h */,
				5C8395D017EB61B4007EF0C6 /* TelnetProxy.cpp */,
				5C8395D117EB61B4007EF0C6 /* TelnetProxy.h */,
				5C8395D217EB61B4007EF0C6 /* WiflyColor.h */,
				5C8395D317EB61B4007EF0C6 /* WiflyControl.cpp */,
				5C8395D417EB61B4007EF0C6 /* WiflyControl.h */,
				5C8395D517EB61B4007EF0C6 /* WiflyControlException.h */,
				5C8395D617EB61B4007EF0C6 /* WiflyControlNoThrow.cpp */,
				5C8395D717EB61B4007EF0C6 /* WiflyControlNoThrow.h */,
			);
			name = WiflyControlModel;
			sourceTree = "<group>";
		};
		5C8395E617EB62EB007EF0C6 /* ViewControllers */ = {
			isa = PBXGroup;
			children = (
				5C12FAB417FF293F00E4E65D /* Script */,
				5C83964217EC5E49007EF0C6 /* AddNewTargetGuide */,
				5C83963917EC542E007EF0C6 /* NWBrightnessViewController.h */,
				5C83963A17EC542E007EF0C6 /* NWBrightnessViewController.m */,
				5C8395E717EB651D007EF0C6 /* NWConnectionTBC.h */,
				5C8395E817EB651D007EF0C6 /* NWConnectionTBC.mm */,
				5C8395AE17EB6182007EF0C6 /* NWBroadcastsTVC.h */,
				5C8395AF17EB6197007EF0C6 /* NWBroadcastsTVC.m */,
				5C8395EA17EB6721007EF0C6 /* NWDefaultColorPickerViewController.h */,
				5C8395EB17EB6721007EF0C6 /* NWDefaultColorPickerViewController.m */,
				5C8395EC17EB6721007EF0C6 /* NWColorPickerViewController.h */,
				5C8395ED17EB6721007EF0C6 /* NWColorPickerViewController.m */,
				5C4F56E917EC968E0039ADFF /* NWColorSliderViewController.h */,
				5C4F56EA17EC968E0039ADFF /* NWColorSliderViewController.m */,
				5CD991FF1804A5CD003C4F99 /* NWAppInfoViewController.h */,
				5CD992001804A5CD003C4F99 /* NWAppInfoViewController.m */,
			);
			name = ViewControllers;
			sourceTree = "<group>";
		};
		5C83961417EB677A007EF0C6 /* ColorPicker */ = {
			isa = PBXGroup;
			children = (
				5C83961517EB6C00007EF0C6 /* checkerboard.png */,
				5C83961617EB6C00007EF0C6 /* checkerboard@2x.png */,
				5C83961717EB6C00007EF0C6 /* colorPickerKnob.png */,
				5C83961817EB6C00007EF0C6 /* colorPickerKnob@2x.png */,
				5C83961917EB6C00007EF0C6 /* HSV.c */,
				5C83961A17EB6C00007EF0C6 /* HSV.h */,
				5C83961B17EB6C00007EF0C6 /* KZColorPicker.h */,
				5C83961C17EB6C00007EF0C6 /* KZColorPicker.m */,
				5C83961F17EB6C00007EF0C6 /* KZColorPickerBrightnessSlider.h */,
				5C83962017EB6C00007EF0C6 /* KZColorPickerBrightnessSlider.m */,
				5C83962117EB6C00007EF0C6 /* KZColorPickerHSWheel.h */,
				5C83962217EB6C00007EF0C6 /* KZColorPickerHSWheel.m */,
				5C83962317EB6C00007EF0C6 /* KZColorPickerSwatchView.h */,
				5C83962417EB6C00007EF0C6 /* KZColorPickerSwatchView.m */,
				5C83962517EB6C00007EF0C6 /* KZUnitSlider.h */,
				5C83962617EB6C00007EF0C6 /* KZUnitSlider.m */,
				5C83962717EB6C00007EF0C6 /* pickerColorWheel.png */,
				5C83962817EB6C00007EF0C6 /* pickerColorWheel@2x.png */,
				5C83962917EB6C00007EF0C6 /* UIColor-Expanded.h */,
				5C83962A17EB6C00007EF0C6 /* UIColor-Expanded.m */,
			);
			name = ColorPicker;
			path = ../ColorPicker;
			sourceTree = "<group>";
		};
		5C83964217EC5E49007EF0C6 /* AddNewTargetGuide */ = {
			isa = PBXGroup;
			children = (
				5C83963D17EC5E3E007EF0C6 /* NWAddNewTargetConfigureViewController.m */,
				5C83963C17EC5E3E007EF0C6 /* NWAddNewTargetConfigureViewController.h */,
				5C83963E17EC5E3E007EF0C6 /* NWAddNewTargetGuideViewController.h */,
				5C83963F17EC5E3E007EF0C6 /* NWAddNewTargetGuideViewController.m */,
			);
			name = AddNewTargetGuide;
			sourceTree = "<group>";
		};
		5C83964317EC5E8A007EF0C6 /* Views */ = {
			isa = PBXGroup;
			children = (
				5C83961417EB677A007EF0C6 /* ColorPicker */,
				C0878B5618375E000085FF04 /* SupportingViews */,
				5C90B3A217F2EB7A00BAC74F /* NWTimeInfoView.h */,
				5C90B3A317F2EB7A00BAC74F /* NWTimeInfoView.m */,
				5C90B39C17EF572400BAC74F /* NWGradientView.h */,
				5C90B39D17EF572400BAC74F /* NWGradientView.m */,
				5C90B39617EF56F300BAC74F /* NWScriptObjectView.h */,
				5C90B39717EF56F300BAC74F /* NWScriptObjectView.m */,
				5C83964417EC5E9A007EF0C6 /* NWAddNewTargetGuideView.h */,
				5C83964517EC5E9A007EF0C6 /* NWAddNewTargetGuideView.m */,
				5C12FAB117FF05A000E4E65D /* NWScriptCellView.h */,
				5C12FAB217FF05A000E4E65D /* NWScriptCellView.m */,
				C0878B5518375DE40085FF04 /* ToolkitViews */,
				C0E6047C18219B250049C7EC /* NWRenderableScriptImageView.h */,
				C0E6047D18219B250049C7EC /* NWRenderableScriptImageView.m */,
				C0738545183BCC160032FCFE /* UIView+setEnable.h */,
				C0738546183BCC160032FCFE /* UIView+setEnable.m */,
			);
			path = Views;
			sourceTree = "<group>";
		};
		5C90B39517EF56A700BAC74F /* RadialMenu */ = {
			isa = PBXGroup;
			children = (
				5C90B38F17EF56A000BAC74F /* ALRadialButton.h */,
				5C90B39017EF56A000BAC74F /* ALRadialButton.m */,
				5C90B39117EF56A000BAC74F /* ALRadialMenu.h */,
				5C90B39217EF56A000BAC74F /* ALRadialMenu.m */,
			);
			name = RadialMenu;
			sourceTree = "<group>";
		};
		C03444C618433F0D00B1E91F /* CustomFont */ = {
			isa = PBXGroup;
			children = (
				C03444B0184263C500B1E91F /* Aller_Std_Rg.ttf */,
				C03444BC18433F0100B1E91F /* Aller_Std_Bd.ttf */,
				C03444BD18433F0100B1E91F /* Aller_Std_BdIt.ttf */,
				C03444BE18433F0100B1E91F /* Aller_Std_It.ttf */,
				C03444BF18433F0100B1E91F /* Aller_Std_Lt.ttf */,
				C03444C018433F0100B1E91F /* Aller_Std_LtIt.ttf */,
			);
			name = CustomFont;
			sourceTree = "<group>";
		};
		C044BB871823ADCD0097151D /* Localization */ = {
			isa = PBXGroup;
			children = (
				C044BB8C1823AEDA0097151D /* defaultScriptsLocalization.strings */,
				C044BB921823B4800097151D /* ScriptObjectEditViewsLocalization.strings */,
				C044BB981823B6750097151D /* ViewControllerLocalization.strings */,
			);
			name = Localization;
			sourceTree = "<group>";
		};
		C0878B5518375DE40085FF04 /* ToolkitViews */ = {
			isa = PBXGroup;
			children = (
				5CDE707818094BF80032D2F0 /* NWTimeValueEditView.h */,
				5CDE707918094BF80032D2F0 /* NWTimeValueEditView.m */,
				5CDE707E1809A7CA0032D2F0 /* NWGradientEditView.h */,
				5CDE707F1809A7CA0032D2F0 /* NWGradientEditView.m */,
				5CDE7081180A82310032D2F0 /* NWFadeEditView.h */,
				5CDE7082180A82310032D2F0 /* NWFadeEditView.m */,
				5CDE7084180A8F1F0032D2F0 /* NWColorEditView.h */,
				5CDE7085180A8F1F0032D2F0 /* NWColorEditView.m */,
				C0738542183A9C470032FCFE /* NWEffectEnableEditView.h */,
				C0738543183A9C470032FCFE /* NWEffectEnableEditView.m */,
			);
			name = ToolkitViews;
			sourceTree = "<group>";
		};
		C0878B5618375E000085FF04 /* SupportingViews */ = {
			isa = PBXGroup;
			children = (
				5C90B39817EF56F300BAC74F /* NWScriptObjectControl.h */,
				5C90B39917EF56F300BAC74F /* NWScriptObjectControl.m */,
				C0E10EC218142B240009CF3C /* UIImage+ImageEffects.h */,
				C0E10EC318142B240009CF3C /* UIImage+ImageEffects.m */,
				C0E10EC81814FF440009CF3C /* UIView+Quivering.h */,
				C0E10EC91814FF440009CF3C /* UIView+Quivering.m */,
				5CD991FC1803FDA5003C4F99 /* TouchAndHoldButton.h */,
				5CD991FD1803FDA5003C4F99 /* TouchAndHoldButton.m */,
			);
			name = SupportingViews;
			sourceTree = "<group>";
		};
/* End PBXGroup section */

/* Begin PBXNativeTarget section */
		5C83957517EB6138007EF0C6 /* WyLight */ = {
			isa = PBXNativeTarget;
			buildConfigurationList = 5C8395A817EB6138007EF0C6 /* Build configuration list for PBXNativeTarget "WyLight" */;
			buildPhases = (
				5C83957217EB6138007EF0C6 /* Sources */,
				5C83957317EB6138007EF0C6 /* Frameworks */,
				5C83957417EB6138007EF0C6 /* Resources */,
			);
			buildRules = (
			);
			dependencies = (
			);
			name = WyLight;
			productName = WyLight;
			productReference = 5C83957617EB6138007EF0C6 /* WyLight.app */;
			productType = "com.apple.product-type.application";
		};
		5C83959617EB6138007EF0C6 /* WyLightTests */ = {
			isa = PBXNativeTarget;
			buildConfigurationList = 5C8395AB17EB6138007EF0C6 /* Build configuration list for PBXNativeTarget "WyLightTests" */;
			buildPhases = (
				5C83959317EB6138007EF0C6 /* Sources */,
				5C83959417EB6138007EF0C6 /* Frameworks */,
				5C83959517EB6138007EF0C6 /* Resources */,
			);
			buildRules = (
			);
			dependencies = (
				5C83959D17EB6138007EF0C6 /* PBXTargetDependency */,
			);
			name = WyLightTests;
			productName = WyLightTests;
			productReference = 5C83959717EB6138007EF0C6 /* WyLightTests.xctest */;
			productType = "com.apple.product-type.bundle.unit-test";
		};
/* End PBXNativeTarget section */

/* Begin PBXProject section */
		5C83956E17EB6138007EF0C6 /* Project object */ = {
			isa = PBXProject;
			attributes = {
				CLASSPREFIX = NW;
				LastUpgradeCheck = 0500;
				ORGANIZATIONNAME = "Nils Weiß";
				TargetAttributes = {
					5C83957517EB6138007EF0C6 = {
						DevelopmentTeam = 83JPS232M6;
					};
					5C83959617EB6138007EF0C6 = {
						TestTargetID = 5C83957517EB6138007EF0C6;
					};
				};
			};
			buildConfigurationList = 5C83957117EB6138007EF0C6 /* Build configuration list for PBXProject "WyLight" */;
			compatibilityVersion = "Xcode 3.2";
			developmentRegion = English;
			hasScannedForEncodings = 0;
			knownRegions = (
				en,
				Base,
				de,
			);
			mainGroup = 5C83956D17EB6138007EF0C6;
			productRefGroup = 5C83957717EB6138007EF0C6 /* Products */;
			projectDirPath = "";
			projectRoot = "";
			targets = (
				5C83957517EB6138007EF0C6 /* WyLight */,
				5C83959617EB6138007EF0C6 /* WyLightTests */,
			);
		};
/* End PBXProject section */

/* Begin PBXResourcesBuildPhase section */
		5C83957417EB6138007EF0C6 /* Resources */ = {
			isa = PBXResourcesBuildPhase;
			buildActionMask = 2147483647;
			files = (
				5C83962C17EB6C00007EF0C6 /* checkerboard@2x.png in Resources */,
				5C83963617EB6C00007EF0C6 /* pickerColorWheel.png in Resources */,
				C044BB961823B6750097151D /* ViewControllerLocalization.strings in Resources */,
				5C83962B17EB6C00007EF0C6 /* checkerboard.png in Resources */,
				C03444B1184263C500B1E91F /* Aller_Std_Rg.ttf in Resources */,
				5C83963717EB6C00007EF0C6 /* pickerColorWheel@2x.png in Resources */,
				5C83959217EB6138007EF0C6 /* Images.xcassets in Resources */,
				C03444C418433F0100B1E91F /* Aller_Std_Lt.ttf in Resources */,
				C03444C518433F0100B1E91F /* Aller_Std_LtIt.ttf in Resources */,
				C044BB8A1823AEDA0097151D /* defaultScriptsLocalization.strings in Resources */,
				C074FE351848E38F007A1ADC /* WyLight_64.png in Resources */,
				C03444C318433F0100B1E91F /* Aller_Std_It.ttf in Resources */,
				5C83958417EB6138007EF0C6 /* InfoPlist.strings in Resources */,
				5C83958D17EB6138007EF0C6 /* Main.storyboard in Resources */,
				C03444C218433F0100B1E91F /* Aller_Std_BdIt.ttf in Resources */,
				C03444C118433F0100B1E91F /* Aller_Std_Bd.ttf in Resources */,
				C044BB901823B4800097151D /* ScriptObjectEditViewsLocalization.strings in Resources */,
				5C83962D17EB6C00007EF0C6 /* colorPickerKnob.png in Resources */,
				5C7488BD17FC2E0C00DB1B22 /* main.hex in Resources */,
				5C83962E17EB6C00007EF0C6 /* colorPickerKnob@2x.png in Resources */,
			);
			runOnlyForDeploymentPostprocessing = 0;
		};
		5C83959517EB6138007EF0C6 /* Resources */ = {
			isa = PBXResourcesBuildPhase;
			buildActionMask = 2147483647;
			files = (
				5C8395A317EB6138007EF0C6 /* InfoPlist.strings in Resources */,
			);
			runOnlyForDeploymentPostprocessing = 0;
		};
/* End PBXResourcesBuildPhase section */

/* Begin PBXSourcesBuildPhase section */
		5C83957217EB6138007EF0C6 /* Sources */ = {
			isa = PBXSourcesBuildPhase;
			buildActionMask = 2147483647;
			files = (
				5C90B3A617F2EB7A00BAC74F /* NWTimeInfoView.m in Sources */,
				C074FE301848A8A2007A1ADC /* Script+serialization.mm in Sources */,
				5C8395DD17EB61B4007EF0C6 /* BroadcastReceiver.cpp in Sources */,
				5C8395E917EB651D007EF0C6 /* NWConnectionTBC.mm in Sources */,
				C02501A01840EFE600BB996D /* StartupManager.cpp in Sources */,
				5C8395DB17EB61B4007EF0C6 /* WCBroadcastReceiverWrapper.mm in Sources */,
				5C83963517EB6C00007EF0C6 /* KZUnitSlider.m in Sources */,
				5CD992011804A5CD003C4F99 /* NWAppInfoViewController.m in Sources */,
				C0E67BDB1826D75300056E7C /* SimpelEffect.m in Sources */,
				C0A3AD3218437DFB00007640 /* Effect.m in Sources */,
				5C83963417EB6C00007EF0C6 /* KZColorPickerSwatchView.m in Sources */,
				C000EE77182D6C8500019267 /* Script+defaultScripts.m in Sources */,
				C0878B54183630E00085FF04 /* NWEffectDrawer.m in Sources */,
				5C83962F17EB6C00007EF0C6 /* HSV.c in Sources */,
				5C8395EE17EB6721007EF0C6 /* NWDefaultColorPickerViewController.m in Sources */,
				C0E10ECA1814FF440009CF3C /* UIView+Quivering.m in Sources */,
				5C8395E017EB61B4007EF0C6 /* intelhexclass.cpp in Sources */,
				5C8395B017EB6197007EF0C6 /* NWBroadcastsTVC.m in Sources */,
				C0878B4B1834CF460085FF04 /* ComplexEffect.m in Sources */,
				5C83963B17EC542E007EF0C6 /* NWBrightnessViewController.m in Sources */,
				5CD991FB180095CA003C4F99 /* iCarousel.m in Sources */,
				C04A34771826EDA600745BC3 /* Gradient.mm in Sources */,
				5C83964017EC5E3E007EF0C6 /* NWAddNewTargetConfigureViewController.m in Sources */,
				5C8395DA17EB61B4007EF0C6 /* crc.c in Sources */,
				5C8395DC17EB61B4007EF0C6 /* WCWiflyControlWrapper.mm in Sources */,
				5C8395EF17EB6721007EF0C6 /* NWColorPickerViewController.m in Sources */,
				5C8395D817EB61B4007EF0C6 /* WCEndpoint.m in Sources */,
				5C83963317EB6C00007EF0C6 /* KZColorPickerHSWheel.m in Sources */,
				C0738547183BCC160032FCFE /* UIView+setEnable.m in Sources */,
				5CDE70801809A7CA0032D2F0 /* NWGradientEditView.m in Sources */,
				C00DD4C21826C3EB00D17088 /* Model.xcdatamodeld in Sources */,
				5C4F56EB17EC968E0039ADFF /* NWColorSliderViewController.m in Sources */,
				5C12FAB317FF05A000E4E65D /* NWScriptCellView.m in Sources */,
				C074FE331848ABB0007A1ADC /* UIColor+argbValue.mm in Sources */,
				5C8395E417EB61B4007EF0C6 /* WiflyControlNoThrow.cpp in Sources */,
				5C83958617EB6138007EF0C6 /* main.m in Sources */,
				5C90B3C117F3714B00BAC74F /* NWScriptViewController.m in Sources */,
				5C90B39317EF56A000BAC74F /* ALRadialButton.m in Sources */,
				5C83963817EB6C00007EF0C6 /* UIColor-Expanded.m in Sources */,
				5CDE707D180987B40032D2F0 /* NWComplexScriptCommandEditorViewController.m in Sources */,
				5C90B39A17EF56F300BAC74F /* NWScriptObjectView.m in Sources */,
				5C83963217EB6C00007EF0C6 /* KZColorPickerBrightnessSlider.m in Sources */,
				5C90B39417EF56A000BAC74F /* ALRadialMenu.m in Sources */,
				5C8395D917EB61B4007EF0C6 /* Script.cpp in Sources */,
				5CD991FE1803FDA5003C4F99 /* TouchAndHoldButton.m in Sources */,
				5C83964117EC5E3E007EF0C6 /* NWAddNewTargetGuideViewController.m in Sources */,
				5C83964617EC5E9A007EF0C6 /* NWAddNewTargetGuideView.m in Sources */,
				5C8395DE17EB61B4007EF0C6 /* ClientSocket.cpp in Sources */,
				C0A3AD35184381F900007640 /* Script.m in Sources */,
				C08D5DAA181166BF00A73801 /* NWScriptFolderViewController.m in Sources */,
				C0E10EC418142B240009CF3C /* UIImage+ImageEffects.m in Sources */,
				5C8395DF17EB61B4007EF0C6 /* ComProxy.cpp in Sources */,
				C0E6047E18219B250049C7EC /* NWRenderableScriptImageView.m in Sources */,
				5CDE7086180A8F1F0032D2F0 /* NWColorEditView.m in Sources */,
				5C90B39B17EF56F300BAC74F /* NWScriptObjectControl.m in Sources */,
				C0738544183A9C470032FCFE /* NWEffectEnableEditView.m in Sources */,
				C0E67BD21826D59B00056E7C /* Fade.mm in Sources */,
				5C90B39E17EF572400BAC74F /* NWGradientView.m in Sources */,
				5C83958A17EB6138007EF0C6 /* NWAppDelegate.m in Sources */,
				5CDE707A18094BF80032D2F0 /* NWTimeValueEditView.m in Sources */,
				5C8395E317EB61B4007EF0C6 /* WiflyControl.cpp in Sources */,
				5CDE7083180A82310032D2F0 /* NWFadeEditView.m in Sources */,
				5C83963017EB6C00007EF0C6 /* KZColorPicker.m in Sources */,
				5C8395E117EB61B4007EF0C6 /* MaskBuffer.cpp in Sources */,
				5C90B3BF17F3714B00BAC74F /* NWScriptView.m in Sources */,
				C0E67BCF1826D28600056E7C /* Command.m in Sources */,
				5C8395E217EB61B4007EF0C6 /* TelnetProxy.cpp in Sources */,
			);
			runOnlyForDeploymentPostprocessing = 0;
		};
		5C83959317EB6138007EF0C6 /* Sources */ = {
			isa = PBXSourcesBuildPhase;
			buildActionMask = 2147483647;
			files = (
				5C8395A517EB6138007EF0C6 /* WyLightTests.m in Sources */,
			);
			runOnlyForDeploymentPostprocessing = 0;
		};
/* End PBXSourcesBuildPhase section */

/* Begin PBXTargetDependency section */
		5C83959D17EB6138007EF0C6 /* PBXTargetDependency */ = {
			isa = PBXTargetDependency;
			target = 5C83957517EB6138007EF0C6 /* WyLight */;
			targetProxy = 5C83959C17EB6138007EF0C6 /* PBXContainerItemProxy */;
		};
/* End PBXTargetDependency section */

/* Begin PBXVariantGroup section */
		5C83958217EB6138007EF0C6 /* InfoPlist.strings */ = {
			isa = PBXVariantGroup;
			children = (
				C044BB7D1823AAC70097151D /* de */,
			);
			name = InfoPlist.strings;
			sourceTree = "<group>";
		};
		5C83958B17EB6138007EF0C6 /* Main.storyboard */ = {
			isa = PBXVariantGroup;
			children = (
				5C83958C17EB6138007EF0C6 /* Base */,
				C03444C718437A3B00B1E91F /* de */,
			);
			name = Main.storyboard;
			path = SupportingFiles;
			sourceTree = "<group>";
		};
		5C8395A117EB6138007EF0C6 /* InfoPlist.strings */ = {
			isa = PBXVariantGroup;
			children = (
				C044BB7E1823AAC70097151D /* de */,
			);
			name = InfoPlist.strings;
			sourceTree = "<group>";
		};
		C044BB8C1823AEDA0097151D /* defaultScriptsLocalization.strings */ = {
			isa = PBXVariantGroup;
			children = (
				C044BB8B1823AEDA0097151D /* Base */,
				C044BB8D1823AEE00097151D /* de */,
			);
			name = defaultScriptsLocalization.strings;
			sourceTree = "<group>";
		};
		C044BB921823B4800097151D /* ScriptObjectEditViewsLocalization.strings */ = {
			isa = PBXVariantGroup;
			children = (
				C044BB911823B4800097151D /* Base */,
				C044BB931823B4860097151D /* de */,
			);
			name = ScriptObjectEditViewsLocalization.strings;
			sourceTree = "<group>";
		};
		C044BB981823B6750097151D /* ViewControllerLocalization.strings */ = {
			isa = PBXVariantGroup;
			children = (
				C044BB971823B6750097151D /* Base */,
				C044BB991823B6770097151D /* de */,
			);
			name = ViewControllerLocalization.strings;
			sourceTree = "<group>";
		};
/* End PBXVariantGroup section */

/* Begin XCBuildConfiguration section */
		5C8395A617EB6138007EF0C6 /* Debug */ = {
			isa = XCBuildConfiguration;
			buildSettings = {
				ALWAYS_SEARCH_USER_PATHS = NO;
				ARCHS = "$(ARCHS_STANDARD_INCLUDING_64_BIT)";
				CLANG_CXX_LANGUAGE_STANDARD = "gnu++0x";
				CLANG_CXX_LIBRARY = "libc++";
				CLANG_ENABLE_MODULES = YES;
				CLANG_ENABLE_OBJC_ARC = YES;
				CLANG_WARN_BOOL_CONVERSION = YES;
				CLANG_WARN_CONSTANT_CONVERSION = YES;
				CLANG_WARN_DIRECT_OBJC_ISA_USAGE = YES_ERROR;
				CLANG_WARN_EMPTY_BODY = YES;
				CLANG_WARN_ENUM_CONVERSION = YES;
				CLANG_WARN_INT_CONVERSION = YES;
				CLANG_WARN_OBJC_ROOT_CLASS = YES_ERROR;
				CLANG_WARN__DUPLICATE_METHOD_MATCH = YES;
				"CODE_SIGN_IDENTITY[sdk=iphoneos*]" = "iPhone Developer";
				COPY_PHASE_STRIP = NO;
				GCC_C_LANGUAGE_STANDARD = gnu99;
				GCC_DYNAMIC_NO_PIC = NO;
				GCC_OPTIMIZATION_LEVEL = 0;
				GCC_PREPROCESSOR_DEFINITIONS = (
					"DEBUG=1",
					"$(inherited)",
				);
				GCC_SYMBOLS_PRIVATE_EXTERN = NO;
				GCC_WARN_64_TO_32_BIT_CONVERSION = YES;
				GCC_WARN_ABOUT_RETURN_TYPE = YES_ERROR;
				GCC_WARN_UNDECLARED_SELECTOR = YES;
				GCC_WARN_UNINITIALIZED_AUTOS = YES;
				GCC_WARN_UNUSED_FUNCTION = YES;
				GCC_WARN_UNUSED_VARIABLE = YES;
				IPHONEOS_DEPLOYMENT_TARGET = 7.0;
				ONLY_ACTIVE_ARCH = YES;
				SDKROOT = iphoneos;
			};
			name = Debug;
		};
		5C8395A717EB6138007EF0C6 /* Release */ = {
			isa = XCBuildConfiguration;
			buildSettings = {
				ALWAYS_SEARCH_USER_PATHS = NO;
				ARCHS = "$(ARCHS_STANDARD_INCLUDING_64_BIT)";
				CLANG_CXX_LANGUAGE_STANDARD = "gnu++0x";
				CLANG_CXX_LIBRARY = "libc++";
				CLANG_ENABLE_MODULES = YES;
				CLANG_ENABLE_OBJC_ARC = YES;
				CLANG_WARN_BOOL_CONVERSION = YES;
				CLANG_WARN_CONSTANT_CONVERSION = YES;
				CLANG_WARN_DIRECT_OBJC_ISA_USAGE = YES_ERROR;
				CLANG_WARN_EMPTY_BODY = YES;
				CLANG_WARN_ENUM_CONVERSION = YES;
				CLANG_WARN_INT_CONVERSION = YES;
				CLANG_WARN_OBJC_ROOT_CLASS = YES_ERROR;
				CLANG_WARN__DUPLICATE_METHOD_MATCH = YES;
				"CODE_SIGN_IDENTITY[sdk=iphoneos*]" = "iPhone Developer";
				COPY_PHASE_STRIP = YES;
				ENABLE_NS_ASSERTIONS = NO;
				GCC_C_LANGUAGE_STANDARD = gnu99;
				GCC_WARN_64_TO_32_BIT_CONVERSION = YES;
				GCC_WARN_ABOUT_RETURN_TYPE = YES_ERROR;
				GCC_WARN_UNDECLARED_SELECTOR = YES;
				GCC_WARN_UNINITIALIZED_AUTOS = YES;
				GCC_WARN_UNUSED_FUNCTION = YES;
				GCC_WARN_UNUSED_VARIABLE = YES;
				IPHONEOS_DEPLOYMENT_TARGET = 7.0;
				SDKROOT = iphoneos;
				VALIDATE_PRODUCT = YES;
			};
			name = Release;
		};
		5C8395A917EB6138007EF0C6 /* Debug */ = {
			isa = XCBuildConfiguration;
			buildSettings = {
				ASSETCATALOG_COMPILER_APPICON_NAME = AppIcon;
				ASSETCATALOG_COMPILER_LAUNCHIMAGE_NAME = LaunchImage;
				CODE_SIGN_IDENTITY = "iPhone Developer";
				"CODE_SIGN_IDENTITY[sdk=iphoneos*]" = "iPhone Developer";
				GCC_PRECOMPILE_PREFIX_HEADER = YES;
				GCC_PREFIX_HEADER = "WyLight/WyLight-Prefix.pch";
				GCC_UNROLL_LOOPS = YES;
				INFOPLIST_FILE = "WyLight/WyLight-Info.plist";
				IPHONEOS_DEPLOYMENT_TARGET = 7.0;
				LLVM_VECTORIZE_LOOPS = YES;
				OTHER_LDFLAGS = "-all_load";
				PRODUCT_NAME = "$(TARGET_NAME)";
				PROVISIONING_PROFILE = "";
				TARGETED_DEVICE_FAMILY = 1;
				WRAPPER_EXTENSION = app;
			};
			name = Debug;
		};
		5C8395AA17EB6138007EF0C6 /* Release */ = {
			isa = XCBuildConfiguration;
			buildSettings = {
				ASSETCATALOG_COMPILER_APPICON_NAME = AppIcon;
				ASSETCATALOG_COMPILER_LAUNCHIMAGE_NAME = LaunchImage;
				CODE_SIGN_IDENTITY = "iPhone Developer";
				"CODE_SIGN_IDENTITY[sdk=iphoneos*]" = "iPhone Developer";
				GCC_OPTIMIZATION_LEVEL = 1;
				GCC_PRECOMPILE_PREFIX_HEADER = YES;
				GCC_PREFIX_HEADER = "WyLight/WyLight-Prefix.pch";
				GCC_UNROLL_LOOPS = YES;
				INFOPLIST_FILE = "WyLight/WyLight-Info.plist";
				IPHONEOS_DEPLOYMENT_TARGET = 7.0;
				LLVM_VECTORIZE_LOOPS = YES;
				OTHER_LDFLAGS = "-all_load";
				PRODUCT_NAME = "$(TARGET_NAME)";
				PROVISIONING_PROFILE = "";
				TARGETED_DEVICE_FAMILY = 1;
				WRAPPER_EXTENSION = app;
			};
			name = Release;
		};
		5C8395AC17EB6138007EF0C6 /* Debug */ = {
			isa = XCBuildConfiguration;
			buildSettings = {
				ARCHS = "$(ARCHS_STANDARD_INCLUDING_64_BIT)";
				BUNDLE_LOADER = "$(BUILT_PRODUCTS_DIR)/WyLight.app/WyLight";
				FRAMEWORK_SEARCH_PATHS = (
					"$(SDKROOT)/Developer/Library/Frameworks",
					"$(inherited)",
					"$(DEVELOPER_FRAMEWORKS_DIR)",
				);
				GCC_PRECOMPILE_PREFIX_HEADER = YES;
				GCC_PREFIX_HEADER = "WyLight/WyLight-Prefix.pch";
				GCC_PREPROCESSOR_DEFINITIONS = (
					"DEBUG=1",
					"$(inherited)",
				);
				INFOPLIST_FILE = "WyLightTests/WyLightTests-Info.plist";
				PRODUCT_NAME = "$(TARGET_NAME)";
				TEST_HOST = "$(BUNDLE_LOADER)";
				WRAPPER_EXTENSION = xctest;
			};
			name = Debug;
		};
		5C8395AD17EB6138007EF0C6 /* Release */ = {
			isa = XCBuildConfiguration;
			buildSettings = {
				ARCHS = "$(ARCHS_STANDARD_INCLUDING_64_BIT)";
				BUNDLE_LOADER = "$(BUILT_PRODUCTS_DIR)/WyLight.app/WyLight";
				FRAMEWORK_SEARCH_PATHS = (
					"$(SDKROOT)/Developer/Library/Frameworks",
					"$(inherited)",
					"$(DEVELOPER_FRAMEWORKS_DIR)",
				);
				GCC_PRECOMPILE_PREFIX_HEADER = YES;
				GCC_PREFIX_HEADER = "WyLight/WyLight-Prefix.pch";
				INFOPLIST_FILE = "WyLightTests/WyLightTests-Info.plist";
				PRODUCT_NAME = "$(TARGET_NAME)";
				TEST_HOST = "$(BUNDLE_LOADER)";
				WRAPPER_EXTENSION = xctest;
			};
			name = Release;
		};
/* End XCBuildConfiguration section */

/* Begin XCConfigurationList section */
		5C83957117EB6138007EF0C6 /* Build configuration list for PBXProject "WyLight" */ = {
			isa = XCConfigurationList;
			buildConfigurations = (
				5C8395A617EB6138007EF0C6 /* Debug */,
				5C8395A717EB6138007EF0C6 /* Release */,
			);
			defaultConfigurationIsVisible = 0;
			defaultConfigurationName = Release;
		};
		5C8395A817EB6138007EF0C6 /* Build configuration list for PBXNativeTarget "WyLight" */ = {
			isa = XCConfigurationList;
			buildConfigurations = (
				5C8395A917EB6138007EF0C6 /* Debug */,
				5C8395AA17EB6138007EF0C6 /* Release */,
			);
			defaultConfigurationIsVisible = 0;
			defaultConfigurationName = Release;
		};
		5C8395AB17EB6138007EF0C6 /* Build configuration list for PBXNativeTarget "WyLightTests" */ = {
			isa = XCConfigurationList;
			buildConfigurations = (
				5C8395AC17EB6138007EF0C6 /* Debug */,
				5C8395AD17EB6138007EF0C6 /* Release */,
			);
			defaultConfigurationIsVisible = 0;
			defaultConfigurationName = Release;
		};
/* End XCConfigurationList section */

/* Begin XCVersionGroup section */
		C00DD4C01826C3EB00D17088 /* Model.xcdatamodeld */ = {
			isa = XCVersionGroup;
			children = (
				C00DD4C11826C3EB00D17088 /* Model.xcdatamodel */,
			);
			currentVersion = C00DD4C11826C3EB00D17088 /* Model.xcdatamodel */;
			path = Model.xcdatamodeld;
			sourceTree = "<group>";
			versionGroupType = wrapper.xcdatamodel;
		};
/* End XCVersionGroup section */
	};
	rootObject = 5C83956E17EB6138007EF0C6 /* Project object */;
}
