// !$*UTF8*$!
{
	archiveVersion = 1;
	classes = {
	};
	objectVersion = 46;
	objects = {

/* Begin PBXBuildFile section */
		5C542C4717BC13B000E4410A /* UIKit.framework in Frameworks */ = {isa = PBXBuildFile; fileRef = 5C542C4617BC13B000E4410A /* UIKit.framework */; };
		5C542C4917BC13B000E4410A /* Foundation.framework in Frameworks */ = {isa = PBXBuildFile; fileRef = 5C542C4817BC13B000E4410A /* Foundation.framework */; };
		5C542C4B17BC13B000E4410A /* CoreGraphics.framework in Frameworks */ = {isa = PBXBuildFile; fileRef = 5C542C4A17BC13B000E4410A /* CoreGraphics.framework */; };
		5C542C5117BC13B000E4410A /* InfoPlist.strings in Resources */ = {isa = PBXBuildFile; fileRef = 5C542C4F17BC13B000E4410A /* InfoPlist.strings */; };
		5C542C5317BC13B000E4410A /* main.m in Sources */ = {isa = PBXBuildFile; fileRef = 5C542C5217BC13B000E4410A /* main.m */; };
		5C542C5717BC13B000E4410A /* NWAppDelegate.m in Sources */ = {isa = PBXBuildFile; fileRef = 5C542C5617BC13B000E4410A /* NWAppDelegate.m */; };
		5C542C5917BC13B000E4410A /* Default.png in Resources */ = {isa = PBXBuildFile; fileRef = 5C542C5817BC13B000E4410A /* Default.png */; };
		5C542C5B17BC13B000E4410A /* Default@2x.png in Resources */ = {isa = PBXBuildFile; fileRef = 5C542C5A17BC13B000E4410A /* Default@2x.png */; };
		5C542C5D17BC13B000E4410A /* Default-568h@2x.png in Resources */ = {isa = PBXBuildFile; fileRef = 5C542C5C17BC13B000E4410A /* Default-568h@2x.png */; };
		5C542C6A17BC142300E4410A /* QuartzCore.framework in Frameworks */ = {isa = PBXBuildFile; fileRef = 5C542C6917BC142300E4410A /* QuartzCore.framework */; };
		5C542C6C17BC146700E4410A /* MainStoryboard_iPhone.storyboard in Resources */ = {isa = PBXBuildFile; fileRef = 5C542C6B17BC146700E4410A /* MainStoryboard_iPhone.storyboard */; };
		5C542C9417BC151C00E4410A /* WCEndpoint.m in Sources */ = {isa = PBXBuildFile; fileRef = 5C542C6E17BC151A00E4410A /* WCEndpoint.m */; };
		5C542C9517BC151C00E4410A /* Script.cpp in Sources */ = {isa = PBXBuildFile; fileRef = 5C542C6F17BC151A00E4410A /* Script.cpp */; };
		5C542C9617BC151C00E4410A /* crc.c in Sources */ = {isa = PBXBuildFile; fileRef = 5C542C7217BC151A00E4410A /* crc.c */; };
		5C542C9717BC151C00E4410A /* WCBroadcastReceiverWrapper.mm in Sources */ = {isa = PBXBuildFile; fileRef = 5C542C7A17BC151A00E4410A /* WCBroadcastReceiverWrapper.mm */; };
		5C542C9817BC151C00E4410A /* WCWiflyControlWrapper.mm in Sources */ = {isa = PBXBuildFile; fileRef = 5C542C7C17BC151B00E4410A /* WCWiflyControlWrapper.mm */; };
		5C542C9917BC151C00E4410A /* BroadcastReceiver.cpp in Sources */ = {isa = PBXBuildFile; fileRef = 5C542C7F17BC151B00E4410A /* BroadcastReceiver.cpp */; };
		5C542C9A17BC151C00E4410A /* ClientSocket.cpp in Sources */ = {isa = PBXBuildFile; fileRef = 5C542C8117BC151B00E4410A /* ClientSocket.cpp */; };
		5C542C9B17BC151C00E4410A /* ComProxy.cpp in Sources */ = {isa = PBXBuildFile; fileRef = 5C542C8317BC151B00E4410A /* ComProxy.cpp */; };
		5C542C9C17BC151C00E4410A /* intelhexclass.cpp in Sources */ = {isa = PBXBuildFile; fileRef = 5C542C8817BC151B00E4410A /* intelhexclass.cpp */; };
		5C542C9D17BC151C00E4410A /* MaskBuffer.cpp in Sources */ = {isa = PBXBuildFile; fileRef = 5C542C8A17BC151B00E4410A /* MaskBuffer.cpp */; };
		5C542C9E17BC151C00E4410A /* TelnetProxy.cpp in Sources */ = {isa = PBXBuildFile; fileRef = 5C542C8C17BC151B00E4410A /* TelnetProxy.cpp */; };
		5C542C9F17BC151C00E4410A /* WiflyControl.cpp in Sources */ = {isa = PBXBuildFile; fileRef = 5C542C8F17BC151C00E4410A /* WiflyControl.cpp */; };
		5C542CA017BC151C00E4410A /* WiflyControlNoThrow.cpp in Sources */ = {isa = PBXBuildFile; fileRef = 5C542C9217BC151C00E4410A /* WiflyControlNoThrow.cpp */; };
		5C542CB817BC15EF00E4410A /* checkerboard.png in Resources */ = {isa = PBXBuildFile; fileRef = 5C542CA217BC15EE00E4410A /* checkerboard.png */; };
		5C542CB917BC15EF00E4410A /* checkerboard@2x.png in Resources */ = {isa = PBXBuildFile; fileRef = 5C542CA317BC15EE00E4410A /* checkerboard@2x.png */; };
		5C542CBA17BC15EF00E4410A /* colorPickerKnob.png in Resources */ = {isa = PBXBuildFile; fileRef = 5C542CA417BC15EE00E4410A /* colorPickerKnob.png */; };
		5C542CBB17BC15EF00E4410A /* colorPickerKnob@2x.png in Resources */ = {isa = PBXBuildFile; fileRef = 5C542CA517BC15EE00E4410A /* colorPickerKnob@2x.png */; };
		5C542CBC17BC15EF00E4410A /* HSV.c in Sources */ = {isa = PBXBuildFile; fileRef = 5C542CA617BC15EE00E4410A /* HSV.c */; };
		5C542CBD17BC15EF00E4410A /* KZColorPicker.m in Sources */ = {isa = PBXBuildFile; fileRef = 5C542CA917BC15EE00E4410A /* KZColorPicker.m */; settings = {COMPILER_FLAGS = "-fno-objc-arc"; }; };
		5C542CBE17BC15EF00E4410A /* KZColorCompareView.m in Sources */ = {isa = PBXBuildFile; fileRef = 5C542CAB17BC15EF00E4410A /* KZColorCompareView.m */; settings = {COMPILER_FLAGS = "-fno-objc-arc"; }; };
		5C542CBF17BC15EF00E4410A /* KZColorPickerBrightnessSlider.m in Sources */ = {isa = PBXBuildFile; fileRef = 5C542CAD17BC15EF00E4410A /* KZColorPickerBrightnessSlider.m */; settings = {COMPILER_FLAGS = "-fno-objc-arc"; }; };
		5C542CC017BC15EF00E4410A /* KZColorPickerHSWheel.m in Sources */ = {isa = PBXBuildFile; fileRef = 5C542CAF17BC15EF00E4410A /* KZColorPickerHSWheel.m */; settings = {COMPILER_FLAGS = "-fno-objc-arc"; }; };
		5C542CC117BC15EF00E4410A /* KZColorPickerSwatchView.m in Sources */ = {isa = PBXBuildFile; fileRef = 5C542CB117BC15EF00E4410A /* KZColorPickerSwatchView.m */; settings = {COMPILER_FLAGS = "-fno-objc-arc"; }; };
		5C542CC217BC15EF00E4410A /* KZUnitSlider.m in Sources */ = {isa = PBXBuildFile; fileRef = 5C542CB317BC15EF00E4410A /* KZUnitSlider.m */; settings = {COMPILER_FLAGS = "-fno-objc-arc"; }; };
		5C542CC317BC15EF00E4410A /* pickerColorWheel.png in Resources */ = {isa = PBXBuildFile; fileRef = 5C542CB417BC15EF00E4410A /* pickerColorWheel.png */; };
		5C542CC417BC15EF00E4410A /* pickerColorWheel@2x.png in Resources */ = {isa = PBXBuildFile; fileRef = 5C542CB517BC15EF00E4410A /* pickerColorWheel@2x.png */; };
		5C542CC517BC15EF00E4410A /* UIColor-Expanded.m in Sources */ = {isa = PBXBuildFile; fileRef = 5C542CB717BC15EF00E4410A /* UIColor-Expanded.m */; settings = {COMPILER_FLAGS = "-fno-objc-arc"; }; };
		5C542CCF17BC163A00E4410A /* NWAddNewTargetConfigureViewController.m in Sources */ = {isa = PBXBuildFile; fileRef = 5C542CC817BC163900E4410A /* NWAddNewTargetConfigureViewController.m */; };
		5C542CD017BC163A00E4410A /* NWAddNewTargetGuideViewController.m in Sources */ = {isa = PBXBuildFile; fileRef = 5C542CCA17BC163900E4410A /* NWAddNewTargetGuideViewController.m */; };
		5C542CD117BC163A00E4410A /* NWAddNewTargetGuideView.m in Sources */ = {isa = PBXBuildFile; fileRef = 5C542CCC17BC163A00E4410A /* NWAddNewTargetGuideView.m */; };
		5C542CD517BC165200E4410A /* NWBroadcastsTVC.m in Sources */ = {isa = PBXBuildFile; fileRef = 5C542CD417BC165200E4410A /* NWBroadcastsTVC.m */; };
		5C542CFA17BC167600E4410A /* NWBrightnessViewController.m in Sources */ = {isa = PBXBuildFile; fileRef = 5C542CD717BC167400E4410A /* NWBrightnessViewController.m */; };
		5C542CFC17BC167600E4410A /* NWColorPickerViewController.m in Sources */ = {isa = PBXBuildFile; fileRef = 5C542CDB17BC167400E4410A /* NWColorPickerViewController.m */; };
		5C542CFD17BC167600E4410A /* NWConnectionTBC.m in Sources */ = {isa = PBXBuildFile; fileRef = 5C542CDD17BC167400E4410A /* NWConnectionTBC.m */; };
		5C542CFE17BC167600E4410A /* NWScriptViewController.m in Sources */ = {isa = PBXBuildFile; fileRef = 5C542CDF17BC167400E4410A /* NWScriptViewController.m */; };
		5C542D0017BC167600E4410A /* NWScript.m in Sources */ = {isa = PBXBuildFile; fileRef = 5C542CE317BC167500E4410A /* NWScript.m */; };
		5C542D0317BC167600E4410A /* NWLoopOnCommandObject.m in Sources */ = {isa = PBXBuildFile; fileRef = 5C542CE917BC167500E4410A /* NWLoopOnCommandObject.m */; };
		5C542D0417BC167600E4410A /* NWLoopOffCommandObject.m in Sources */ = {isa = PBXBuildFile; fileRef = 5C542CEB17BC167500E4410A /* NWLoopOffCommandObject.m */; };
		5C542D0517BC167600E4410A /* NWSetGradientScriptCommandObject.mm in Sources */ = {isa = PBXBuildFile; fileRef = 5C542CED17BC167500E4410A /* NWSetGradientScriptCommandObject.mm */; };
		5C542D0717BC167600E4410A /* NWScriptCommandObject.m in Sources */ = {isa = PBXBuildFile; fileRef = 5C542CF117BC167500E4410A /* NWScriptCommandObject.m */; };
		5C542D0817BC167600E4410A /* NWSetFadeScriptCommandObject.mm in Sources */ = {isa = PBXBuildFile; fileRef = 5C542CF317BC167600E4410A /* NWSetFadeScriptCommandObject.mm */; };
		5C542D0917BC167600E4410A /* NWScriptEffectCommandObject.m in Sources */ = {isa = PBXBuildFile; fileRef = 5C542CF517BC167600E4410A /* NWScriptEffectCommandObject.m */; };
		5C542D0B17BC167600E4410A /* NWEditGradientCommandViewController.m in Sources */ = {isa = PBXBuildFile; fileRef = 5C542CF917BC167600E4410A /* NWEditGradientCommandViewController.m */; };
		5C542D1217BCC46300E4410A /* NWDefaultColorPickerViewController.m in Sources */ = {isa = PBXBuildFile; fileRef = 5C542D1117BCC46200E4410A /* NWDefaultColorPickerViewController.m */; };
		5C542D1917BCD89000E4410A /* main.hex in Resources */ = {isa = PBXBuildFile; fileRef = 5C542D1617BCD89000E4410A /* main.hex */; };
		5C542D1A17BCD89000E4410A /* Guide2.png in Resources */ = {isa = PBXBuildFile; fileRef = 5C542D1717BCD89000E4410A /* Guide2.png */; };
		5C542D1B17BCD89000E4410A /* Guide1.png in Resources */ = {isa = PBXBuildFile; fileRef = 5C542D1817BCD89000E4410A /* Guide1.png */; };
		5C542D2217BD301300E4410A /* NWEditFadeCommandViewController.m in Sources */ = {isa = PBXBuildFile; fileRef = 5C542D2117BD301200E4410A /* NWEditFadeCommandViewController.m */; };
		5C542D2817BD547A00E4410A /* NWComplexScriptCommandObject.m in Sources */ = {isa = PBXBuildFile; fileRef = 5C542D2717BD547800E4410A /* NWComplexScriptCommandObject.m */; };
		5C542D2B17BD629700E4410A /* NWEditComplexScriptObjectViewController.m in Sources */ = {isa = PBXBuildFile; fileRef = 5C542D2A17BD629400E4410A /* NWEditComplexScriptObjectViewController.m */; };
		5C7034B617CE24EE00B121A6 /* NWScriptObjectView.m in Sources */ = {isa = PBXBuildFile; fileRef = 5C7034B517CE24EE00B121A6 /* NWScriptObjectView.m */; };
		5C7034B917CF216200B121A6 /* NWScriptObjectCollectionViewCell.m in Sources */ = {isa = PBXBuildFile; fileRef = 5C7034B817CF216100B121A6 /* NWScriptObjectCollectionViewCell.m */; };
		5C7034BC17CF230900B121A6 /* NWCollectionViewLayout.m in Sources */ = {isa = PBXBuildFile; fileRef = 5C7034BB17CF230800B121A6 /* NWCollectionViewLayout.m */; };
		5C7034BF17CF297000B121A6 /* NWCollectionViewLayoutAttributes.m in Sources */ = {isa = PBXBuildFile; fileRef = 5C7034BE17CF296F00B121A6 /* NWCollectionViewLayoutAttributes.m */; };
		5C7034C517CF3D9000B121A6 /* ALRadialButton.m in Sources */ = {isa = PBXBuildFile; fileRef = 5C7034C217CF3D8D00B121A6 /* ALRadialButton.m */; };
		5C7034C617CF3D9000B121A6 /* ALRadialMenu.m in Sources */ = {isa = PBXBuildFile; fileRef = 5C7034C417CF3D8F00B121A6 /* ALRadialMenu.m */; };
		5CB5336C17D2266E00262009 /* NWScriptObjectControl.m in Sources */ = {isa = PBXBuildFile; fileRef = 5CB5336B17D2266E00262009 /* NWScriptObjectControl.m */; };
		5CDEA45D17E3419D00F1FBC1 /* NWAddCollectionViewCell.m in Sources */ = {isa = PBXBuildFile; fileRef = 5CDEA45C17E3419D00F1FBC1 /* NWAddCollectionViewCell.m */; };
		5CDEA46017E4C0E200F1FBC1 /* NWTimeInfoView.m in Sources */ = {isa = PBXBuildFile; fileRef = 5CDEA45F17E4C0E100F1FBC1 /* NWTimeInfoView.m */; };
		5CDEA46317E4DA6400F1FBC1 /* NWAddScriptObjectView.m in Sources */ = {isa = PBXBuildFile; fileRef = 5CDEA46217E4DA6400F1FBC1 /* NWAddScriptObjectView.m */; };
		5CE16BBD17D1F73A006A8F67 /* NWScriptView.m in Sources */ = {isa = PBXBuildFile; fileRef = 5CE16BBC17D1F73A006A8F67 /* NWScriptView.m */; };
/* End PBXBuildFile section */

/* Begin PBXFileReference section */
		5C542C4317BC13B000E4410A /* WyLightRemote.app */ = {isa = PBXFileReference; explicitFileType = wrapper.application; includeInIndex = 0; path = WyLightRemote.app; sourceTree = BUILT_PRODUCTS_DIR; };
		5C542C4617BC13B000E4410A /* UIKit.framework */ = {isa = PBXFileReference; lastKnownFileType = wrapper.framework; name = UIKit.framework; path = System/Library/Frameworks/UIKit.framework; sourceTree = SDKROOT; };
		5C542C4817BC13B000E4410A /* Foundation.framework */ = {isa = PBXFileReference; lastKnownFileType = wrapper.framework; name = Foundation.framework; path = System/Library/Frameworks/Foundation.framework; sourceTree = SDKROOT; };
		5C542C4A17BC13B000E4410A /* CoreGraphics.framework */ = {isa = PBXFileReference; lastKnownFileType = wrapper.framework; name = CoreGraphics.framework; path = System/Library/Frameworks/CoreGraphics.framework; sourceTree = SDKROOT; };
		5C542C4E17BC13B000E4410A /* WyLightRemote-Info.plist */ = {isa = PBXFileReference; lastKnownFileType = text.plist.xml; path = "WyLightRemote-Info.plist"; sourceTree = "<group>"; };
		5C542C5017BC13B000E4410A /* en */ = {isa = PBXFileReference; lastKnownFileType = text.plist.strings; name = en; path = en.lproj/InfoPlist.strings; sourceTree = "<group>"; };
		5C542C5217BC13B000E4410A /* main.m */ = {isa = PBXFileReference; lastKnownFileType = sourcecode.c.objc; path = main.m; sourceTree = "<group>"; };
		5C542C5417BC13B000E4410A /* WyLightRemote-Prefix.pch */ = {isa = PBXFileReference; lastKnownFileType = sourcecode.c.h; path = "WyLightRemote-Prefix.pch"; sourceTree = "<group>"; };
		5C542C5517BC13B000E4410A /* NWAppDelegate.h */ = {isa = PBXFileReference; lastKnownFileType = sourcecode.c.h; path = NWAppDelegate.h; sourceTree = "<group>"; };
		5C542C5617BC13B000E4410A /* NWAppDelegate.m */ = {isa = PBXFileReference; lastKnownFileType = sourcecode.c.objc; path = NWAppDelegate.m; sourceTree = "<group>"; };
		5C542C5817BC13B000E4410A /* Default.png */ = {isa = PBXFileReference; lastKnownFileType = image.png; path = Default.png; sourceTree = "<group>"; };
		5C542C5A17BC13B000E4410A /* Default@2x.png */ = {isa = PBXFileReference; lastKnownFileType = image.png; path = "Default@2x.png"; sourceTree = "<group>"; };
		5C542C5C17BC13B000E4410A /* Default-568h@2x.png */ = {isa = PBXFileReference; lastKnownFileType = image.png; path = "Default-568h@2x.png"; sourceTree = "<group>"; };
		5C542C6917BC142300E4410A /* QuartzCore.framework */ = {isa = PBXFileReference; lastKnownFileType = wrapper.framework; name = QuartzCore.framework; path = System/Library/Frameworks/QuartzCore.framework; sourceTree = SDKROOT; };
		5C542C6B17BC146700E4410A /* MainStoryboard_iPhone.storyboard */ = {isa = PBXFileReference; fileEncoding = 4; lastKnownFileType = file.storyboard; path = MainStoryboard_iPhone.storyboard; sourceTree = "<group>"; };
		5C542C6D17BC151A00E4410A /* WCEndpoint.h */ = {isa = PBXFileReference; fileEncoding = 4; lastKnownFileType = sourcecode.c.h; name = WCEndpoint.h; path = ../../ios/WCEndpoint.h; sourceTree = "<group>"; };
		5C542C6E17BC151A00E4410A /* WCEndpoint.m */ = {isa = PBXFileReference; fileEncoding = 4; lastKnownFileType = sourcecode.c.objc; name = WCEndpoint.m; path = ../../ios/WCEndpoint.m; sourceTree = "<group>"; };
		5C542C6F17BC151A00E4410A /* Script.cpp */ = {isa = PBXFileReference; fileEncoding = 4; lastKnownFileType = sourcecode.cpp.cpp; name = Script.cpp; path = ../../library/Script.cpp; sourceTree = "<group>"; };
		5C542C7017BC151A00E4410A /* Script.h */ = {isa = PBXFileReference; fileEncoding = 4; lastKnownFileType = sourcecode.c.h; name = Script.h; path = ../../library/Script.h; sourceTree = "<group>"; };
		5C542C7117BC151A00E4410A /* MessageQueue.h */ = {isa = PBXFileReference; fileEncoding = 4; lastKnownFileType = sourcecode.c.h; name = MessageQueue.h; path = ../../library/MessageQueue.h; sourceTree = "<group>"; };
		5C542C7217BC151A00E4410A /* crc.c */ = {isa = PBXFileReference; fileEncoding = 4; lastKnownFileType = sourcecode.c.c; name = crc.c; path = ../../firmware/crc.c; sourceTree = "<group>"; };
		5C542C7317BC151A00E4410A /* crc.h */ = {isa = PBXFileReference; fileEncoding = 4; lastKnownFileType = sourcecode.c.h; name = crc.h; path = ../../firmware/crc.h; sourceTree = "<group>"; };
		5C542C7417BC151A00E4410A /* error.h */ = {isa = PBXFileReference; fileEncoding = 4; lastKnownFileType = sourcecode.c.h; name = error.h; path = ../../firmware/error.h; sourceTree = "<group>"; };
		5C542C7517BC151A00E4410A /* platform.h */ = {isa = PBXFileReference; fileEncoding = 4; lastKnownFileType = sourcecode.c.h; name = platform.h; path = ../../firmware/platform.h; sourceTree = "<group>"; };
		5C542C7617BC151A00E4410A /* timeval.h */ = {isa = PBXFileReference; fileEncoding = 4; lastKnownFileType = sourcecode.c.h; name = timeval.h; path = ../../firmware/timeval.h; sourceTree = "<group>"; };
		5C542C7717BC151A00E4410A /* trace.h */ = {isa = PBXFileReference; fileEncoding = 4; lastKnownFileType = sourcecode.c.h; name = trace.h; path = ../../firmware/trace.h; sourceTree = "<group>"; };
		5C542C7817BC151A00E4410A /* wifly_cmd.h */ = {isa = PBXFileReference; fileEncoding = 4; lastKnownFileType = sourcecode.c.h; name = wifly_cmd.h; path = ../../firmware/wifly_cmd.h; sourceTree = "<group>"; };
		5C542C7917BC151A00E4410A /* WCBroadcastReceiverWrapper.h */ = {isa = PBXFileReference; fileEncoding = 4; lastKnownFileType = sourcecode.c.h; name = WCBroadcastReceiverWrapper.h; path = ../../ios/WCBroadcastReceiverWrapper.h; sourceTree = "<group>"; };
		5C542C7A17BC151A00E4410A /* WCBroadcastReceiverWrapper.mm */ = {isa = PBXFileReference; fileEncoding = 4; lastKnownFileType = sourcecode.cpp.objcpp; name = WCBroadcastReceiverWrapper.mm; path = ../../ios/WCBroadcastReceiverWrapper.mm; sourceTree = "<group>"; };
		5C542C7B17BC151B00E4410A /* WCWiflyControlWrapper.h */ = {isa = PBXFileReference; fileEncoding = 4; lastKnownFileType = sourcecode.c.h; name = WCWiflyControlWrapper.h; path = ../../ios/WCWiflyControlWrapper.h; sourceTree = "<group>"; };
		5C542C7C17BC151B00E4410A /* WCWiflyControlWrapper.mm */ = {isa = PBXFileReference; fileEncoding = 4; lastKnownFileType = sourcecode.cpp.objcpp; name = WCWiflyControlWrapper.mm; path = ../../ios/WCWiflyControlWrapper.mm; sourceTree = "<group>"; };
		5C542C7D17BC151B00E4410A /* BlRequest.h */ = {isa = PBXFileReference; fileEncoding = 4; lastKnownFileType = sourcecode.c.h; name = BlRequest.h; path = ../../library/BlRequest.h; sourceTree = "<group>"; };
		5C542C7E17BC151B00E4410A /* BroadcastMessage.h */ = {isa = PBXFileReference; fileEncoding = 4; lastKnownFileType = sourcecode.c.h; name = BroadcastMessage.h; path = ../../library/BroadcastMessage.h; sourceTree = "<group>"; };
		5C542C7F17BC151B00E4410A /* BroadcastReceiver.cpp */ = {isa = PBXFileReference; fileEncoding = 4; lastKnownFileType = sourcecode.cpp.cpp; name = BroadcastReceiver.cpp; path = ../../library/BroadcastReceiver.cpp; sourceTree = "<group>"; };
		5C542C8017BC151B00E4410A /* BroadcastReceiver.h */ = {isa = PBXFileReference; fileEncoding = 4; lastKnownFileType = sourcecode.c.h; name = BroadcastReceiver.h; path = ../../library/BroadcastReceiver.h; sourceTree = "<group>"; };
		5C542C8117BC151B00E4410A /* ClientSocket.cpp */ = {isa = PBXFileReference; fileEncoding = 4; lastKnownFileType = sourcecode.cpp.cpp; name = ClientSocket.cpp; path = ../../library/ClientSocket.cpp; sourceTree = "<group>"; };
		5C542C8217BC151B00E4410A /* ClientSocket.h */ = {isa = PBXFileReference; fileEncoding = 4; lastKnownFileType = sourcecode.c.h; name = ClientSocket.h; path = ../../library/ClientSocket.h; sourceTree = "<group>"; };
		5C542C8317BC151B00E4410A /* ComProxy.cpp */ = {isa = PBXFileReference; fileEncoding = 4; lastKnownFileType = sourcecode.cpp.cpp; name = ComProxy.cpp; path = ../../library/ComProxy.cpp; sourceTree = "<group>"; };
		5C542C8417BC151B00E4410A /* ComProxy.h */ = {isa = PBXFileReference; fileEncoding = 4; lastKnownFileType = sourcecode.c.h; name = ComProxy.h; path = ../../library/ComProxy.h; sourceTree = "<group>"; };
		5C542C8517BC151B00E4410A /* Endpoint.h */ = {isa = PBXFileReference; fileEncoding = 4; lastKnownFileType = sourcecode.c.h; name = Endpoint.h; path = ../../library/Endpoint.h; sourceTree = "<group>"; };
		5C542C8617BC151B00E4410A /* FwCommand.h */ = {isa = PBXFileReference; fileEncoding = 4; lastKnownFileType = sourcecode.c.h; name = FwCommand.h; path = ../../library/FwCommand.h; sourceTree = "<group>"; };
		5C542C8717BC151B00E4410A /* FwResponse.h */ = {isa = PBXFileReference; fileEncoding = 4; lastKnownFileType = sourcecode.c.h; name = FwResponse.h; path = ../../library/FwResponse.h; sourceTree = "<group>"; };
		5C542C8817BC151B00E4410A /* intelhexclass.cpp */ = {isa = PBXFileReference; fileEncoding = 4; lastKnownFileType = sourcecode.cpp.cpp; name = intelhexclass.cpp; path = ../../library/intelhexclass.cpp; sourceTree = "<group>"; };
		5C542C8917BC151B00E4410A /* intelhexclass.h */ = {isa = PBXFileReference; fileEncoding = 4; lastKnownFileType = sourcecode.c.h; name = intelhexclass.h; path = ../../library/intelhexclass.h; sourceTree = "<group>"; };
		5C542C8A17BC151B00E4410A /* MaskBuffer.cpp */ = {isa = PBXFileReference; fileEncoding = 4; lastKnownFileType = sourcecode.cpp.cpp; name = MaskBuffer.cpp; path = ../../library/MaskBuffer.cpp; sourceTree = "<group>"; };
		5C542C8B17BC151B00E4410A /* MaskBuffer.h */ = {isa = PBXFileReference; fileEncoding = 4; lastKnownFileType = sourcecode.c.h; name = MaskBuffer.h; path = ../../library/MaskBuffer.h; sourceTree = "<group>"; };
		5C542C8C17BC151B00E4410A /* TelnetProxy.cpp */ = {isa = PBXFileReference; fileEncoding = 4; lastKnownFileType = sourcecode.cpp.cpp; name = TelnetProxy.cpp; path = ../../library/TelnetProxy.cpp; sourceTree = "<group>"; };
		5C542C8D17BC151B00E4410A /* TelnetProxy.h */ = {isa = PBXFileReference; fileEncoding = 4; lastKnownFileType = sourcecode.c.h; name = TelnetProxy.h; path = ../../library/TelnetProxy.h; sourceTree = "<group>"; };
		5C542C8E17BC151C00E4410A /* WiflyColor.h */ = {isa = PBXFileReference; fileEncoding = 4; lastKnownFileType = sourcecode.c.h; name = WiflyColor.h; path = ../../library/WiflyColor.h; sourceTree = "<group>"; };
		5C542C8F17BC151C00E4410A /* WiflyControl.cpp */ = {isa = PBXFileReference; fileEncoding = 4; lastKnownFileType = sourcecode.cpp.cpp; name = WiflyControl.cpp; path = ../../library/WiflyControl.cpp; sourceTree = "<group>"; };
		5C542C9017BC151C00E4410A /* WiflyControl.h */ = {isa = PBXFileReference; fileEncoding = 4; lastKnownFileType = sourcecode.c.h; name = WiflyControl.h; path = ../../library/WiflyControl.h; sourceTree = "<group>"; };
		5C542C9117BC151C00E4410A /* WiflyControlException.h */ = {isa = PBXFileReference; fileEncoding = 4; lastKnownFileType = sourcecode.c.h; name = WiflyControlException.h; path = ../../library/WiflyControlException.h; sourceTree = "<group>"; };
		5C542C9217BC151C00E4410A /* WiflyControlNoThrow.cpp */ = {isa = PBXFileReference; fileEncoding = 4; lastKnownFileType = sourcecode.cpp.cpp; name = WiflyControlNoThrow.cpp; path = ../../library/WiflyControlNoThrow.cpp; sourceTree = "<group>"; };
		5C542C9317BC151C00E4410A /* WiflyControlNoThrow.h */ = {isa = PBXFileReference; fileEncoding = 4; lastKnownFileType = sourcecode.c.h; name = WiflyControlNoThrow.h; path = ../../library/WiflyControlNoThrow.h; sourceTree = "<group>"; };
		5C542CA217BC15EE00E4410A /* checkerboard.png */ = {isa = PBXFileReference; lastKnownFileType = image.png; path = checkerboard.png; sourceTree = "<group>"; };
		5C542CA317BC15EE00E4410A /* checkerboard@2x.png */ = {isa = PBXFileReference; lastKnownFileType = image.png; path = "checkerboard@2x.png"; sourceTree = "<group>"; };
		5C542CA417BC15EE00E4410A /* colorPickerKnob.png */ = {isa = PBXFileReference; lastKnownFileType = image.png; path = colorPickerKnob.png; sourceTree = "<group>"; };
		5C542CA517BC15EE00E4410A /* colorPickerKnob@2x.png */ = {isa = PBXFileReference; lastKnownFileType = image.png; path = "colorPickerKnob@2x.png"; sourceTree = "<group>"; };
		5C542CA617BC15EE00E4410A /* HSV.c */ = {isa = PBXFileReference; fileEncoding = 4; lastKnownFileType = sourcecode.c.c; path = HSV.c; sourceTree = "<group>"; };
		5C542CA717BC15EE00E4410A /* HSV.h */ = {isa = PBXFileReference; fileEncoding = 4; lastKnownFileType = sourcecode.c.h; path = HSV.h; sourceTree = "<group>"; };
		5C542CA817BC15EE00E4410A /* KZColorPicker.h */ = {isa = PBXFileReference; fileEncoding = 4; lastKnownFileType = sourcecode.c.h; path = KZColorPicker.h; sourceTree = "<group>"; };
		5C542CA917BC15EE00E4410A /* KZColorPicker.m */ = {isa = PBXFileReference; fileEncoding = 4; lastKnownFileType = sourcecode.c.objc; path = KZColorPicker.m; sourceTree = "<group>"; };
		5C542CAA17BC15EE00E4410A /* KZColorCompareView.h */ = {isa = PBXFileReference; fileEncoding = 4; lastKnownFileType = sourcecode.c.h; path = KZColorCompareView.h; sourceTree = "<group>"; };
		5C542CAB17BC15EF00E4410A /* KZColorCompareView.m */ = {isa = PBXFileReference; fileEncoding = 4; lastKnownFileType = sourcecode.c.objc; path = KZColorCompareView.m; sourceTree = "<group>"; };
		5C542CAC17BC15EF00E4410A /* KZColorPickerBrightnessSlider.h */ = {isa = PBXFileReference; fileEncoding = 4; lastKnownFileType = sourcecode.c.h; path = KZColorPickerBrightnessSlider.h; sourceTree = "<group>"; };
		5C542CAD17BC15EF00E4410A /* KZColorPickerBrightnessSlider.m */ = {isa = PBXFileReference; fileEncoding = 4; lastKnownFileType = sourcecode.c.objc; path = KZColorPickerBrightnessSlider.m; sourceTree = "<group>"; };
		5C542CAE17BC15EF00E4410A /* KZColorPickerHSWheel.h */ = {isa = PBXFileReference; fileEncoding = 4; lastKnownFileType = sourcecode.c.h; path = KZColorPickerHSWheel.h; sourceTree = "<group>"; };
		5C542CAF17BC15EF00E4410A /* KZColorPickerHSWheel.m */ = {isa = PBXFileReference; fileEncoding = 4; lastKnownFileType = sourcecode.c.objc; path = KZColorPickerHSWheel.m; sourceTree = "<group>"; };
		5C542CB017BC15EF00E4410A /* KZColorPickerSwatchView.h */ = {isa = PBXFileReference; fileEncoding = 4; lastKnownFileType = sourcecode.c.h; path = KZColorPickerSwatchView.h; sourceTree = "<group>"; };
		5C542CB117BC15EF00E4410A /* KZColorPickerSwatchView.m */ = {isa = PBXFileReference; fileEncoding = 4; lastKnownFileType = sourcecode.c.objc; path = KZColorPickerSwatchView.m; sourceTree = "<group>"; };
		5C542CB217BC15EF00E4410A /* KZUnitSlider.h */ = {isa = PBXFileReference; fileEncoding = 4; lastKnownFileType = sourcecode.c.h; path = KZUnitSlider.h; sourceTree = "<group>"; };
		5C542CB317BC15EF00E4410A /* KZUnitSlider.m */ = {isa = PBXFileReference; fileEncoding = 4; lastKnownFileType = sourcecode.c.objc; path = KZUnitSlider.m; sourceTree = "<group>"; };
		5C542CB417BC15EF00E4410A /* pickerColorWheel.png */ = {isa = PBXFileReference; lastKnownFileType = image.png; path = pickerColorWheel.png; sourceTree = "<group>"; };
		5C542CB517BC15EF00E4410A /* pickerColorWheel@2x.png */ = {isa = PBXFileReference; lastKnownFileType = image.png; path = "pickerColorWheel@2x.png"; sourceTree = "<group>"; };
		5C542CB617BC15EF00E4410A /* UIColor-Expanded.h */ = {isa = PBXFileReference; fileEncoding = 4; lastKnownFileType = sourcecode.c.h; path = "UIColor-Expanded.h"; sourceTree = "<group>"; };
		5C542CB717BC15EF00E4410A /* UIColor-Expanded.m */ = {isa = PBXFileReference; fileEncoding = 4; lastKnownFileType = sourcecode.c.objc; path = "UIColor-Expanded.m"; sourceTree = "<group>"; };
		5C542CC717BC163900E4410A /* NWAddNewTargetConfigureViewController.h */ = {isa = PBXFileReference; fileEncoding = 4; lastKnownFileType = sourcecode.c.h; path = NWAddNewTargetConfigureViewController.h; sourceTree = "<group>"; };
		5C542CC817BC163900E4410A /* NWAddNewTargetConfigureViewController.m */ = {isa = PBXFileReference; fileEncoding = 4; lastKnownFileType = sourcecode.c.objc; path = NWAddNewTargetConfigureViewController.m; sourceTree = "<group>"; };
		5C542CC917BC163900E4410A /* NWAddNewTargetGuideViewController.h */ = {isa = PBXFileReference; fileEncoding = 4; lastKnownFileType = sourcecode.c.h; path = NWAddNewTargetGuideViewController.h; sourceTree = "<group>"; };
		5C542CCA17BC163900E4410A /* NWAddNewTargetGuideViewController.m */ = {isa = PBXFileReference; fileEncoding = 4; lastKnownFileType = sourcecode.c.objc; path = NWAddNewTargetGuideViewController.m; sourceTree = "<group>"; };
		5C542CCB17BC163A00E4410A /* NWAddNewTargetGuideView.h */ = {isa = PBXFileReference; fileEncoding = 4; lastKnownFileType = sourcecode.c.h; path = NWAddNewTargetGuideView.h; sourceTree = "<group>"; };
		5C542CCC17BC163A00E4410A /* NWAddNewTargetGuideView.m */ = {isa = PBXFileReference; fileEncoding = 4; lastKnownFileType = sourcecode.c.objc; path = NWAddNewTargetGuideView.m; sourceTree = "<group>"; };
		5C542CD317BC165200E4410A /* NWBroadcastsTVC.h */ = {isa = PBXFileReference; fileEncoding = 4; lastKnownFileType = sourcecode.c.h; path = NWBroadcastsTVC.h; sourceTree = "<group>"; };
		5C542CD417BC165200E4410A /* NWBroadcastsTVC.m */ = {isa = PBXFileReference; fileEncoding = 4; lastKnownFileType = sourcecode.c.objc; path = NWBroadcastsTVC.m; sourceTree = "<group>"; };
		5C542CD617BC167400E4410A /* NWBrightnessViewController.h */ = {isa = PBXFileReference; fileEncoding = 4; lastKnownFileType = sourcecode.c.h; path = NWBrightnessViewController.h; sourceTree = "<group>"; };
		5C542CD717BC167400E4410A /* NWBrightnessViewController.m */ = {isa = PBXFileReference; fileEncoding = 4; lastKnownFileType = sourcecode.c.objc; path = NWBrightnessViewController.m; sourceTree = "<group>"; };
		5C542CDA17BC167400E4410A /* NWColorPickerViewController.h */ = {isa = PBXFileReference; fileEncoding = 4; lastKnownFileType = sourcecode.c.h; path = NWColorPickerViewController.h; sourceTree = "<group>"; };
		5C542CDB17BC167400E4410A /* NWColorPickerViewController.m */ = {isa = PBXFileReference; fileEncoding = 4; lastKnownFileType = sourcecode.c.objc; path = NWColorPickerViewController.m; sourceTree = "<group>"; };
		5C542CDC17BC167400E4410A /* NWConnectionTBC.h */ = {isa = PBXFileReference; fileEncoding = 4; lastKnownFileType = sourcecode.c.h; path = NWConnectionTBC.h; sourceTree = "<group>"; };
		5C542CDD17BC167400E4410A /* NWConnectionTBC.m */ = {isa = PBXFileReference; fileEncoding = 4; lastKnownFileType = sourcecode.c.objc; path = NWConnectionTBC.m; sourceTree = "<group>"; };
		5C542CDE17BC167400E4410A /* NWScriptViewController.h */ = {isa = PBXFileReference; fileEncoding = 4; lastKnownFileType = sourcecode.c.h; path = NWScriptViewController.h; sourceTree = "<group>"; };
		5C542CDF17BC167400E4410A /* NWScriptViewController.m */ = {isa = PBXFileReference; fileEncoding = 4; lastKnownFileType = sourcecode.c.objc; path = NWScriptViewController.m; sourceTree = "<group>"; };
		5C542CE217BC167500E4410A /* NWScript.h */ = {isa = PBXFileReference; fileEncoding = 4; lastKnownFileType = sourcecode.c.h; path = NWScript.h; sourceTree = "<group>"; };
		5C542CE317BC167500E4410A /* NWScript.m */ = {isa = PBXFileReference; fileEncoding = 4; lastKnownFileType = sourcecode.c.objc; path = NWScript.m; sourceTree = "<group>"; };
		5C542CE817BC167500E4410A /* NWLoopOnCommandObject.h */ = {isa = PBXFileReference; fileEncoding = 4; lastKnownFileType = sourcecode.c.h; path = NWLoopOnCommandObject.h; sourceTree = "<group>"; };
		5C542CE917BC167500E4410A /* NWLoopOnCommandObject.m */ = {isa = PBXFileReference; fileEncoding = 4; lastKnownFileType = sourcecode.c.objc; path = NWLoopOnCommandObject.m; sourceTree = "<group>"; };
		5C542CEA17BC167500E4410A /* NWLoopOffCommandObject.h */ = {isa = PBXFileReference; fileEncoding = 4; lastKnownFileType = sourcecode.c.h; path = NWLoopOffCommandObject.h; sourceTree = "<group>"; };
		5C542CEB17BC167500E4410A /* NWLoopOffCommandObject.m */ = {isa = PBXFileReference; fileEncoding = 4; lastKnownFileType = sourcecode.c.objc; path = NWLoopOffCommandObject.m; sourceTree = "<group>"; };
		5C542CEC17BC167500E4410A /* NWSetGradientScriptCommandObject.h */ = {isa = PBXFileReference; fileEncoding = 4; lastKnownFileType = sourcecode.c.h; path = NWSetGradientScriptCommandObject.h; sourceTree = "<group>"; };
		5C542CED17BC167500E4410A /* NWSetGradientScriptCommandObject.mm */ = {isa = PBXFileReference; fileEncoding = 4; lastKnownFileType = sourcecode.cpp.objcpp; path = NWSetGradientScriptCommandObject.mm; sourceTree = "<group>"; };
		5C542CF017BC167500E4410A /* NWScriptCommandObject.h */ = {isa = PBXFileReference; fileEncoding = 4; lastKnownFileType = sourcecode.c.h; path = NWScriptCommandObject.h; sourceTree = "<group>"; };
		5C542CF117BC167500E4410A /* NWScriptCommandObject.m */ = {isa = PBXFileReference; fileEncoding = 4; lastKnownFileType = sourcecode.c.objc; path = NWScriptCommandObject.m; sourceTree = "<group>"; };
		5C542CF217BC167500E4410A /* NWSetFadeScriptCommandObject.h */ = {isa = PBXFileReference; fileEncoding = 4; lastKnownFileType = sourcecode.c.h; path = NWSetFadeScriptCommandObject.h; sourceTree = "<group>"; };
		5C542CF317BC167600E4410A /* NWSetFadeScriptCommandObject.mm */ = {isa = PBXFileReference; fileEncoding = 4; lastKnownFileType = sourcecode.cpp.objcpp; path = NWSetFadeScriptCommandObject.mm; sourceTree = "<group>"; };
		5C542CF417BC167600E4410A /* NWScriptEffectCommandObject.h */ = {isa = PBXFileReference; fileEncoding = 4; lastKnownFileType = sourcecode.c.h; path = NWScriptEffectCommandObject.h; sourceTree = "<group>"; };
		5C542CF517BC167600E4410A /* NWScriptEffectCommandObject.m */ = {isa = PBXFileReference; fileEncoding = 4; lastKnownFileType = sourcecode.c.objc; path = NWScriptEffectCommandObject.m; sourceTree = "<group>"; };
		5C542CF817BC167600E4410A /* NWEditGradientCommandViewController.h */ = {isa = PBXFileReference; fileEncoding = 4; lastKnownFileType = sourcecode.c.h; path = NWEditGradientCommandViewController.h; sourceTree = "<group>"; };
		5C542CF917BC167600E4410A /* NWEditGradientCommandViewController.m */ = {isa = PBXFileReference; fileEncoding = 4; lastKnownFileType = sourcecode.c.objc; path = NWEditGradientCommandViewController.m; sourceTree = "<group>"; };
		5C542D1017BCC46200E4410A /* NWDefaultColorPickerViewController.h */ = {isa = PBXFileReference; fileEncoding = 4; lastKnownFileType = sourcecode.c.h; path = NWDefaultColorPickerViewController.h; sourceTree = "<group>"; };
		5C542D1117BCC46200E4410A /* NWDefaultColorPickerViewController.m */ = {isa = PBXFileReference; fileEncoding = 4; lastKnownFileType = sourcecode.c.objc; path = NWDefaultColorPickerViewController.m; sourceTree = "<group>"; };
		5C542D1617BCD89000E4410A /* main.hex */ = {isa = PBXFileReference; fileEncoding = 4; lastKnownFileType = text; path = main.hex; sourceTree = "<group>"; };
		5C542D1717BCD89000E4410A /* Guide2.png */ = {isa = PBXFileReference; lastKnownFileType = image.png; path = Guide2.png; sourceTree = "<group>"; };
		5C542D1817BCD89000E4410A /* Guide1.png */ = {isa = PBXFileReference; lastKnownFileType = image.png; path = Guide1.png; sourceTree = "<group>"; };
		5C542D2017BD301000E4410A /* NWEditFadeCommandViewController.h */ = {isa = PBXFileReference; fileEncoding = 4; lastKnownFileType = sourcecode.c.h; path = NWEditFadeCommandViewController.h; sourceTree = "<group>"; };
		5C542D2117BD301200E4410A /* NWEditFadeCommandViewController.m */ = {isa = PBXFileReference; fileEncoding = 4; lastKnownFileType = sourcecode.c.objc; path = NWEditFadeCommandViewController.m; sourceTree = "<group>"; };
		5C542D2617BD547700E4410A /* NWComplexScriptCommandObject.h */ = {isa = PBXFileReference; fileEncoding = 4; lastKnownFileType = sourcecode.c.h; path = NWComplexScriptCommandObject.h; sourceTree = "<group>"; };
		5C542D2717BD547800E4410A /* NWComplexScriptCommandObject.m */ = {isa = PBXFileReference; fileEncoding = 4; lastKnownFileType = sourcecode.c.objc; path = NWComplexScriptCommandObject.m; sourceTree = "<group>"; };
		5C542D2917BD629300E4410A /* NWEditComplexScriptObjectViewController.h */ = {isa = PBXFileReference; fileEncoding = 4; lastKnownFileType = sourcecode.c.h; path = NWEditComplexScriptObjectViewController.h; sourceTree = "<group>"; };
		5C542D2A17BD629400E4410A /* NWEditComplexScriptObjectViewController.m */ = {isa = PBXFileReference; fileEncoding = 4; lastKnownFileType = sourcecode.c.objc; path = NWEditComplexScriptObjectViewController.m; sourceTree = "<group>"; };
		5C7034AF17CCEE3200B121A6 /* NWSendableCommand.h */ = {isa = PBXFileReference; lastKnownFileType = sourcecode.c.h; path = NWSendableCommand.h; sourceTree = "<group>"; };
		5C7034B017CCF17900B121A6 /* NWDrawableCommand.h */ = {isa = PBXFileReference; lastKnownFileType = sourcecode.c.h; path = NWDrawableCommand.h; sourceTree = "<group>"; };
		5C7034B417CE24ED00B121A6 /* NWScriptObjectView.h */ = {isa = PBXFileReference; fileEncoding = 4; lastKnownFileType = sourcecode.c.h; path = NWScriptObjectView.h; sourceTree = "<group>"; };
		5C7034B517CE24EE00B121A6 /* NWScriptObjectView.m */ = {isa = PBXFileReference; fileEncoding = 4; lastKnownFileType = sourcecode.c.objc; path = NWScriptObjectView.m; sourceTree = "<group>"; };
		5C7034B717CF216100B121A6 /* NWScriptObjectCollectionViewCell.h */ = {isa = PBXFileReference; fileEncoding = 4; lastKnownFileType = sourcecode.c.h; path = NWScriptObjectCollectionViewCell.h; sourceTree = "<group>"; };
		5C7034B817CF216100B121A6 /* NWScriptObjectCollectionViewCell.m */ = {isa = PBXFileReference; fileEncoding = 4; lastKnownFileType = sourcecode.c.objc; path = NWScriptObjectCollectionViewCell.m; sourceTree = "<group>"; };
		5C7034BA17CF230800B121A6 /* NWCollectionViewLayout.h */ = {isa = PBXFileReference; fileEncoding = 4; lastKnownFileType = sourcecode.c.h; path = NWCollectionViewLayout.h; sourceTree = "<group>"; };
		5C7034BB17CF230800B121A6 /* NWCollectionViewLayout.m */ = {isa = PBXFileReference; fileEncoding = 4; lastKnownFileType = sourcecode.c.objc; path = NWCollectionViewLayout.m; sourceTree = "<group>"; };
		5C7034BD17CF296E00B121A6 /* NWCollectionViewLayoutAttributes.h */ = {isa = PBXFileReference; fileEncoding = 4; lastKnownFileType = sourcecode.c.h; path = NWCollectionViewLayoutAttributes.h; sourceTree = "<group>"; };
		5C7034BE17CF296F00B121A6 /* NWCollectionViewLayoutAttributes.m */ = {isa = PBXFileReference; fileEncoding = 4; lastKnownFileType = sourcecode.c.objc; path = NWCollectionViewLayoutAttributes.m; sourceTree = "<group>"; };
		5C7034C117CF3D8C00B121A6 /* ALRadialButton.h */ = {isa = PBXFileReference; fileEncoding = 4; lastKnownFileType = sourcecode.c.h; path = ALRadialButton.h; sourceTree = "<group>"; };
		5C7034C217CF3D8D00B121A6 /* ALRadialButton.m */ = {isa = PBXFileReference; fileEncoding = 4; lastKnownFileType = sourcecode.c.objc; path = ALRadialButton.m; sourceTree = "<group>"; };
		5C7034C317CF3D8E00B121A6 /* ALRadialMenu.h */ = {isa = PBXFileReference; fileEncoding = 4; lastKnownFileType = sourcecode.c.h; path = ALRadialMenu.h; sourceTree = "<group>"; };
		5C7034C417CF3D8F00B121A6 /* ALRadialMenu.m */ = {isa = PBXFileReference; fileEncoding = 4; lastKnownFileType = sourcecode.c.objc; path = ALRadialMenu.m; sourceTree = "<group>"; };
		5CB5336A17D2266E00262009 /* NWScriptObjectControl.h */ = {isa = PBXFileReference; fileEncoding = 4; lastKnownFileType = sourcecode.c.h; path = NWScriptObjectControl.h; sourceTree = "<group>"; };
		5CB5336B17D2266E00262009 /* NWScriptObjectControl.m */ = {isa = PBXFileReference; fileEncoding = 4; lastKnownFileType = sourcecode.c.objc; path = NWScriptObjectControl.m; sourceTree = "<group>"; };
		5CDEA45B17E3419C00F1FBC1 /* NWAddCollectionViewCell.h */ = {isa = PBXFileReference; fileEncoding = 4; lastKnownFileType = sourcecode.c.h; path = NWAddCollectionViewCell.h; sourceTree = "<group>"; };
		5CDEA45C17E3419D00F1FBC1 /* NWAddCollectionViewCell.m */ = {isa = PBXFileReference; fileEncoding = 4; lastKnownFileType = sourcecode.c.objc; path = NWAddCollectionViewCell.m; sourceTree = "<group>"; };
		5CDEA45E17E4C0E100F1FBC1 /* NWTimeInfoView.h */ = {isa = PBXFileReference; fileEncoding = 4; lastKnownFileType = sourcecode.c.h; path = NWTimeInfoView.h; sourceTree = "<group>"; };
		5CDEA45F17E4C0E100F1FBC1 /* NWTimeInfoView.m */ = {isa = PBXFileReference; fileEncoding = 4; lastKnownFileType = sourcecode.c.objc; path = NWTimeInfoView.m; sourceTree = "<group>"; };
		5CDEA46117E4DA6400F1FBC1 /* NWAddScriptObjectView.h */ = {isa = PBXFileReference; fileEncoding = 4; lastKnownFileType = sourcecode.c.h; path = NWAddScriptObjectView.h; sourceTree = "<group>"; };
		5CDEA46217E4DA6400F1FBC1 /* NWAddScriptObjectView.m */ = {isa = PBXFileReference; fileEncoding = 4; lastKnownFileType = sourcecode.c.objc; path = NWAddScriptObjectView.m; sourceTree = "<group>"; };
		5CE16BBB17D1F739006A8F67 /* NWScriptView.h */ = {isa = PBXFileReference; fileEncoding = 4; lastKnownFileType = sourcecode.c.h; path = NWScriptView.h; sourceTree = "<group>"; };
		5CE16BBC17D1F73A006A8F67 /* NWScriptView.m */ = {isa = PBXFileReference; fileEncoding = 4; lastKnownFileType = sourcecode.c.objc; path = NWScriptView.m; sourceTree = "<group>"; };
/* End PBXFileReference section */

/* Begin PBXFrameworksBuildPhase section */
		5C542C4017BC13B000E4410A /* Frameworks */ = {
			isa = PBXFrameworksBuildPhase;
			buildActionMask = 2147483647;
			files = (
				5C542C6A17BC142300E4410A /* QuartzCore.framework in Frameworks */,
				5C542C4717BC13B000E4410A /* UIKit.framework in Frameworks */,
				5C542C4917BC13B000E4410A /* Foundation.framework in Frameworks */,
				5C542C4B17BC13B000E4410A /* CoreGraphics.framework in Frameworks */,
			);
			runOnlyForDeploymentPostprocessing = 0;
		};
/* End PBXFrameworksBuildPhase section */

/* Begin PBXGroup section */
		5C542C3A17BC13B000E4410A = {
			isa = PBXGroup;
			children = (
				5C542C4C17BC13B000E4410A /* WyLightRemote */,
				5C542C4517BC13B000E4410A /* Frameworks */,
				5C542C4417BC13B000E4410A /* Products */,
			);
			sourceTree = "<group>";
		};
		5C542C4417BC13B000E4410A /* Products */ = {
			isa = PBXGroup;
			children = (
				5C542C4317BC13B000E4410A /* WyLightRemote.app */,
			);
			name = Products;
			sourceTree = "<group>";
		};
		5C542C4517BC13B000E4410A /* Frameworks */ = {
			isa = PBXGroup;
			children = (
				5C542C6917BC142300E4410A /* QuartzCore.framework */,
				5C542C4617BC13B000E4410A /* UIKit.framework */,
				5C542C4817BC13B000E4410A /* Foundation.framework */,
				5C542C4A17BC13B000E4410A /* CoreGraphics.framework */,
			);
			name = Frameworks;
			sourceTree = "<group>";
		};
		5C542C4C17BC13B000E4410A /* WyLightRemote */ = {
			isa = PBXGroup;
			children = (
				5C542D0C17BC176600E4410A /* ViewControllers */,
				5C542D0D17BCC1DB00E4410A /* Views */,
				5C542D0F17BCC22600E4410A /* CommandModel */,
				5C542CC617BC15F900E4410A /* ColorPicker */,
				5C542CA117BC152E00E4410A /* WiflyControlModel */,
				5C542C6B17BC146700E4410A /* MainStoryboard_iPhone.storyboard */,
				5C542C4D17BC13B000E4410A /* Supporting Files */,
			);
			path = WyLightRemote;
			sourceTree = "<group>";
		};
		5C542C4D17BC13B000E4410A /* Supporting Files */ = {
			isa = PBXGroup;
			children = (
				5C542D1617BCD89000E4410A /* main.hex */,
				5C542D1717BCD89000E4410A /* Guide2.png */,
				5C542D1817BCD89000E4410A /* Guide1.png */,
				5C542C5517BC13B000E4410A /* NWAppDelegate.h */,
				5C542C5617BC13B000E4410A /* NWAppDelegate.m */,
				5C542C4E17BC13B000E4410A /* WyLightRemote-Info.plist */,
				5C542C4F17BC13B000E4410A /* InfoPlist.strings */,
				5C542C5217BC13B000E4410A /* main.m */,
				5C542C5417BC13B000E4410A /* WyLightRemote-Prefix.pch */,
				5C542C5817BC13B000E4410A /* Default.png */,
				5C542C5A17BC13B000E4410A /* Default@2x.png */,
				5C542C5C17BC13B000E4410A /* Default-568h@2x.png */,
			);
			name = "Supporting Files";
			sourceTree = "<group>";
		};
		5C542CA117BC152E00E4410A /* WiflyControlModel */ = {
			isa = PBXGroup;
			children = (
				5C542C6D17BC151A00E4410A /* WCEndpoint.h */,
				5C542C6E17BC151A00E4410A /* WCEndpoint.m */,
				5C542C6F17BC151A00E4410A /* Script.cpp */,
				5C542C7017BC151A00E4410A /* Script.h */,
				5C542C7117BC151A00E4410A /* MessageQueue.h */,
				5C542C7217BC151A00E4410A /* crc.c */,
				5C542C7317BC151A00E4410A /* crc.h */,
				5C542C7417BC151A00E4410A /* error.h */,
				5C542C7517BC151A00E4410A /* platform.h */,
				5C542C7617BC151A00E4410A /* timeval.h */,
				5C542C7717BC151A00E4410A /* trace.h */,
				5C542C7817BC151A00E4410A /* wifly_cmd.h */,
				5C542C7917BC151A00E4410A /* WCBroadcastReceiverWrapper.h */,
				5C542C7A17BC151A00E4410A /* WCBroadcastReceiverWrapper.mm */,
				5C542C7B17BC151B00E4410A /* WCWiflyControlWrapper.h */,
				5C542C7C17BC151B00E4410A /* WCWiflyControlWrapper.mm */,
				5C542C7D17BC151B00E4410A /* BlRequest.h */,
				5C542C7E17BC151B00E4410A /* BroadcastMessage.h */,
				5C542C7F17BC151B00E4410A /* BroadcastReceiver.cpp */,
				5C542C8017BC151B00E4410A /* BroadcastReceiver.h */,
				5C542C8117BC151B00E4410A /* ClientSocket.cpp */,
				5C542C8217BC151B00E4410A /* ClientSocket.h */,
				5C542C8317BC151B00E4410A /* ComProxy.cpp */,
				5C542C8417BC151B00E4410A /* ComProxy.h */,
				5C542C8517BC151B00E4410A /* Endpoint.h */,
				5C542C8617BC151B00E4410A /* FwCommand.h */,
				5C542C8717BC151B00E4410A /* FwResponse.h */,
				5C542C8817BC151B00E4410A /* intelhexclass.cpp */,
				5C542C8917BC151B00E4410A /* intelhexclass.h */,
				5C542C8A17BC151B00E4410A /* MaskBuffer.cpp */,
				5C542C8B17BC151B00E4410A /* MaskBuffer.h */,
				5C542C8C17BC151B00E4410A /* TelnetProxy.cpp */,
				5C542C8D17BC151B00E4410A /* TelnetProxy.h */,
				5C542C8E17BC151C00E4410A /* WiflyColor.h */,
				5C542C8F17BC151C00E4410A /* WiflyControl.cpp */,
				5C542C9017BC151C00E4410A /* WiflyControl.h */,
				5C542C9117BC151C00E4410A /* WiflyControlException.h */,
				5C542C9217BC151C00E4410A /* WiflyControlNoThrow.cpp */,
				5C542C9317BC151C00E4410A /* WiflyControlNoThrow.h */,
			);
			name = WiflyControlModel;
			sourceTree = "<group>";
		};
		5C542CC617BC15F900E4410A /* ColorPicker */ = {
			isa = PBXGroup;
			children = (
				5C542CA217BC15EE00E4410A /* checkerboard.png */,
				5C542CA317BC15EE00E4410A /* checkerboard@2x.png */,
				5C542CA417BC15EE00E4410A /* colorPickerKnob.png */,
				5C542CA517BC15EE00E4410A /* colorPickerKnob@2x.png */,
				5C542CA617BC15EE00E4410A /* HSV.c */,
				5C542CA717BC15EE00E4410A /* HSV.h */,
				5C542CA817BC15EE00E4410A /* KZColorPicker.h */,
				5C542CA917BC15EE00E4410A /* KZColorPicker.m */,
				5C542CAA17BC15EE00E4410A /* KZColorCompareView.h */,
				5C542CAB17BC15EF00E4410A /* KZColorCompareView.m */,
				5C542CAC17BC15EF00E4410A /* KZColorPickerBrightnessSlider.h */,
				5C542CAD17BC15EF00E4410A /* KZColorPickerBrightnessSlider.m */,
				5C542CAE17BC15EF00E4410A /* KZColorPickerHSWheel.h */,
				5C542CAF17BC15EF00E4410A /* KZColorPickerHSWheel.m */,
				5C542CB017BC15EF00E4410A /* KZColorPickerSwatchView.h */,
				5C542CB117BC15EF00E4410A /* KZColorPickerSwatchView.m */,
				5C542CB217BC15EF00E4410A /* KZUnitSlider.h */,
				5C542CB317BC15EF00E4410A /* KZUnitSlider.m */,
				5C542CB417BC15EF00E4410A /* pickerColorWheel.png */,
				5C542CB517BC15EF00E4410A /* pickerColorWheel@2x.png */,
				5C542CB617BC15EF00E4410A /* UIColor-Expanded.h */,
				5C542CB717BC15EF00E4410A /* UIColor-Expanded.m */,
			);
			name = ColorPicker;
			sourceTree = "<group>";
		};
		5C542D0C17BC176600E4410A /* ViewControllers */ = {
			isa = PBXGroup;
			children = (
				5C542CD317BC165200E4410A /* NWBroadcastsTVC.h */,
				5C542CD417BC165200E4410A /* NWBroadcastsTVC.m */,
				5C542CDC17BC167400E4410A /* NWConnectionTBC.h */,
				5C542CDD17BC167400E4410A /* NWConnectionTBC.m */,
				5C542CD617BC167400E4410A /* NWBrightnessViewController.h */,
				5C542CD717BC167400E4410A /* NWBrightnessViewController.m */,
				5C542D1017BCC46200E4410A /* NWDefaultColorPickerViewController.h */,
				5C542D1117BCC46200E4410A /* NWDefaultColorPickerViewController.m */,
				5C542CDA17BC167400E4410A /* NWColorPickerViewController.h */,
				5C542CDB17BC167400E4410A /* NWColorPickerViewController.m */,
				5C542D2017BD301000E4410A /* NWEditFadeCommandViewController.h */,
				5C542D2117BD301200E4410A /* NWEditFadeCommandViewController.m */,
				5C542CF817BC167600E4410A /* NWEditGradientCommandViewController.h */,
				5C542CF917BC167600E4410A /* NWEditGradientCommandViewController.m */,
				5C542D0E17BCC1F200E4410A /* ScriptViewController */,
				5C7034C017CF2C2C00B121A6 /* ComplexScriptObjectViewController */,
				5C542CC717BC163900E4410A /* NWAddNewTargetConfigureViewController.h */,
				5C542CC817BC163900E4410A /* NWAddNewTargetConfigureViewController.m */,
				5C542CC917BC163900E4410A /* NWAddNewTargetGuideViewController.h */,
				5C542CCA17BC163900E4410A /* NWAddNewTargetGuideViewController.m */,
			);
			name = ViewControllers;
			sourceTree = "<group>";
		};
		5C542D0D17BCC1DB00E4410A /* Views */ = {
			isa = PBXGroup;
			children = (
				5C542CCB17BC163A00E4410A /* NWAddNewTargetGuideView.h */,
				5C542CCC17BC163A00E4410A /* NWAddNewTargetGuideView.m */,
				5C7034B417CE24ED00B121A6 /* NWScriptObjectView.h */,
				5C7034B517CE24EE00B121A6 /* NWScriptObjectView.m */,
				5CB5336A17D2266E00262009 /* NWScriptObjectControl.h */,
				5CB5336B17D2266E00262009 /* NWScriptObjectControl.m */,
				5CDEA45E17E4C0E100F1FBC1 /* NWTimeInfoView.h */,
				5CDEA45F17E4C0E100F1FBC1 /* NWTimeInfoView.m */,
				5CDEA46117E4DA6400F1FBC1 /* NWAddScriptObjectView.h */,
				5CDEA46217E4DA6400F1FBC1 /* NWAddScriptObjectView.m */,
			);
			name = Views;
			sourceTree = "<group>";
		};
		5C542D0E17BCC1F200E4410A /* ScriptViewController */ = {
			isa = PBXGroup;
			children = (
				5CE16BBB17D1F739006A8F67 /* NWScriptView.h */,
				5CE16BBC17D1F73A006A8F67 /* NWScriptView.m */,
				5C542CE217BC167500E4410A /* NWScript.h */,
				5C542CE317BC167500E4410A /* NWScript.m */,
				5C542CDE17BC167400E4410A /* NWScriptViewController.h */,
				5C542CDF17BC167400E4410A /* NWScriptViewController.m */,
			);
			name = ScriptViewController;
			sourceTree = "<group>";
		};
		5C542D0F17BCC22600E4410A /* CommandModel */ = {
			isa = PBXGroup;
			children = (
				5C7034AF17CCEE3200B121A6 /* NWSendableCommand.h */,
				5C7034B017CCF17900B121A6 /* NWDrawableCommand.h */,
				5C542CE817BC167500E4410A /* NWLoopOnCommandObject.h */,
				5C542CE917BC167500E4410A /* NWLoopOnCommandObject.m */,
				5C542CEA17BC167500E4410A /* NWLoopOffCommandObject.h */,
				5C542CEB17BC167500E4410A /* NWLoopOffCommandObject.m */,
				5C542CF017BC167500E4410A /* NWScriptCommandObject.h */,
				5C542CF117BC167500E4410A /* NWScriptCommandObject.m */,
				5C542CF417BC167600E4410A /* NWScriptEffectCommandObject.h */,
				5C542CF517BC167600E4410A /* NWScriptEffectCommandObject.m */,
				5C542CEC17BC167500E4410A /* NWSetGradientScriptCommandObject.h */,
				5C542CED17BC167500E4410A /* NWSetGradientScriptCommandObject.mm */,
				5C542CF217BC167500E4410A /* NWSetFadeScriptCommandObject.h */,
				5C542CF317BC167600E4410A /* NWSetFadeScriptCommandObject.mm */,
				5C542D2617BD547700E4410A /* NWComplexScriptCommandObject.h */,
				5C542D2717BD547800E4410A /* NWComplexScriptCommandObject.m */,
			);
			name = CommandModel;
			sourceTree = "<group>";
		};
		5C7034C017CF2C2C00B121A6 /* ComplexScriptObjectViewController */ = {
			isa = PBXGroup;
			children = (
				5C7034C717CF3D9D00B121A6 /* RadialMenu */,
				5C7034B717CF216100B121A6 /* NWScriptObjectCollectionViewCell.h */,
				5C7034B817CF216100B121A6 /* NWScriptObjectCollectionViewCell.m */,
				5CDEA45B17E3419C00F1FBC1 /* NWAddCollectionViewCell.h */,
				5CDEA45C17E3419D00F1FBC1 /* NWAddCollectionViewCell.m */,
				5C7034BA17CF230800B121A6 /* NWCollectionViewLayout.h */,
				5C7034BB17CF230800B121A6 /* NWCollectionViewLayout.m */,
				5C7034BD17CF296E00B121A6 /* NWCollectionViewLayoutAttributes.h */,
				5C7034BE17CF296F00B121A6 /* NWCollectionViewLayoutAttributes.m */,
				5C542D2917BD629300E4410A /* NWEditComplexScriptObjectViewController.h */,
				5C542D2A17BD629400E4410A /* NWEditComplexScriptObjectViewController.m */,
			);
			name = ComplexScriptObjectViewController;
			sourceTree = "<group>";
		};
		5C7034C717CF3D9D00B121A6 /* RadialMenu */ = {
			isa = PBXGroup;
			children = (
				5C7034C117CF3D8C00B121A6 /* ALRadialButton.h */,
				5C7034C217CF3D8D00B121A6 /* ALRadialButton.m */,
				5C7034C317CF3D8E00B121A6 /* ALRadialMenu.h */,
				5C7034C417CF3D8F00B121A6 /* ALRadialMenu.m */,
			);
			name = RadialMenu;
			sourceTree = "<group>";
		};
/* End PBXGroup section */

/* Begin PBXNativeTarget section */
		5C542C4217BC13B000E4410A /* WyLightRemote */ = {
			isa = PBXNativeTarget;
			buildConfigurationList = 5C542C6617BC13B000E4410A /* Build configuration list for PBXNativeTarget "WyLightRemote" */;
			buildPhases = (
				5C542C3F17BC13B000E4410A /* Sources */,
				5C542C4017BC13B000E4410A /* Frameworks */,
				5C542C4117BC13B000E4410A /* Resources */,
			);
			buildRules = (
			);
			dependencies = (
			);
			name = WyLightRemote;
			productName = WyLightRemote;
			productReference = 5C542C4317BC13B000E4410A /* WyLightRemote.app */;
			productType = "com.apple.product-type.application";
		};
/* End PBXNativeTarget section */

/* Begin PBXProject section */
		5C542C3B17BC13B000E4410A /* Project object */ = {
			isa = PBXProject;
			attributes = {
				CLASSPREFIX = NW;
				LastUpgradeCheck = 0460;
				ORGANIZATIONNAME = "Nils Weiß";
			};
			buildConfigurationList = 5C542C3E17BC13B000E4410A /* Build configuration list for PBXProject "WyLightRemote" */;
			compatibilityVersion = "Xcode 3.2";
			developmentRegion = English;
			hasScannedForEncodings = 0;
			knownRegions = (
				en,
			);
			mainGroup = 5C542C3A17BC13B000E4410A;
			productRefGroup = 5C542C4417BC13B000E4410A /* Products */;
			projectDirPath = "";
			projectRoot = "";
			targets = (
				5C542C4217BC13B000E4410A /* WyLightRemote */,
			);
		};
/* End PBXProject section */

/* Begin PBXResourcesBuildPhase section */
		5C542C4117BC13B000E4410A /* Resources */ = {
			isa = PBXResourcesBuildPhase;
			buildActionMask = 2147483647;
			files = (
				5C542C5117BC13B000E4410A /* InfoPlist.strings in Resources */,
				5C542C5917BC13B000E4410A /* Default.png in Resources */,
				5C542C5B17BC13B000E4410A /* Default@2x.png in Resources */,
				5C542C5D17BC13B000E4410A /* Default-568h@2x.png in Resources */,
				5C542C6C17BC146700E4410A /* MainStoryboard_iPhone.storyboard in Resources */,
				5C542CB817BC15EF00E4410A /* checkerboard.png in Resources */,
				5C542CB917BC15EF00E4410A /* checkerboard@2x.png in Resources */,
				5C542CBA17BC15EF00E4410A /* colorPickerKnob.png in Resources */,
				5C542CBB17BC15EF00E4410A /* colorPickerKnob@2x.png in Resources */,
				5C542CC317BC15EF00E4410A /* pickerColorWheel.png in Resources */,
				5C542CC417BC15EF00E4410A /* pickerColorWheel@2x.png in Resources */,
				5C542D1917BCD89000E4410A /* main.hex in Resources */,
				5C542D1A17BCD89000E4410A /* Guide2.png in Resources */,
				5C542D1B17BCD89000E4410A /* Guide1.png in Resources */,
			);
			runOnlyForDeploymentPostprocessing = 0;
		};
/* End PBXResourcesBuildPhase section */

/* Begin PBXSourcesBuildPhase section */
		5C542C3F17BC13B000E4410A /* Sources */ = {
			isa = PBXSourcesBuildPhase;
			buildActionMask = 2147483647;
			files = (
				5C542C5317BC13B000E4410A /* main.m in Sources */,
				5C542C5717BC13B000E4410A /* NWAppDelegate.m in Sources */,
				5C542C9417BC151C00E4410A /* WCEndpoint.m in Sources */,
				5C542C9517BC151C00E4410A /* Script.cpp in Sources */,
				5C542C9617BC151C00E4410A /* crc.c in Sources */,
				5C542C9717BC151C00E4410A /* WCBroadcastReceiverWrapper.mm in Sources */,
				5C542C9817BC151C00E4410A /* WCWiflyControlWrapper.mm in Sources */,
				5C542C9917BC151C00E4410A /* BroadcastReceiver.cpp in Sources */,
				5C542C9A17BC151C00E4410A /* ClientSocket.cpp in Sources */,
				5C542C9B17BC151C00E4410A /* ComProxy.cpp in Sources */,
				5C542C9C17BC151C00E4410A /* intelhexclass.cpp in Sources */,
				5C542C9D17BC151C00E4410A /* MaskBuffer.cpp in Sources */,
				5C542C9E17BC151C00E4410A /* TelnetProxy.cpp in Sources */,
				5C542C9F17BC151C00E4410A /* WiflyControl.cpp in Sources */,
				5C542CA017BC151C00E4410A /* WiflyControlNoThrow.cpp in Sources */,
				5C542CBC17BC15EF00E4410A /* HSV.c in Sources */,
				5C542CBD17BC15EF00E4410A /* KZColorPicker.m in Sources */,
				5C542CBE17BC15EF00E4410A /* KZColorCompareView.m in Sources */,
				5C542CBF17BC15EF00E4410A /* KZColorPickerBrightnessSlider.m in Sources */,
				5C542CC017BC15EF00E4410A /* KZColorPickerHSWheel.m in Sources */,
				5C542CC117BC15EF00E4410A /* KZColorPickerSwatchView.m in Sources */,
				5C542CC217BC15EF00E4410A /* KZUnitSlider.m in Sources */,
				5C542CC517BC15EF00E4410A /* UIColor-Expanded.m in Sources */,
				5C542CCF17BC163A00E4410A /* NWAddNewTargetConfigureViewController.m in Sources */,
				5C542CD017BC163A00E4410A /* NWAddNewTargetGuideViewController.m in Sources */,
				5C542CD117BC163A00E4410A /* NWAddNewTargetGuideView.m in Sources */,
				5C542CD517BC165200E4410A /* NWBroadcastsTVC.m in Sources */,
				5C542CFA17BC167600E4410A /* NWBrightnessViewController.m in Sources */,
				5C542CFC17BC167600E4410A /* NWColorPickerViewController.m in Sources */,
				5C542CFD17BC167600E4410A /* NWConnectionTBC.m in Sources */,
				5C542CFE17BC167600E4410A /* NWScriptViewController.m in Sources */,
				5C542D0017BC167600E4410A /* NWScript.m in Sources */,
				5C542D0317BC167600E4410A /* NWLoopOnCommandObject.m in Sources */,
				5C542D0417BC167600E4410A /* NWLoopOffCommandObject.m in Sources */,
				5C542D0517BC167600E4410A /* NWSetGradientScriptCommandObject.mm in Sources */,
				5C542D0717BC167600E4410A /* NWScriptCommandObject.m in Sources */,
				5C542D0817BC167600E4410A /* NWSetFadeScriptCommandObject.mm in Sources */,
				5C542D0917BC167600E4410A /* NWScriptEffectCommandObject.m in Sources */,
				5C542D0B17BC167600E4410A /* NWEditGradientCommandViewController.m in Sources */,
				5C542D1217BCC46300E4410A /* NWDefaultColorPickerViewController.m in Sources */,
				5C542D2217BD301300E4410A /* NWEditFadeCommandViewController.m in Sources */,
				5C542D2817BD547A00E4410A /* NWComplexScriptCommandObject.m in Sources */,
				5C542D2B17BD629700E4410A /* NWEditComplexScriptObjectViewController.m in Sources */,
				5C7034B617CE24EE00B121A6 /* NWScriptObjectView.m in Sources */,
				5C7034B917CF216200B121A6 /* NWScriptObjectCollectionViewCell.m in Sources */,
				5C7034BC17CF230900B121A6 /* NWCollectionViewLayout.m in Sources */,
				5C7034BF17CF297000B121A6 /* NWCollectionViewLayoutAttributes.m in Sources */,
				5C7034C517CF3D9000B121A6 /* ALRadialButton.m in Sources */,
				5C7034C617CF3D9000B121A6 /* ALRadialMenu.m in Sources */,
				5CE16BBD17D1F73A006A8F67 /* NWScriptView.m in Sources */,
				5CB5336C17D2266E00262009 /* NWScriptObjectControl.m in Sources */,
				5CDEA45D17E3419D00F1FBC1 /* NWAddCollectionViewCell.m in Sources */,
				5CDEA46017E4C0E200F1FBC1 /* NWTimeInfoView.m in Sources */,
				5CDEA46317E4DA6400F1FBC1 /* NWAddScriptObjectView.m in Sources */,
			);
			runOnlyForDeploymentPostprocessing = 0;
		};
/* End PBXSourcesBuildPhase section */

/* Begin PBXVariantGroup section */
		5C542C4F17BC13B000E4410A /* InfoPlist.strings */ = {
			isa = PBXVariantGroup;
			children = (
				5C542C5017BC13B000E4410A /* en */,
			);
			name = InfoPlist.strings;
			sourceTree = "<group>";
		};
/* End PBXVariantGroup section */

/* Begin XCBuildConfiguration section */
		5C542C6417BC13B000E4410A /* Debug */ = {
			isa = XCBuildConfiguration;
			buildSettings = {
				ALWAYS_SEARCH_USER_PATHS = NO;
				CLANG_CXX_LANGUAGE_STANDARD = "gnu++0x";
				CLANG_CXX_LIBRARY = "libc++";
				CLANG_ENABLE_OBJC_ARC = YES;
				CLANG_WARN_CONSTANT_CONVERSION = YES;
				CLANG_WARN_EMPTY_BODY = YES;
				CLANG_WARN_ENUM_CONVERSION = YES;
				CLANG_WARN_INT_CONVERSION = YES;
				CLANG_WARN__DUPLICATE_METHOD_MATCH = YES;
				"CODE_SIGN_IDENTITY[sdk=iphoneos*]" = "iPhone Developer";
				COPY_PHASE_STRIP = NO;
				GCC_C_LANGUAGE_STANDARD = gnu99;
				GCC_DYNAMIC_NO_PIC = NO;
				GCC_OPTIMIZATION_LEVEL = 0;
				GCC_PREPROCESSOR_DEFINITIONS = (
					"DEBUG=1",
					"$(inherited)",
				);
				GCC_SYMBOLS_PRIVATE_EXTERN = NO;
				GCC_WARN_ABOUT_RETURN_TYPE = YES;
				GCC_WARN_UNINITIALIZED_AUTOS = YES;
				GCC_WARN_UNUSED_VARIABLE = YES;
				IPHONEOS_DEPLOYMENT_TARGET = 6.1;
				ONLY_ACTIVE_ARCH = YES;
				SDKROOT = iphoneos;
			};
			name = Debug;
		};
		5C542C6517BC13B000E4410A /* Release */ = {
			isa = XCBuildConfiguration;
			buildSettings = {
				ALWAYS_SEARCH_USER_PATHS = NO;
				CLANG_CXX_LANGUAGE_STANDARD = "gnu++0x";
				CLANG_CXX_LIBRARY = "libc++";
				CLANG_ENABLE_OBJC_ARC = YES;
				CLANG_WARN_CONSTANT_CONVERSION = YES;
				CLANG_WARN_EMPTY_BODY = YES;
				CLANG_WARN_ENUM_CONVERSION = YES;
				CLANG_WARN_INT_CONVERSION = YES;
				CLANG_WARN__DUPLICATE_METHOD_MATCH = YES;
				"CODE_SIGN_IDENTITY[sdk=iphoneos*]" = "iPhone Developer";
				COPY_PHASE_STRIP = YES;
				GCC_C_LANGUAGE_STANDARD = gnu99;
				GCC_WARN_ABOUT_RETURN_TYPE = YES;
				GCC_WARN_UNINITIALIZED_AUTOS = YES;
				GCC_WARN_UNUSED_VARIABLE = YES;
				IPHONEOS_DEPLOYMENT_TARGET = 6.1;
				OTHER_CFLAGS = "-DNS_BLOCK_ASSERTIONS=1";
				SDKROOT = iphoneos;
				VALIDATE_PRODUCT = YES;
			};
			name = Release;
		};
		5C542C6717BC13B000E4410A /* Debug */ = {
			isa = XCBuildConfiguration;
			buildSettings = {
				GCC_PRECOMPILE_PREFIX_HEADER = YES;
				GCC_PREFIX_HEADER = "WyLightRemote/WyLightRemote-Prefix.pch";
				INFOPLIST_FILE = "WyLightRemote/WyLightRemote-Info.plist";
				PRODUCT_NAME = "$(TARGET_NAME)";
				WRAPPER_EXTENSION = app;
			};
			name = Debug;
		};
		5C542C6817BC13B000E4410A /* Release */ = {
			isa = XCBuildConfiguration;
			buildSettings = {
				GCC_PRECOMPILE_PREFIX_HEADER = YES;
				GCC_PREFIX_HEADER = "WyLightRemote/WyLightRemote-Prefix.pch";
				INFOPLIST_FILE = "WyLightRemote/WyLightRemote-Info.plist";
				PRODUCT_NAME = "$(TARGET_NAME)";
				WRAPPER_EXTENSION = app;
			};
			name = Release;
		};
/* End XCBuildConfiguration section */

/* Begin XCConfigurationList section */
		5C542C3E17BC13B000E4410A /* Build configuration list for PBXProject "WyLightRemote" */ = {
			isa = XCConfigurationList;
			buildConfigurations = (
				5C542C6417BC13B000E4410A /* Debug */,
				5C542C6517BC13B000E4410A /* Release */,
			);
			defaultConfigurationIsVisible = 0;
			defaultConfigurationName = Release;
		};
		5C542C6617BC13B000E4410A /* Build configuration list for PBXNativeTarget "WyLightRemote" */ = {
			isa = XCConfigurationList;
			buildConfigurations = (
				5C542C6717BC13B000E4410A /* Debug */,
				5C542C6817BC13B000E4410A /* Release */,
			);
			defaultConfigurationIsVisible = 0;
			defaultConfigurationName = Release;
		};
/* End XCConfigurationList section */
	};
	rootObject = 5C542C3B17BC13B000E4410A /* Project object */;
}
