// !$*UTF8*$!
{
	archiveVersion = 1;
	classes = {
	};
	objectVersion = 46;
	objects = {

/* Begin PBXBuildFile section */
		5C700C5B16DBD79000391ADA /* WiflyControlCli.1 in CopyFiles */ = {isa = PBXBuildFile; fileRef = 5C700C5A16DBD79000391ADA /* WiflyControlCli.1 */; };
		5C700C7F16DBD90600391ADA /* ClientSocket.cpp in Sources */ = {isa = PBXBuildFile; fileRef = 5C700C6216DBD90600391ADA /* ClientSocket.cpp */; };
		5C700C8016DBD90600391ADA /* WiflyControlCli.cpp in Sources */ = {isa = PBXBuildFile; fileRef = 5C700C6416DBD90600391ADA /* WiflyControlCli.cpp */; };
		5C700C8116DBD90600391ADA /* TelnetProxy.cpp in Sources */ = {isa = PBXBuildFile; fileRef = 5C700C6716DBD90600391ADA /* TelnetProxy.cpp */; };
		5C700C8216DBD90600391ADA /* BroadcastReceiver.cpp in Sources */ = {isa = PBXBuildFile; fileRef = 5C700C6E16DBD90600391ADA /* BroadcastReceiver.cpp */; };
		5C700C8316DBD90600391ADA /* ComProxy.cpp in Sources */ = {isa = PBXBuildFile; fileRef = 5C700C6F16DBD90600391ADA /* ComProxy.cpp */; };
		5C700C8416DBD90600391ADA /* crc.c in Sources */ = {isa = PBXBuildFile; fileRef = 5C700C7316DBD90600391ADA /* crc.c */; };
		5C700C8516DBD90600391ADA /* WiflyControl.cpp in Sources */ = {isa = PBXBuildFile; fileRef = 5C700C7616DBD90600391ADA /* WiflyControl.cpp */; };
		5C700C8616DBD90600391ADA /* WiflyControlColorClass.cpp in Sources */ = {isa = PBXBuildFile; fileRef = 5C700C7916DBD90600391ADA /* WiflyControlColorClass.cpp */; };
		5C700C8716DBD90600391ADA /* intelhexclass.cpp in Sources */ = {isa = PBXBuildFile; fileRef = 5C700C7C16DBD90600391ADA /* intelhexclass.cpp */; };
		5C700C8816DBE18A00391ADA /* WiflyControlCli.cpp in CopyFiles */ = {isa = PBXBuildFile; fileRef = 5C700C6416DBD90600391ADA /* WiflyControlCli.cpp */; };
/* End PBXBuildFile section */

/* Begin PBXCopyFilesBuildPhase section */
		5C700C5216DBD79000391ADA /* CopyFiles */ = {
			isa = PBXCopyFilesBuildPhase;
			buildActionMask = 2147483647;
			dstPath = usr/share/man/man1;
			dstSubfolderSpec = 6;
			files = (
				5C700C8816DBE18A00391ADA /* WiflyControlCli.cpp in CopyFiles */,
				5C700C5B16DBD79000391ADA /* WiflyControlCli.1 in CopyFiles */,
			);
			runOnlyForDeploymentPostprocessing = 1;
		};
/* End PBXCopyFilesBuildPhase section */

/* Begin PBXFileReference section */
		5C700C5416DBD79000391ADA /* WiflyControlCli */ = {isa = PBXFileReference; explicitFileType = "compiled.mach-o.executable"; includeInIndex = 0; path = WiflyControlCli; sourceTree = BUILT_PRODUCTS_DIR; };
		5C700C5A16DBD79000391ADA /* WiflyControlCli.1 */ = {isa = PBXFileReference; lastKnownFileType = text.man; path = WiflyControlCli.1; sourceTree = "<group>"; };
		5C700C6116DBD90600391ADA /* ClientSocket.h */ = {isa = PBXFileReference; fileEncoding = 4; lastKnownFileType = sourcecode.c.h; name = ClientSocket.h; path = ../../../../ClientSocket.h; sourceTree = "<group>"; };
		5C700C6216DBD90600391ADA /* ClientSocket.cpp */ = {isa = PBXFileReference; fileEncoding = 4; lastKnownFileType = sourcecode.cpp.cpp; name = ClientSocket.cpp; path = ../../../../ClientSocket.cpp; sourceTree = "<group>"; };
		5C700C6316DBD90600391ADA /* WiflyControlCli.h */ = {isa = PBXFileReference; fileEncoding = 4; lastKnownFileType = sourcecode.c.h; name = WiflyControlCli.h; path = ../../../../WiflyControlCli.h; sourceTree = "<group>"; };
		5C700C6416DBD90600391ADA /* WiflyControlCli.cpp */ = {isa = PBXFileReference; fileEncoding = 4; lastKnownFileType = sourcecode.cpp.cpp; name = WiflyControlCli.cpp; path = ../../../../WiflyControlCli.cpp; sourceTree = "<group>"; };
		5C700C6516DBD90600391ADA /* WiflyControlCmd.h */ = {isa = PBXFileReference; fileEncoding = 4; lastKnownFileType = sourcecode.c.h; name = WiflyControlCmd.h; path = ../../../../WiflyControlCmd.h; sourceTree = "<group>"; };
		5C700C6616DBD90600391ADA /* WiflyControl.h */ = {isa = PBXFileReference; fileEncoding = 4; lastKnownFileType = sourcecode.c.h; name = WiflyControl.h; path = ../../../../WiflyControl.h; sourceTree = "<group>"; };
		5C700C6716DBD90600391ADA /* TelnetProxy.cpp */ = {isa = PBXFileReference; fileEncoding = 4; lastKnownFileType = sourcecode.cpp.cpp; name = TelnetProxy.cpp; path = ../../../../TelnetProxy.cpp; sourceTree = "<group>"; };
		5C700C6816DBD90600391ADA /* TelnetProxy.h */ = {isa = PBXFileReference; fileEncoding = 4; lastKnownFileType = sourcecode.c.h; name = TelnetProxy.h; path = ../../../../TelnetProxy.h; sourceTree = "<group>"; };
		5C700C6916DBD90600391ADA /* WiflyControlException.h */ = {isa = PBXFileReference; fileEncoding = 4; lastKnownFileType = sourcecode.c.h; name = WiflyControlException.h; path = ../../../../WiflyControlException.h; sourceTree = "<group>"; };
		5C700C6A16DBD90600391ADA /* WiflyControlResponse.h */ = {isa = PBXFileReference; fileEncoding = 4; lastKnownFileType = sourcecode.c.h; name = WiflyControlResponse.h; path = ../../../../WiflyControlResponse.h; sourceTree = "<group>"; };
		5C700C6B16DBD90600391ADA /* timer.h */ = {isa = PBXFileReference; fileEncoding = 4; lastKnownFileType = sourcecode.c.h; name = timer.h; path = ../../../../timer.h; sourceTree = "<group>"; };
		5C700C6C16DBD90600391ADA /* wifly_cmd.h */ = {isa = PBXFileReference; fileEncoding = 4; lastKnownFileType = sourcecode.c.h; name = wifly_cmd.h; path = ../../../../wifly_cmd.h; sourceTree = "<group>"; };
		5C700C6D16DBD90600391ADA /* BroadcastReceiver.h */ = {isa = PBXFileReference; fileEncoding = 4; lastKnownFileType = sourcecode.c.h; name = BroadcastReceiver.h; path = ../../../../BroadcastReceiver.h; sourceTree = "<group>"; };
		5C700C6E16DBD90600391ADA /* BroadcastReceiver.cpp */ = {isa = PBXFileReference; fileEncoding = 4; lastKnownFileType = sourcecode.cpp.cpp; name = BroadcastReceiver.cpp; path = ../../../../BroadcastReceiver.cpp; sourceTree = "<group>"; };
		5C700C6F16DBD90600391ADA /* ComProxy.cpp */ = {isa = PBXFileReference; fileEncoding = 4; lastKnownFileType = sourcecode.cpp.cpp; name = ComProxy.cpp; path = ../../../../ComProxy.cpp; sourceTree = "<group>"; };
		5C700C7016DBD90600391ADA /* ComProxy.h */ = {isa = PBXFileReference; fileEncoding = 4; lastKnownFileType = sourcecode.c.h; name = ComProxy.h; path = ../../../../ComProxy.h; sourceTree = "<group>"; };
		5C700C7116DBD90600391ADA /* rtc.h */ = {isa = PBXFileReference; fileEncoding = 4; lastKnownFileType = sourcecode.c.h; name = rtc.h; path = ../../../../rtc.h; sourceTree = "<group>"; };
		5C700C7216DBD90600391ADA /* ScriptCtrl.h */ = {isa = PBXFileReference; fileEncoding = 4; lastKnownFileType = sourcecode.c.h; name = ScriptCtrl.h; path = ../../../../ScriptCtrl.h; sourceTree = "<group>"; };
		5C700C7316DBD90600391ADA /* crc.c */ = {isa = PBXFileReference; fileEncoding = 4; lastKnownFileType = sourcecode.c.c; name = crc.c; path = ../../../../crc.c; sourceTree = "<group>"; };
		5C700C7416DBD90600391ADA /* platform.h */ = {isa = PBXFileReference; fileEncoding = 4; lastKnownFileType = sourcecode.c.h; name = platform.h; path = ../../../../platform.h; sourceTree = "<group>"; };
		5C700C7516DBD90600391ADA /* crc.h */ = {isa = PBXFileReference; fileEncoding = 4; lastKnownFileType = sourcecode.c.h; name = crc.h; path = ../../../../crc.h; sourceTree = "<group>"; };
		5C700C7616DBD90600391ADA /* WiflyControl.cpp */ = {isa = PBXFileReference; fileEncoding = 4; lastKnownFileType = sourcecode.cpp.cpp; name = WiflyControl.cpp; path = ../../../../WiflyControl.cpp; sourceTree = "<group>"; };
		5C700C7716DBD90600391ADA /* WiflyControlColorClass.h */ = {isa = PBXFileReference; fileEncoding = 4; lastKnownFileType = sourcecode.c.h; name = WiflyControlColorClass.h; path = ../../../../WiflyControlColorClass.h; sourceTree = "<group>"; };
		5C700C7816DBD90600391ADA /* BlRequest.h */ = {isa = PBXFileReference; fileEncoding = 4; lastKnownFileType = sourcecode.c.h; name = BlRequest.h; path = ../../../../BlRequest.h; sourceTree = "<group>"; };
		5C700C7916DBD90600391ADA /* WiflyControlColorClass.cpp */ = {isa = PBXFileReference; fileEncoding = 4; lastKnownFileType = sourcecode.cpp.cpp; name = WiflyControlColorClass.cpp; path = ../../../../WiflyControlColorClass.cpp; sourceTree = "<group>"; };
		5C700C7A16DBD90600391ADA /* trace.h */ = {isa = PBXFileReference; fileEncoding = 4; lastKnownFileType = sourcecode.c.h; name = trace.h; path = ../../../../trace.h; sourceTree = "<group>"; };
		5C700C7B16DBD90600391ADA /* unittest.h */ = {isa = PBXFileReference; fileEncoding = 4; lastKnownFileType = sourcecode.c.h; name = unittest.h; path = ../../../../unittest.h; sourceTree = "<group>"; };
		5C700C7C16DBD90600391ADA /* intelhexclass.cpp */ = {isa = PBXFileReference; fileEncoding = 4; lastKnownFileType = sourcecode.cpp.cpp; name = intelhexclass.cpp; path = ../../../../intelhexclass.cpp; sourceTree = "<group>"; };
		5C700C7D16DBD90600391ADA /* intelhexclass.h */ = {isa = PBXFileReference; fileEncoding = 4; lastKnownFileType = sourcecode.c.h; name = intelhexclass.h; path = ../../../../intelhexclass.h; sourceTree = "<group>"; };
		5C700C7E16DBD90600391ADA /* RingBuf.h */ = {isa = PBXFileReference; fileEncoding = 4; lastKnownFileType = sourcecode.c.h; name = RingBuf.h; path = ../../../../RingBuf.h; sourceTree = "<group>"; };
/* End PBXFileReference section */

/* Begin PBXFrameworksBuildPhase section */
		5C700C5116DBD79000391ADA /* Frameworks */ = {
			isa = PBXFrameworksBuildPhase;
			buildActionMask = 2147483647;
			files = (
			);
			runOnlyForDeploymentPostprocessing = 0;
		};
/* End PBXFrameworksBuildPhase section */

/* Begin PBXGroup section */
		5C700C4916DBD79000391ADA = {
			isa = PBXGroup;
			children = (
				5C700C5716DBD79000391ADA /* WiflyControlCli */,
				5C700C5516DBD79000391ADA /* Products */,
			);
			sourceTree = "<group>";
		};
		5C700C5516DBD79000391ADA /* Products */ = {
			isa = PBXGroup;
			children = (
				5C700C5416DBD79000391ADA /* WiflyControlCli */,
			);
			name = Products;
			sourceTree = "<group>";
		};
		5C700C5716DBD79000391ADA /* WiflyControlCli */ = {
			isa = PBXGroup;
			children = (
				5C700C6116DBD90600391ADA /* ClientSocket.h */,
				5C700C6216DBD90600391ADA /* ClientSocket.cpp */,
				5C700C6316DBD90600391ADA /* WiflyControlCli.h */,
				5C700C6416DBD90600391ADA /* WiflyControlCli.cpp */,
				5C700C6516DBD90600391ADA /* WiflyControlCmd.h */,
				5C700C6616DBD90600391ADA /* WiflyControl.h */,
				5C700C6716DBD90600391ADA /* TelnetProxy.cpp */,
				5C700C6816DBD90600391ADA /* TelnetProxy.h */,
				5C700C6916DBD90600391ADA /* WiflyControlException.h */,
				5C700C6A16DBD90600391ADA /* WiflyControlResponse.h */,
				5C700C6B16DBD90600391ADA /* timer.h */,
				5C700C6C16DBD90600391ADA /* wifly_cmd.h */,
				5C700C6D16DBD90600391ADA /* BroadcastReceiver.h */,
				5C700C6E16DBD90600391ADA /* BroadcastReceiver.cpp */,
				5C700C6F16DBD90600391ADA /* ComProxy.cpp */,
				5C700C7016DBD90600391ADA /* ComProxy.h */,
				5C700C7116DBD90600391ADA /* rtc.h */,
				5C700C7216DBD90600391ADA /* ScriptCtrl.h */,
				5C700C7316DBD90600391ADA /* crc.c */,
				5C700C7416DBD90600391ADA /* platform.h */,
				5C700C7516DBD90600391ADA /* crc.h */,
				5C700C7616DBD90600391ADA /* WiflyControl.cpp */,
				5C700C7716DBD90600391ADA /* WiflyControlColorClass.h */,
				5C700C7816DBD90600391ADA /* BlRequest.h */,
				5C700C7916DBD90600391ADA /* WiflyControlColorClass.cpp */,
				5C700C7A16DBD90600391ADA /* trace.h */,
				5C700C7B16DBD90600391ADA /* unittest.h */,
				5C700C7C16DBD90600391ADA /* intelhexclass.cpp */,
				5C700C7D16DBD90600391ADA /* intelhexclass.h */,
				5C700C7E16DBD90600391ADA /* RingBuf.h */,
				5C700C5A16DBD79000391ADA /* WiflyControlCli.1 */,
			);
			path = WiflyControlCli;
			sourceTree = "<group>";
		};
/* End PBXGroup section */

/* Begin PBXNativeTarget section */
		5C700C5316DBD79000391ADA /* WiflyControlCli */ = {
			isa = PBXNativeTarget;
			buildConfigurationList = 5C700C5E16DBD79000391ADA /* Build configuration list for PBXNativeTarget "WiflyControlCli" */;
			buildPhases = (
				5C700C5016DBD79000391ADA /* Sources */,
				5C700C5116DBD79000391ADA /* Frameworks */,
				5C700C5216DBD79000391ADA /* CopyFiles */,
			);
			buildRules = (
			);
			dependencies = (
			);
			name = WiflyControlCli;
			productName = WiflyControlCli;
			productReference = 5C700C5416DBD79000391ADA /* WiflyControlCli */;
			productType = "com.apple.product-type.tool";
		};
/* End PBXNativeTarget section */

/* Begin PBXProject section */
		5C700C4B16DBD79000391ADA /* Project object */ = {
			isa = PBXProject;
			attributes = {
				LastUpgradeCheck = 0440;
				ORGANIZATIONNAME = "Nils Weiß";
			};
			buildConfigurationList = 5C700C4E16DBD79000391ADA /* Build configuration list for PBXProject "WiflyControlCli" */;
			compatibilityVersion = "Xcode 3.2";
			developmentRegion = English;
			hasScannedForEncodings = 0;
			knownRegions = (
				en,
			);
			mainGroup = 5C700C4916DBD79000391ADA;
			productRefGroup = 5C700C5516DBD79000391ADA /* Products */;
			projectDirPath = "";
			projectRoot = "";
			targets = (
				5C700C5316DBD79000391ADA /* WiflyControlCli */,
			);
		};
/* End PBXProject section */

/* Begin PBXSourcesBuildPhase section */
		5C700C5016DBD79000391ADA /* Sources */ = {
			isa = PBXSourcesBuildPhase;
			buildActionMask = 2147483647;
			files = (
				5C700C7F16DBD90600391ADA /* ClientSocket.cpp in Sources */,
				5C700C8016DBD90600391ADA /* WiflyControlCli.cpp in Sources */,
				5C700C8116DBD90600391ADA /* TelnetProxy.cpp in Sources */,
				5C700C8216DBD90600391ADA /* BroadcastReceiver.cpp in Sources */,
				5C700C8316DBD90600391ADA /* ComProxy.cpp in Sources */,
				5C700C8416DBD90600391ADA /* crc.c in Sources */,
				5C700C8516DBD90600391ADA /* WiflyControl.cpp in Sources */,
				5C700C8616DBD90600391ADA /* WiflyControlColorClass.cpp in Sources */,
				5C700C8716DBD90600391ADA /* intelhexclass.cpp in Sources */,
			);
			runOnlyForDeploymentPostprocessing = 0;
		};
/* End PBXSourcesBuildPhase section */

/* Begin XCBuildConfiguration section */
		5C700C5C16DBD79000391ADA /* Debug */ = {
			isa = XCBuildConfiguration;
			buildSettings = {
				ALWAYS_SEARCH_USER_PATHS = NO;
				ARCHS = "$(ARCHS_STANDARD_64_BIT)";
				CLANG_CXX_LANGUAGE_STANDARD = "c++0x";
				CLANG_CXX_LIBRARY = "libc++";
				CLANG_WARN__DUPLICATE_METHOD_MATCH = YES;
				COPY_PHASE_STRIP = NO;
				GCC_C_LANGUAGE_STANDARD = gnu99;
				GCC_DYNAMIC_NO_PIC = NO;
				GCC_ENABLE_OBJC_EXCEPTIONS = YES;
				GCC_OPTIMIZATION_LEVEL = 0;
				GCC_PREPROCESSOR_DEFINITIONS = (
					"DEBUG=1",
					"$(inherited)",
				);
				GCC_SYMBOLS_PRIVATE_EXTERN = NO;
				GCC_VERSION = com.apple.compilers.llvm.clang.1_0;
				GCC_WARN_64_TO_32_BIT_CONVERSION = YES;
				GCC_WARN_ABOUT_RETURN_TYPE = YES;
				GCC_WARN_UNINITIALIZED_AUTOS = YES;
				GCC_WARN_UNUSED_VARIABLE = YES;
				MACOSX_DEPLOYMENT_TARGET = 10.8;
				ONLY_ACTIVE_ARCH = YES;
				SDKROOT = macosx;
			};
			name = Debug;
		};
		5C700C5D16DBD79000391ADA /* Release */ = {
			isa = XCBuildConfiguration;
			buildSettings = {
				ALWAYS_SEARCH_USER_PATHS = NO;
				ARCHS = "$(ARCHS_STANDARD_64_BIT)";
				CLANG_CXX_LANGUAGE_STANDARD = "c++0x";
				CLANG_CXX_LIBRARY = "libc++";
				CLANG_WARN__DUPLICATE_METHOD_MATCH = YES;
				COPY_PHASE_STRIP = YES;
				DEBUG_INFORMATION_FORMAT = "dwarf-with-dsym";
				GCC_C_LANGUAGE_STANDARD = gnu99;
				GCC_ENABLE_OBJC_EXCEPTIONS = YES;
				GCC_VERSION = com.apple.compilers.llvm.clang.1_0;
				GCC_WARN_64_TO_32_BIT_CONVERSION = YES;
				GCC_WARN_ABOUT_RETURN_TYPE = YES;
				GCC_WARN_UNINITIALIZED_AUTOS = YES;
				GCC_WARN_UNUSED_VARIABLE = YES;
				MACOSX_DEPLOYMENT_TARGET = 10.8;
				SDKROOT = macosx;
			};
			name = Release;
		};
		5C700C5F16DBD79000391ADA /* Debug */ = {
			isa = XCBuildConfiguration;
			buildSettings = {
				PRODUCT_NAME = "$(TARGET_NAME)";
			};
			name = Debug;
		};
		5C700C6016DBD79000391ADA /* Release */ = {
			isa = XCBuildConfiguration;
			buildSettings = {
				PRODUCT_NAME = "$(TARGET_NAME)";
			};
			name = Release;
		};
/* End XCBuildConfiguration section */

/* Begin XCConfigurationList section */
		5C700C4E16DBD79000391ADA /* Build configuration list for PBXProject "WiflyControlCli" */ = {
			isa = XCConfigurationList;
			buildConfigurations = (
				5C700C5C16DBD79000391ADA /* Debug */,
				5C700C5D16DBD79000391ADA /* Release */,
			);
			defaultConfigurationIsVisible = 0;
			defaultConfigurationName = Debug;
		};
		5C700C5E16DBD79000391ADA /* Build configuration list for PBXNativeTarget "WiflyControlCli" */ = {
			isa = XCConfigurationList;
			buildConfigurations = (
				5C700C5F16DBD79000391ADA /* Debug */,
				5C700C6016DBD79000391ADA /* Release */,
			);
			defaultConfigurationIsVisible = 0;
			defaultConfigurationName = Debug;
		};
/* End XCConfigurationList section */
	};
	rootObject = 5C700C4B16DBD79000391ADA /* Project object */;
}
