// !$*UTF8*$!
{
	archiveVersion = 1;
	classes = {
	};
	objectVersion = 46;
	objects = {

/* Begin PBXBuildFile section */
		5C9089BC172AB67C00FA4C83 /* BroadcastReceiver.cpp in Sources */ = {isa = PBXBuildFile; fileRef = 5C9089AA172AB67C00FA4C83 /* BroadcastReceiver.cpp */; };
		5C9089BD172AB67C00FA4C83 /* ClientSocket.cpp in Sources */ = {isa = PBXBuildFile; fileRef = 5C9089AC172AB67C00FA4C83 /* ClientSocket.cpp */; };
		5C9089BE172AB67C00FA4C83 /* ComProxy.cpp in Sources */ = {isa = PBXBuildFile; fileRef = 5C9089AE172AB67C00FA4C83 /* ComProxy.cpp */; };
		5C9089BF172AB67C00FA4C83 /* intelhexclass.cpp in Sources */ = {isa = PBXBuildFile; fileRef = 5C9089B4172AB67C00FA4C83 /* intelhexclass.cpp */; };
		5C9089C0172AB67C00FA4C83 /* MaskBuffer.cpp in Sources */ = {isa = PBXBuildFile; fileRef = 5C9089B6172AB67C00FA4C83 /* MaskBuffer.cpp */; };
		5C9089C1172AB67C00FA4C83 /* TelnetProxy.cpp in Sources */ = {isa = PBXBuildFile; fileRef = 5C9089B8172AB67C00FA4C83 /* TelnetProxy.cpp */; };
		5C9089C8172AB69D00FA4C83 /* WiflyControl.cpp in Sources */ = {isa = PBXBuildFile; fileRef = 5C9089C3172AB69D00FA4C83 /* WiflyControl.cpp */; };
		5C9089C9172AB69D00FA4C83 /* WiflyControlNoThrow.cpp in Sources */ = {isa = PBXBuildFile; fileRef = 5C9089C6172AB69D00FA4C83 /* WiflyControlNoThrow.cpp */; };
		5C9089D0172AB6D700FA4C83 /* crc.c in Sources */ = {isa = PBXBuildFile; fileRef = 5C9089CA172AB6D700FA4C83 /* crc.c */; };
		5C9089D5172AB6E900FA4C83 /* WCBroadcastReceiverWrapper.mm in Sources */ = {isa = PBXBuildFile; fileRef = 5C9089D2172AB6E900FA4C83 /* WCBroadcastReceiverWrapper.mm */; };
		5C9089D6172AB6E900FA4C83 /* WCWiflyControlWrapper.mm in Sources */ = {isa = PBXBuildFile; fileRef = 5C9089D4172AB6E900FA4C83 /* WCWiflyControlWrapper.mm */; };
		5CCC8709171E8762009E1BD4 /* UIKit.framework in Frameworks */ = {isa = PBXBuildFile; fileRef = 5CCC8708171E8762009E1BD4 /* UIKit.framework */; };
		5CCC870B171E8762009E1BD4 /* Foundation.framework in Frameworks */ = {isa = PBXBuildFile; fileRef = 5CCC870A171E8762009E1BD4 /* Foundation.framework */; };
		5CCC870D171E8762009E1BD4 /* CoreGraphics.framework in Frameworks */ = {isa = PBXBuildFile; fileRef = 5CCC870C171E8762009E1BD4 /* CoreGraphics.framework */; };
		5CCC8713171E8762009E1BD4 /* InfoPlist.strings in Resources */ = {isa = PBXBuildFile; fileRef = 5CCC8711171E8762009E1BD4 /* InfoPlist.strings */; };
		5CCC8715171E8762009E1BD4 /* main.m in Sources */ = {isa = PBXBuildFile; fileRef = 5CCC8714171E8762009E1BD4 /* main.m */; };
		5CCC8719171E8762009E1BD4 /* NWAppDelegate.m in Sources */ = {isa = PBXBuildFile; fileRef = 5CCC8718171E8762009E1BD4 /* NWAppDelegate.m */; };
		5CCC871B171E8762009E1BD4 /* Default.png in Resources */ = {isa = PBXBuildFile; fileRef = 5CCC871A171E8762009E1BD4 /* Default.png */; };
		5CCC871D171E8762009E1BD4 /* Default@2x.png in Resources */ = {isa = PBXBuildFile; fileRef = 5CCC871C171E8762009E1BD4 /* Default@2x.png */; };
		5CCC871F171E8762009E1BD4 /* Default-568h@2x.png in Resources */ = {isa = PBXBuildFile; fileRef = 5CCC871E171E8762009E1BD4 /* Default-568h@2x.png */; };
/* End PBXBuildFile section */

/* Begin PBXFileReference section */
		5C9089A8172AB67C00FA4C83 /* BlRequest.h */ = {isa = PBXFileReference; fileEncoding = 4; lastKnownFileType = sourcecode.c.h; name = BlRequest.h; path = ../../../../library/BlRequest.h; sourceTree = "<group>"; };
		5C9089A9172AB67C00FA4C83 /* BroadcastMessage.h */ = {isa = PBXFileReference; fileEncoding = 4; lastKnownFileType = sourcecode.c.h; name = BroadcastMessage.h; path = ../../../../library/BroadcastMessage.h; sourceTree = "<group>"; };
		5C9089AA172AB67C00FA4C83 /* BroadcastReceiver.cpp */ = {isa = PBXFileReference; fileEncoding = 4; lastKnownFileType = sourcecode.cpp.cpp; name = BroadcastReceiver.cpp; path = ../../../../library/BroadcastReceiver.cpp; sourceTree = "<group>"; };
		5C9089AB172AB67C00FA4C83 /* BroadcastReceiver.h */ = {isa = PBXFileReference; fileEncoding = 4; lastKnownFileType = sourcecode.c.h; name = BroadcastReceiver.h; path = ../../../../library/BroadcastReceiver.h; sourceTree = "<group>"; };
		5C9089AC172AB67C00FA4C83 /* ClientSocket.cpp */ = {isa = PBXFileReference; fileEncoding = 4; lastKnownFileType = sourcecode.cpp.cpp; name = ClientSocket.cpp; path = ../../../../library/ClientSocket.cpp; sourceTree = "<group>"; };
		5C9089AD172AB67C00FA4C83 /* ClientSocket.h */ = {isa = PBXFileReference; fileEncoding = 4; lastKnownFileType = sourcecode.c.h; name = ClientSocket.h; path = ../../../../library/ClientSocket.h; sourceTree = "<group>"; };
		5C9089AE172AB67C00FA4C83 /* ComProxy.cpp */ = {isa = PBXFileReference; fileEncoding = 4; lastKnownFileType = sourcecode.cpp.cpp; name = ComProxy.cpp; path = ../../../../library/ComProxy.cpp; sourceTree = "<group>"; };
		5C9089AF172AB67C00FA4C83 /* ComProxy.h */ = {isa = PBXFileReference; fileEncoding = 4; lastKnownFileType = sourcecode.c.h; name = ComProxy.h; path = ../../../../library/ComProxy.h; sourceTree = "<group>"; };
		5C9089B0172AB67C00FA4C83 /* Endpoint.h */ = {isa = PBXFileReference; fileEncoding = 4; lastKnownFileType = sourcecode.c.h; name = Endpoint.h; path = ../../../../library/Endpoint.h; sourceTree = "<group>"; };
		5C9089B1172AB67C00FA4C83 /* FwCommand.h */ = {isa = PBXFileReference; fileEncoding = 4; lastKnownFileType = sourcecode.c.h; name = FwCommand.h; path = ../../../../library/FwCommand.h; sourceTree = "<group>"; };
		5C9089B2172AB67C00FA4C83 /* FwRequest.h */ = {isa = PBXFileReference; fileEncoding = 4; lastKnownFileType = sourcecode.c.h; name = FwRequest.h; path = ../../../../library/FwRequest.h; sourceTree = "<group>"; };
		5C9089B3172AB67C00FA4C83 /* FwResponse.h */ = {isa = PBXFileReference; fileEncoding = 4; lastKnownFileType = sourcecode.c.h; name = FwResponse.h; path = ../../../../library/FwResponse.h; sourceTree = "<group>"; };
		5C9089B4172AB67C00FA4C83 /* intelhexclass.cpp */ = {isa = PBXFileReference; fileEncoding = 4; lastKnownFileType = sourcecode.cpp.cpp; name = intelhexclass.cpp; path = ../../../../library/intelhexclass.cpp; sourceTree = "<group>"; };
		5C9089B5172AB67C00FA4C83 /* intelhexclass.h */ = {isa = PBXFileReference; fileEncoding = 4; lastKnownFileType = sourcecode.c.h; name = intelhexclass.h; path = ../../../../library/intelhexclass.h; sourceTree = "<group>"; };
		5C9089B6172AB67C00FA4C83 /* MaskBuffer.cpp */ = {isa = PBXFileReference; fileEncoding = 4; lastKnownFileType = sourcecode.cpp.cpp; name = MaskBuffer.cpp; path = ../../../../library/MaskBuffer.cpp; sourceTree = "<group>"; };
		5C9089B7172AB67C00FA4C83 /* MaskBuffer.h */ = {isa = PBXFileReference; fileEncoding = 4; lastKnownFileType = sourcecode.c.h; name = MaskBuffer.h; path = ../../../../library/MaskBuffer.h; sourceTree = "<group>"; };
		5C9089B8172AB67C00FA4C83 /* TelnetProxy.cpp */ = {isa = PBXFileReference; fileEncoding = 4; lastKnownFileType = sourcecode.cpp.cpp; name = TelnetProxy.cpp; path = ../../../../library/TelnetProxy.cpp; sourceTree = "<group>"; };
		5C9089B9172AB67C00FA4C83 /* TelnetProxy.h */ = {isa = PBXFileReference; fileEncoding = 4; lastKnownFileType = sourcecode.c.h; name = TelnetProxy.h; path = ../../../../library/TelnetProxy.h; sourceTree = "<group>"; };
		5C9089BA172AB67C00FA4C83 /* WiflyColor.h */ = {isa = PBXFileReference; fileEncoding = 4; lastKnownFileType = sourcecode.c.h; name = WiflyColor.h; path = ../../../../library/WiflyColor.h; sourceTree = "<group>"; };
		5C9089C3172AB69D00FA4C83 /* WiflyControl.cpp */ = {isa = PBXFileReference; fileEncoding = 4; lastKnownFileType = sourcecode.cpp.cpp; name = WiflyControl.cpp; path = ../../../../library/WiflyControl.cpp; sourceTree = "<group>"; };
		5C9089C4172AB69D00FA4C83 /* WiflyControl.h */ = {isa = PBXFileReference; fileEncoding = 4; lastKnownFileType = sourcecode.c.h; name = WiflyControl.h; path = ../../../../library/WiflyControl.h; sourceTree = "<group>"; };
		5C9089C5172AB69D00FA4C83 /* WiflyControlException.h */ = {isa = PBXFileReference; fileEncoding = 4; lastKnownFileType = sourcecode.c.h; name = WiflyControlException.h; path = ../../../../library/WiflyControlException.h; sourceTree = "<group>"; };
		5C9089C6172AB69D00FA4C83 /* WiflyControlNoThrow.cpp */ = {isa = PBXFileReference; fileEncoding = 4; lastKnownFileType = sourcecode.cpp.cpp; name = WiflyControlNoThrow.cpp; path = ../../../../library/WiflyControlNoThrow.cpp; sourceTree = "<group>"; xcLanguageSpecificationIdentifier = xcode.lang.cpp; };
		5C9089C7172AB69D00FA4C83 /* WiflyControlNoThrow.h */ = {isa = PBXFileReference; fileEncoding = 4; lastKnownFileType = sourcecode.c.h; name = WiflyControlNoThrow.h; path = ../../../../library/WiflyControlNoThrow.h; sourceTree = "<group>"; xcLanguageSpecificationIdentifier = xcode.lang.objcpp; };
		5C9089CA172AB6D700FA4C83 /* crc.c */ = {isa = PBXFileReference; fileEncoding = 4; lastKnownFileType = sourcecode.c.c; name = crc.c; path = ../../../../firmware/crc.c; sourceTree = "<group>"; };
		5C9089CB172AB6D700FA4C83 /* crc.h */ = {isa = PBXFileReference; fileEncoding = 4; lastKnownFileType = sourcecode.c.h; name = crc.h; path = ../../../../firmware/crc.h; sourceTree = "<group>"; };
		5C9089CC172AB6D700FA4C83 /* platform.h */ = {isa = PBXFileReference; fileEncoding = 4; lastKnownFileType = sourcecode.c.h; name = platform.h; path = ../../../../firmware/platform.h; sourceTree = "<group>"; };
		5C9089CD172AB6D700FA4C83 /* timeval.h */ = {isa = PBXFileReference; fileEncoding = 4; lastKnownFileType = sourcecode.c.h; name = timeval.h; path = ../../../../firmware/timeval.h; sourceTree = "<group>"; };
		5C9089CE172AB6D700FA4C83 /* trace.h */ = {isa = PBXFileReference; fileEncoding = 4; lastKnownFileType = sourcecode.c.h; name = trace.h; path = ../../../../firmware/trace.h; sourceTree = "<group>"; };
		5C9089CF172AB6D700FA4C83 /* wifly_cmd.h */ = {isa = PBXFileReference; fileEncoding = 4; lastKnownFileType = sourcecode.c.h; name = wifly_cmd.h; path = ../../../../firmware/wifly_cmd.h; sourceTree = "<group>"; };
		5C9089D1172AB6E900FA4C83 /* WCBroadcastReceiverWrapper.h */ = {isa = PBXFileReference; fileEncoding = 4; lastKnownFileType = sourcecode.c.h; name = WCBroadcastReceiverWrapper.h; path = ../../../../ios/WCBroadcastReceiverWrapper.h; sourceTree = "<group>"; };
		5C9089D2172AB6E900FA4C83 /* WCBroadcastReceiverWrapper.mm */ = {isa = PBXFileReference; fileEncoding = 4; lastKnownFileType = sourcecode.cpp.objcpp; name = WCBroadcastReceiverWrapper.mm; path = ../../../../ios/WCBroadcastReceiverWrapper.mm; sourceTree = "<group>"; };
		5C9089D3172AB6E900FA4C83 /* WCWiflyControlWrapper.h */ = {isa = PBXFileReference; fileEncoding = 4; lastKnownFileType = sourcecode.c.h; name = WCWiflyControlWrapper.h; path = ../../../../ios/WCWiflyControlWrapper.h; sourceTree = "<group>"; };
		5C9089D4172AB6E900FA4C83 /* WCWiflyControlWrapper.mm */ = {isa = PBXFileReference; fileEncoding = 4; lastKnownFileType = sourcecode.cpp.objcpp; name = WCWiflyControlWrapper.mm; path = ../../../../ios/WCWiflyControlWrapper.mm; sourceTree = "<group>"; };
		5CCC8705171E8762009E1BD4 /* WiflyControlObjCWrapper.app */ = {isa = PBXFileReference; explicitFileType = wrapper.application; includeInIndex = 0; path = WiflyControlObjCWrapper.app; sourceTree = BUILT_PRODUCTS_DIR; };
		5CCC8708171E8762009E1BD4 /* UIKit.framework */ = {isa = PBXFileReference; lastKnownFileType = wrapper.framework; name = UIKit.framework; path = System/Library/Frameworks/UIKit.framework; sourceTree = SDKROOT; };
		5CCC870A171E8762009E1BD4 /* Foundation.framework */ = {isa = PBXFileReference; lastKnownFileType = wrapper.framework; name = Foundation.framework; path = System/Library/Frameworks/Foundation.framework; sourceTree = SDKROOT; };
		5CCC870C171E8762009E1BD4 /* CoreGraphics.framework */ = {isa = PBXFileReference; lastKnownFileType = wrapper.framework; name = CoreGraphics.framework; path = System/Library/Frameworks/CoreGraphics.framework; sourceTree = SDKROOT; };
		5CCC8710171E8762009E1BD4 /* WiflyControlObjCWrapper-Info.plist */ = {isa = PBXFileReference; lastKnownFileType = text.plist.xml; path = "WiflyControlObjCWrapper-Info.plist"; sourceTree = "<group>"; };
		5CCC8712171E8762009E1BD4 /* en */ = {isa = PBXFileReference; lastKnownFileType = text.plist.strings; name = en; path = en.lproj/InfoPlist.strings; sourceTree = "<group>"; };
		5CCC8714171E8762009E1BD4 /* main.m */ = {isa = PBXFileReference; lastKnownFileType = sourcecode.c.objc; path = main.m; sourceTree = "<group>"; };
		5CCC8716171E8762009E1BD4 /* WiflyControlObjCWrapper-Prefix.pch */ = {isa = PBXFileReference; lastKnownFileType = sourcecode.c.h; path = "WiflyControlObjCWrapper-Prefix.pch"; sourceTree = "<group>"; };
		5CCC8717171E8762009E1BD4 /* NWAppDelegate.h */ = {isa = PBXFileReference; lastKnownFileType = sourcecode.c.h; path = NWAppDelegate.h; sourceTree = "<group>"; };
		5CCC8718171E8762009E1BD4 /* NWAppDelegate.m */ = {isa = PBXFileReference; lastKnownFileType = sourcecode.c.objc; path = NWAppDelegate.m; sourceTree = "<group>"; };
		5CCC871A171E8762009E1BD4 /* Default.png */ = {isa = PBXFileReference; lastKnownFileType = image.png; path = Default.png; sourceTree = "<group>"; };
		5CCC871C171E8762009E1BD4 /* Default@2x.png */ = {isa = PBXFileReference; lastKnownFileType = image.png; path = "Default@2x.png"; sourceTree = "<group>"; };
		5CCC871E171E8762009E1BD4 /* Default-568h@2x.png */ = {isa = PBXFileReference; lastKnownFileType = image.png; path = "Default-568h@2x.png"; sourceTree = "<group>"; };
/* End PBXFileReference section */

/* Begin PBXFrameworksBuildPhase section */
		5CCC8702171E8762009E1BD4 /* Frameworks */ = {
			isa = PBXFrameworksBuildPhase;
			buildActionMask = 2147483647;
			files = (
				5CCC8709171E8762009E1BD4 /* UIKit.framework in Frameworks */,
				5CCC870B171E8762009E1BD4 /* Foundation.framework in Frameworks */,
				5CCC870D171E8762009E1BD4 /* CoreGraphics.framework in Frameworks */,
			);
			runOnlyForDeploymentPostprocessing = 0;
		};
/* End PBXFrameworksBuildPhase section */

/* Begin PBXGroup section */
		5CCC86FC171E8762009E1BD4 = {
			isa = PBXGroup;
			children = (
				5CCC870E171E8762009E1BD4 /* WiflyControlObjCWrapper */,
				5CCC8707171E8762009E1BD4 /* Frameworks */,
				5CCC8706171E8762009E1BD4 /* Products */,
			);
			sourceTree = "<group>";
		};
		5CCC8706171E8762009E1BD4 /* Products */ = {
			isa = PBXGroup;
			children = (
				5CCC8705171E8762009E1BD4 /* WiflyControlObjCWrapper.app */,
			);
			name = Products;
			sourceTree = "<group>";
		};
		5CCC8707171E8762009E1BD4 /* Frameworks */ = {
			isa = PBXGroup;
			children = (
				5CCC8708171E8762009E1BD4 /* UIKit.framework */,
				5CCC870A171E8762009E1BD4 /* Foundation.framework */,
				5CCC870C171E8762009E1BD4 /* CoreGraphics.framework */,
			);
			name = Frameworks;
			sourceTree = "<group>";
		};
		5CCC870E171E8762009E1BD4 /* WiflyControlObjCWrapper */ = {
			isa = PBXGroup;
			children = (
				5CCC872C171E8792009E1BD4 /* library */,
				5CCC872B171E8787009E1BD4 /* ios */,
				5CCC8717171E8762009E1BD4 /* NWAppDelegate.h */,
				5CCC8718171E8762009E1BD4 /* NWAppDelegate.m */,
				5CCC870F171E8762009E1BD4 /* Supporting Files */,
			);
			path = WiflyControlObjCWrapper;
			sourceTree = "<group>";
		};
		5CCC870F171E8762009E1BD4 /* Supporting Files */ = {
			isa = PBXGroup;
			children = (
				5CCC8710171E8762009E1BD4 /* WiflyControlObjCWrapper-Info.plist */,
				5CCC8711171E8762009E1BD4 /* InfoPlist.strings */,
				5CCC8714171E8762009E1BD4 /* main.m */,
				5CCC8716171E8762009E1BD4 /* WiflyControlObjCWrapper-Prefix.pch */,
				5CCC871A171E8762009E1BD4 /* Default.png */,
				5CCC871C171E8762009E1BD4 /* Default@2x.png */,
				5CCC871E171E8762009E1BD4 /* Default-568h@2x.png */,
			);
			name = "Supporting Files";
			sourceTree = "<group>";
		};
		5CCC872B171E8787009E1BD4 /* ios */ = {
			isa = PBXGroup;
			children = (
				5C9089D1172AB6E900FA4C83 /* WCBroadcastReceiverWrapper.h */,
				5C9089D2172AB6E900FA4C83 /* WCBroadcastReceiverWrapper.mm */,
				5C9089D3172AB6E900FA4C83 /* WCWiflyControlWrapper.h */,
				5C9089D4172AB6E900FA4C83 /* WCWiflyControlWrapper.mm */,
			);
			name = ios;
			sourceTree = "<group>";
		};
		5CCC872C171E8792009E1BD4 /* library */ = {
			isa = PBXGroup;
			children = (
				5C9089A8172AB67C00FA4C83 /* BlRequest.h */,
				5C9089A9172AB67C00FA4C83 /* BroadcastMessage.h */,
				5C9089AA172AB67C00FA4C83 /* BroadcastReceiver.cpp */,
				5C9089AB172AB67C00FA4C83 /* BroadcastReceiver.h */,
				5C9089AC172AB67C00FA4C83 /* ClientSocket.cpp */,
				5C9089AD172AB67C00FA4C83 /* ClientSocket.h */,
				5C9089AE172AB67C00FA4C83 /* ComProxy.cpp */,
				5C9089AF172AB67C00FA4C83 /* ComProxy.h */,
				5C9089CA172AB6D700FA4C83 /* crc.c */,
				5C9089CB172AB6D700FA4C83 /* crc.h */,
				5C9089B0172AB67C00FA4C83 /* Endpoint.h */,
				5C9089B1172AB67C00FA4C83 /* FwCommand.h */,
				5C9089B2172AB67C00FA4C83 /* FwRequest.h */,
				5C9089B3172AB67C00FA4C83 /* FwResponse.h */,
				5C9089B4172AB67C00FA4C83 /* intelhexclass.cpp */,
				5C9089B5172AB67C00FA4C83 /* intelhexclass.h */,
				5C9089B6172AB67C00FA4C83 /* MaskBuffer.cpp */,
				5C9089B7172AB67C00FA4C83 /* MaskBuffer.h */,
				5C9089CC172AB6D700FA4C83 /* platform.h */,
				5C9089B8172AB67C00FA4C83 /* TelnetProxy.cpp */,
				5C9089B9172AB67C00FA4C83 /* TelnetProxy.h */,
				5C9089CD172AB6D700FA4C83 /* timeval.h */,
				5C9089CE172AB6D700FA4C83 /* trace.h */,
				5C9089CF172AB6D700FA4C83 /* wifly_cmd.h */,
				5C9089BA172AB67C00FA4C83 /* WiflyColor.h */,
				5C9089C3172AB69D00FA4C83 /* WiflyControl.cpp */,
				5C9089C4172AB69D00FA4C83 /* WiflyControl.h */,
				5C9089C5172AB69D00FA4C83 /* WiflyControlException.h */,
				5C9089C6172AB69D00FA4C83 /* WiflyControlNoThrow.cpp */,
				5C9089C7172AB69D00FA4C83 /* WiflyControlNoThrow.h */,
			);
			name = library;
			sourceTree = "<group>";
		};
/* End PBXGroup section */

/* Begin PBXNativeTarget section */
		5CCC8704171E8762009E1BD4 /* WiflyControlObjCWrapper */ = {
			isa = PBXNativeTarget;
			buildConfigurationList = 5CCC8722171E8762009E1BD4 /* Build configuration list for PBXNativeTarget "WiflyControlObjCWrapper" */;
			buildPhases = (
				5CCC8701171E8762009E1BD4 /* Sources */,
				5CCC8702171E8762009E1BD4 /* Frameworks */,
				5CCC8703171E8762009E1BD4 /* Resources */,
			);
			buildRules = (
			);
			dependencies = (
			);
			name = WiflyControlObjCWrapper;
			productName = WiflyControlObjCWrapper;
			productReference = 5CCC8705171E8762009E1BD4 /* WiflyControlObjCWrapper.app */;
			productType = "com.apple.product-type.application";
		};
/* End PBXNativeTarget section */

/* Begin PBXProject section */
		5CCC86FD171E8762009E1BD4 /* Project object */ = {
			isa = PBXProject;
			attributes = {
				CLASSPREFIX = NW;
				LastUpgradeCheck = 0460;
				ORGANIZATIONNAME = "Nils Weiß";
			};
			buildConfigurationList = 5CCC8700171E8762009E1BD4 /* Build configuration list for PBXProject "WiflyControlObjCWrapper" */;
			compatibilityVersion = "Xcode 3.2";
			developmentRegion = English;
			hasScannedForEncodings = 0;
			knownRegions = (
				en,
			);
			mainGroup = 5CCC86FC171E8762009E1BD4;
			productRefGroup = 5CCC8706171E8762009E1BD4 /* Products */;
			projectDirPath = "";
			projectRoot = "";
			targets = (
				5CCC8704171E8762009E1BD4 /* WiflyControlObjCWrapper */,
			);
		};
/* End PBXProject section */

/* Begin PBXResourcesBuildPhase section */
		5CCC8703171E8762009E1BD4 /* Resources */ = {
			isa = PBXResourcesBuildPhase;
			buildActionMask = 2147483647;
			files = (
				5CCC8713171E8762009E1BD4 /* InfoPlist.strings in Resources */,
				5CCC871B171E8762009E1BD4 /* Default.png in Resources */,
				5CCC871D171E8762009E1BD4 /* Default@2x.png in Resources */,
				5CCC871F171E8762009E1BD4 /* Default-568h@2x.png in Resources */,
			);
			runOnlyForDeploymentPostprocessing = 0;
		};
/* End PBXResourcesBuildPhase section */

/* Begin PBXSourcesBuildPhase section */
		5CCC8701171E8762009E1BD4 /* Sources */ = {
			isa = PBXSourcesBuildPhase;
			buildActionMask = 2147483647;
			files = (
				5CCC8715171E8762009E1BD4 /* main.m in Sources */,
				5CCC8719171E8762009E1BD4 /* NWAppDelegate.m in Sources */,
				5C9089BC172AB67C00FA4C83 /* BroadcastReceiver.cpp in Sources */,
				5C9089BD172AB67C00FA4C83 /* ClientSocket.cpp in Sources */,
				5C9089BE172AB67C00FA4C83 /* ComProxy.cpp in Sources */,
				5C9089BF172AB67C00FA4C83 /* intelhexclass.cpp in Sources */,
				5C9089C0172AB67C00FA4C83 /* MaskBuffer.cpp in Sources */,
				5C9089C1172AB67C00FA4C83 /* TelnetProxy.cpp in Sources */,
				5C9089C8172AB69D00FA4C83 /* WiflyControl.cpp in Sources */,
				5C9089C9172AB69D00FA4C83 /* WiflyControlNoThrow.cpp in Sources */,
				5C9089D0172AB6D700FA4C83 /* crc.c in Sources */,
				5C9089D5172AB6E900FA4C83 /* WCBroadcastReceiverWrapper.mm in Sources */,
				5C9089D6172AB6E900FA4C83 /* WCWiflyControlWrapper.mm in Sources */,
			);
			runOnlyForDeploymentPostprocessing = 0;
		};
/* End PBXSourcesBuildPhase section */

/* Begin PBXVariantGroup section */
		5CCC8711171E8762009E1BD4 /* InfoPlist.strings */ = {
			isa = PBXVariantGroup;
			children = (
				5CCC8712171E8762009E1BD4 /* en */,
			);
			name = InfoPlist.strings;
			sourceTree = "<group>";
		};
/* End PBXVariantGroup section */

/* Begin XCBuildConfiguration section */
		5CCC8720171E8762009E1BD4 /* Debug */ = {
			isa = XCBuildConfiguration;
			buildSettings = {
				ALWAYS_SEARCH_USER_PATHS = NO;
				CLANG_CXX_LANGUAGE_STANDARD = "gnu++0x";
				CLANG_CXX_LIBRARY = "libc++";
				CLANG_WARN_CONSTANT_CONVERSION = YES;
				CLANG_WARN_EMPTY_BODY = YES;
				CLANG_WARN_ENUM_CONVERSION = YES;
				CLANG_WARN_INT_CONVERSION = YES;
				CLANG_WARN__DUPLICATE_METHOD_MATCH = YES;
				"CODE_SIGN_IDENTITY[sdk=iphoneos*]" = "iPhone Developer";
				COPY_PHASE_STRIP = NO;
				GCC_C_LANGUAGE_STANDARD = gnu99;
				GCC_DYNAMIC_NO_PIC = NO;
				GCC_OPTIMIZATION_LEVEL = 0;
				GCC_PREPROCESSOR_DEFINITIONS = (
					"DEBUG=1",
					"$(inherited)",
				);
				GCC_SYMBOLS_PRIVATE_EXTERN = NO;
				GCC_WARN_ABOUT_RETURN_TYPE = YES;
				GCC_WARN_UNINITIALIZED_AUTOS = YES;
				GCC_WARN_UNUSED_VARIABLE = YES;
				IPHONEOS_DEPLOYMENT_TARGET = 6.1;
				ONLY_ACTIVE_ARCH = YES;
				SDKROOT = iphoneos;
				TARGETED_DEVICE_FAMILY = "1,2";
			};
			name = Debug;
		};
		5CCC8721171E8762009E1BD4 /* Release */ = {
			isa = XCBuildConfiguration;
			buildSettings = {
				ALWAYS_SEARCH_USER_PATHS = NO;
				CLANG_CXX_LANGUAGE_STANDARD = "gnu++0x";
				CLANG_CXX_LIBRARY = "libc++";
				CLANG_WARN_CONSTANT_CONVERSION = YES;
				CLANG_WARN_EMPTY_BODY = YES;
				CLANG_WARN_ENUM_CONVERSION = YES;
				CLANG_WARN_INT_CONVERSION = YES;
				CLANG_WARN__DUPLICATE_METHOD_MATCH = YES;
				"CODE_SIGN_IDENTITY[sdk=iphoneos*]" = "iPhone Developer";
				COPY_PHASE_STRIP = YES;
				GCC_C_LANGUAGE_STANDARD = gnu99;
				GCC_WARN_ABOUT_RETURN_TYPE = YES;
				GCC_WARN_UNINITIALIZED_AUTOS = YES;
				GCC_WARN_UNUSED_VARIABLE = YES;
				IPHONEOS_DEPLOYMENT_TARGET = 6.1;
				OTHER_CFLAGS = "-DNS_BLOCK_ASSERTIONS=1";
				SDKROOT = iphoneos;
				TARGETED_DEVICE_FAMILY = "1,2";
				VALIDATE_PRODUCT = YES;
			};
			name = Release;
		};
		5CCC8723171E8762009E1BD4 /* Debug */ = {
			isa = XCBuildConfiguration;
			buildSettings = {
				GCC_PRECOMPILE_PREFIX_HEADER = YES;
				GCC_PREFIX_HEADER = "WiflyControlObjCWrapper/WiflyControlObjCWrapper-Prefix.pch";
				INFOPLIST_FILE = "WiflyControlObjCWrapper/WiflyControlObjCWrapper-Info.plist";
				PRODUCT_NAME = "$(TARGET_NAME)";
				WRAPPER_EXTENSION = app;
			};
			name = Debug;
		};
		5CCC8724171E8762009E1BD4 /* Release */ = {
			isa = XCBuildConfiguration;
			buildSettings = {
				GCC_PRECOMPILE_PREFIX_HEADER = YES;
				GCC_PREFIX_HEADER = "WiflyControlObjCWrapper/WiflyControlObjCWrapper-Prefix.pch";
				INFOPLIST_FILE = "WiflyControlObjCWrapper/WiflyControlObjCWrapper-Info.plist";
				PRODUCT_NAME = "$(TARGET_NAME)";
				WRAPPER_EXTENSION = app;
			};
			name = Release;
		};
/* End XCBuildConfiguration section */

/* Begin XCConfigurationList section */
		5CCC8700171E8762009E1BD4 /* Build configuration list for PBXProject "WiflyControlObjCWrapper" */ = {
			isa = XCConfigurationList;
			buildConfigurations = (
				5CCC8720171E8762009E1BD4 /* Debug */,
				5CCC8721171E8762009E1BD4 /* Release */,
			);
			defaultConfigurationIsVisible = 0;
			defaultConfigurationName = Release;
		};
		5CCC8722171E8762009E1BD4 /* Build configuration list for PBXNativeTarget "WiflyControlObjCWrapper" */ = {
			isa = XCConfigurationList;
			buildConfigurations = (
				5CCC8723171E8762009E1BD4 /* Debug */,
				5CCC8724171E8762009E1BD4 /* Release */,
			);
			defaultConfigurationIsVisible = 0;
			defaultConfigurationName = Release;
		};
/* End XCConfigurationList section */
	};
	rootObject = 5CCC86FD171E8762009E1BD4 /* Project object */;
}
