// !$*UTF8*$!
{
	archiveVersion = 1;
	classes = {
	};
	objectVersion = 46;
	objects = {

/* Begin PBXBuildFile section */
		5C31415316A4266B00F95BF2 /* UIKit.framework in Frameworks */ = {isa = PBXBuildFile; fileRef = 5C31415216A4266B00F95BF2 /* UIKit.framework */; };
		5C31415516A4266B00F95BF2 /* Foundation.framework in Frameworks */ = {isa = PBXBuildFile; fileRef = 5C31415416A4266B00F95BF2 /* Foundation.framework */; };
		5C31415716A4266B00F95BF2 /* CoreGraphics.framework in Frameworks */ = {isa = PBXBuildFile; fileRef = 5C31415616A4266B00F95BF2 /* CoreGraphics.framework */; };
		5C31415916A4266B00F95BF2 /* CoreData.framework in Frameworks */ = {isa = PBXBuildFile; fileRef = 5C31415816A4266B00F95BF2 /* CoreData.framework */; };
		5C31415F16A4266B00F95BF2 /* InfoPlist.strings in Resources */ = {isa = PBXBuildFile; fileRef = 5C31415D16A4266B00F95BF2 /* InfoPlist.strings */; };
		5C31416116A4266B00F95BF2 /* main.m in Sources */ = {isa = PBXBuildFile; fileRef = 5C31416016A4266B00F95BF2 /* main.m */; };
		5C31416516A4266B00F95BF2 /* NWAppDelegate.mm in Sources */ = {isa = PBXBuildFile; fileRef = 5C31416416A4266B00F95BF2 /* NWAppDelegate.mm */; };
		5C31416816A4266B00F95BF2 /* WiflyControl.xcdatamodeld in Sources */ = {isa = PBXBuildFile; fileRef = 5C31416616A4266B00F95BF2 /* WiflyControl.xcdatamodeld */; };
		5C31418216A426EC00F95BF2 /* ClientSocket.cpp in Sources */ = {isa = PBXBuildFile; fileRef = 5C31417116A426EC00F95BF2 /* ClientSocket.cpp */; };
		5C31418316A426EC00F95BF2 /* ComProxy.cpp in Sources */ = {isa = PBXBuildFile; fileRef = 5C31417316A426EC00F95BF2 /* ComProxy.cpp */; };
		5C31418416A426EC00F95BF2 /* crc.c in Sources */ = {isa = PBXBuildFile; fileRef = 5C31417516A426EC00F95BF2 /* crc.c */; };
		5C31418516A426EC00F95BF2 /* intelhexclass.cpp in Sources */ = {isa = PBXBuildFile; fileRef = 5C31417716A426EC00F95BF2 /* intelhexclass.cpp */; };
		5C31418616A426EC00F95BF2 /* WiflyControl.cpp in Sources */ = {isa = PBXBuildFile; fileRef = 5C31417C16A426EC00F95BF2 /* WiflyControl.cpp */; };
		5C31418716A426EC00F95BF2 /* WiflyControlColorClass.cpp in Sources */ = {isa = PBXBuildFile; fileRef = 5C31417F16A426EC00F95BF2 /* WiflyControlColorClass.cpp */; };
/* End PBXBuildFile section */

/* Begin PBXFileReference section */
		5C31414E16A4266B00F95BF2 /* WiflyControl.app */ = {isa = PBXFileReference; explicitFileType = wrapper.application; includeInIndex = 0; path = WiflyControl.app; sourceTree = BUILT_PRODUCTS_DIR; };
		5C31415216A4266B00F95BF2 /* UIKit.framework */ = {isa = PBXFileReference; lastKnownFileType = wrapper.framework; name = UIKit.framework; path = System/Library/Frameworks/UIKit.framework; sourceTree = SDKROOT; };
		5C31415416A4266B00F95BF2 /* Foundation.framework */ = {isa = PBXFileReference; lastKnownFileType = wrapper.framework; name = Foundation.framework; path = System/Library/Frameworks/Foundation.framework; sourceTree = SDKROOT; };
		5C31415616A4266B00F95BF2 /* CoreGraphics.framework */ = {isa = PBXFileReference; lastKnownFileType = wrapper.framework; name = CoreGraphics.framework; path = System/Library/Frameworks/CoreGraphics.framework; sourceTree = SDKROOT; };
		5C31415816A4266B00F95BF2 /* CoreData.framework */ = {isa = PBXFileReference; lastKnownFileType = wrapper.framework; name = CoreData.framework; path = System/Library/Frameworks/CoreData.framework; sourceTree = SDKROOT; };
		5C31415C16A4266B00F95BF2 /* WiflyControl-Info.plist */ = {isa = PBXFileReference; lastKnownFileType = text.plist.xml; path = "WiflyControl-Info.plist"; sourceTree = "<group>"; };
		5C31415E16A4266B00F95BF2 /* en */ = {isa = PBXFileReference; lastKnownFileType = text.plist.strings; name = en; path = en.lproj/InfoPlist.strings; sourceTree = "<group>"; };
		5C31416016A4266B00F95BF2 /* main.m */ = {isa = PBXFileReference; lastKnownFileType = sourcecode.c.objc; path = main.m; sourceTree = "<group>"; };
		5C31416216A4266B00F95BF2 /* WiflyControl-Prefix.pch */ = {isa = PBXFileReference; lastKnownFileType = sourcecode.c.h; path = "WiflyControl-Prefix.pch"; sourceTree = "<group>"; };
		5C31416316A4266B00F95BF2 /* NWAppDelegate.h */ = {isa = PBXFileReference; lastKnownFileType = sourcecode.c.h; path = NWAppDelegate.h; sourceTree = "<group>"; };
		5C31416416A4266B00F95BF2 /* NWAppDelegate.mm */ = {isa = PBXFileReference; lastKnownFileType = sourcecode.cpp.objcpp; path = NWAppDelegate.mm; sourceTree = "<group>"; };
		5C31416716A4266B00F95BF2 /* WiflyControl.xcdatamodel */ = {isa = PBXFileReference; lastKnownFileType = wrapper.xcdatamodel; path = WiflyControl.xcdatamodel; sourceTree = "<group>"; };
		5C31416E16A426EC00F95BF2 /* BlRequest.h */ = {isa = PBXFileReference; fileEncoding = 4; lastKnownFileType = sourcecode.c.h; name = BlRequest.h; path = ../../BlRequest.h; sourceTree = "<group>"; };
		5C31417116A426EC00F95BF2 /* ClientSocket.cpp */ = {isa = PBXFileReference; fileEncoding = 4; lastKnownFileType = sourcecode.cpp.cpp; name = ClientSocket.cpp; path = ../../ClientSocket.cpp; sourceTree = "<group>"; };
		5C31417216A426EC00F95BF2 /* ClientSocket.h */ = {isa = PBXFileReference; fileEncoding = 4; lastKnownFileType = sourcecode.c.h; name = ClientSocket.h; path = ../../ClientSocket.h; sourceTree = "<group>"; };
		5C31417316A426EC00F95BF2 /* ComProxy.cpp */ = {isa = PBXFileReference; fileEncoding = 4; lastKnownFileType = sourcecode.cpp.cpp; name = ComProxy.cpp; path = ../../ComProxy.cpp; sourceTree = "<group>"; };
		5C31417416A426EC00F95BF2 /* ComProxy.h */ = {isa = PBXFileReference; fileEncoding = 4; lastKnownFileType = sourcecode.c.h; name = ComProxy.h; path = ../../ComProxy.h; sourceTree = "<group>"; };
		5C31417516A426EC00F95BF2 /* crc.c */ = {isa = PBXFileReference; fileEncoding = 4; lastKnownFileType = sourcecode.c.c; name = crc.c; path = ../../crc.c; sourceTree = "<group>"; };
		5C31417616A426EC00F95BF2 /* crc.h */ = {isa = PBXFileReference; fileEncoding = 4; lastKnownFileType = sourcecode.c.h; name = crc.h; path = ../../crc.h; sourceTree = "<group>"; };
		5C31417716A426EC00F95BF2 /* intelhexclass.cpp */ = {isa = PBXFileReference; fileEncoding = 4; lastKnownFileType = sourcecode.cpp.cpp; name = intelhexclass.cpp; path = ../../intelhexclass.cpp; sourceTree = "<group>"; };
		5C31417816A426EC00F95BF2 /* intelhexclass.h */ = {isa = PBXFileReference; fileEncoding = 4; lastKnownFileType = sourcecode.c.h; name = intelhexclass.h; path = ../../intelhexclass.h; sourceTree = "<group>"; };
		5C31417916A426EC00F95BF2 /* platform.h */ = {isa = PBXFileReference; fileEncoding = 4; lastKnownFileType = sourcecode.c.h; name = platform.h; path = ../../platform.h; sourceTree = "<group>"; };
		5C31417A16A426EC00F95BF2 /* rtc.h */ = {isa = PBXFileReference; fileEncoding = 4; lastKnownFileType = sourcecode.c.h; name = rtc.h; path = ../../rtc.h; sourceTree = "<group>"; };
		5C31417B16A426EC00F95BF2 /* wifly_cmd.h */ = {isa = PBXFileReference; fileEncoding = 4; lastKnownFileType = sourcecode.c.h; name = wifly_cmd.h; path = ../../wifly_cmd.h; sourceTree = "<group>"; };
		5C31417C16A426EC00F95BF2 /* WiflyControl.cpp */ = {isa = PBXFileReference; fileEncoding = 4; lastKnownFileType = sourcecode.cpp.cpp; name = WiflyControl.cpp; path = ../../WiflyControl.cpp; sourceTree = "<group>"; };
		5C31417D16A426EC00F95BF2 /* WiflyControl.h */ = {isa = PBXFileReference; fileEncoding = 4; lastKnownFileType = sourcecode.c.h; name = WiflyControl.h; path = ../../WiflyControl.h; sourceTree = "<group>"; };
		5C31417E16A426EC00F95BF2 /* WiflyControlCmd.h */ = {isa = PBXFileReference; fileEncoding = 4; lastKnownFileType = sourcecode.c.h; name = WiflyControlCmd.h; path = ../../WiflyControlCmd.h; sourceTree = "<group>"; };
		5C31417F16A426EC00F95BF2 /* WiflyControlColorClass.cpp */ = {isa = PBXFileReference; fileEncoding = 4; lastKnownFileType = sourcecode.cpp.cpp; name = WiflyControlColorClass.cpp; path = ../../WiflyControlColorClass.cpp; sourceTree = "<group>"; };
		5C31418016A426EC00F95BF2 /* WiflyControlColorClass.h */ = {isa = PBXFileReference; fileEncoding = 4; lastKnownFileType = sourcecode.c.h; name = WiflyControlColorClass.h; path = ../../WiflyControlColorClass.h; sourceTree = "<group>"; };
/* End PBXFileReference section */

/* Begin PBXFrameworksBuildPhase section */
		5C31414B16A4266B00F95BF2 /* Frameworks */ = {
			isa = PBXFrameworksBuildPhase;
			buildActionMask = 2147483647;
			files = (
				5C31415316A4266B00F95BF2 /* UIKit.framework in Frameworks */,
				5C31415516A4266B00F95BF2 /* Foundation.framework in Frameworks */,
				5C31415716A4266B00F95BF2 /* CoreGraphics.framework in Frameworks */,
				5C31415916A4266B00F95BF2 /* CoreData.framework in Frameworks */,
			);
			runOnlyForDeploymentPostprocessing = 0;
		};
/* End PBXFrameworksBuildPhase section */

/* Begin PBXGroup section */
		5C31414316A4266B00F95BF2 = {
			isa = PBXGroup;
			children = (
				5C31415A16A4266B00F95BF2 /* WiflyControl */,
				5C31415116A4266B00F95BF2 /* Frameworks */,
				5C31414F16A4266B00F95BF2 /* Products */,
			);
			sourceTree = "<group>";
		};
		5C31414F16A4266B00F95BF2 /* Products */ = {
			isa = PBXGroup;
			children = (
				5C31414E16A4266B00F95BF2 /* WiflyControl.app */,
			);
			name = Products;
			sourceTree = "<group>";
		};
		5C31415116A4266B00F95BF2 /* Frameworks */ = {
			isa = PBXGroup;
			children = (
				5C31416E16A426EC00F95BF2 /* BlRequest.h */,
				5C31417116A426EC00F95BF2 /* ClientSocket.cpp */,
				5C31417216A426EC00F95BF2 /* ClientSocket.h */,
				5C31417316A426EC00F95BF2 /* ComProxy.cpp */,
				5C31417416A426EC00F95BF2 /* ComProxy.h */,
				5C31417516A426EC00F95BF2 /* crc.c */,
				5C31417616A426EC00F95BF2 /* crc.h */,
				5C31417716A426EC00F95BF2 /* intelhexclass.cpp */,
				5C31417816A426EC00F95BF2 /* intelhexclass.h */,
				5C31417916A426EC00F95BF2 /* platform.h */,
				5C31417A16A426EC00F95BF2 /* rtc.h */,
				5C31417B16A426EC00F95BF2 /* wifly_cmd.h */,
				5C31417C16A426EC00F95BF2 /* WiflyControl.cpp */,
				5C31417D16A426EC00F95BF2 /* WiflyControl.h */,
				5C31417E16A426EC00F95BF2 /* WiflyControlCmd.h */,
				5C31417F16A426EC00F95BF2 /* WiflyControlColorClass.cpp */,
				5C31418016A426EC00F95BF2 /* WiflyControlColorClass.h */,
				5C31415216A4266B00F95BF2 /* UIKit.framework */,
				5C31415416A4266B00F95BF2 /* Foundation.framework */,
				5C31415616A4266B00F95BF2 /* CoreGraphics.framework */,
				5C31415816A4266B00F95BF2 /* CoreData.framework */,
			);
			name = Frameworks;
			sourceTree = "<group>";
		};
		5C31415A16A4266B00F95BF2 /* WiflyControl */ = {
			isa = PBXGroup;
			children = (
				5C31416316A4266B00F95BF2 /* NWAppDelegate.h */,
				5C31416416A4266B00F95BF2 /* NWAppDelegate.mm */,
				5C31416616A4266B00F95BF2 /* WiflyControl.xcdatamodeld */,
				5C31415B16A4266B00F95BF2 /* Supporting Files */,
			);
			path = WiflyControl;
			sourceTree = "<group>";
		};
		5C31415B16A4266B00F95BF2 /* Supporting Files */ = {
			isa = PBXGroup;
			children = (
				5C31415C16A4266B00F95BF2 /* WiflyControl-Info.plist */,
				5C31415D16A4266B00F95BF2 /* InfoPlist.strings */,
				5C31416016A4266B00F95BF2 /* main.m */,
				5C31416216A4266B00F95BF2 /* WiflyControl-Prefix.pch */,
			);
			name = "Supporting Files";
			sourceTree = "<group>";
		};
/* End PBXGroup section */

/* Begin PBXNativeTarget section */
		5C31414D16A4266B00F95BF2 /* WiflyControl */ = {
			isa = PBXNativeTarget;
			buildConfigurationList = 5C31416B16A4266B00F95BF2 /* Build configuration list for PBXNativeTarget "WiflyControl" */;
			buildPhases = (
				5C31414A16A4266B00F95BF2 /* Sources */,
				5C31414B16A4266B00F95BF2 /* Frameworks */,
				5C31414C16A4266B00F95BF2 /* Resources */,
			);
			buildRules = (
			);
			dependencies = (
			);
			name = WiflyControl;
			productName = WiflyControl;
			productReference = 5C31414E16A4266B00F95BF2 /* WiflyControl.app */;
			productType = "com.apple.product-type.application";
		};
/* End PBXNativeTarget section */

/* Begin PBXProject section */
		5C31414516A4266B00F95BF2 /* Project object */ = {
			isa = PBXProject;
			attributes = {
				CLASSPREFIX = NW;
				LastUpgradeCheck = 0440;
				ORGANIZATIONNAME = "Nils Weiß";
			};
			buildConfigurationList = 5C31414816A4266B00F95BF2 /* Build configuration list for PBXProject "WiflyControl" */;
			compatibilityVersion = "Xcode 3.2";
			developmentRegion = English;
			hasScannedForEncodings = 0;
			knownRegions = (
				en,
			);
			mainGroup = 5C31414316A4266B00F95BF2;
			productRefGroup = 5C31414F16A4266B00F95BF2 /* Products */;
			projectDirPath = "";
			projectRoot = "";
			targets = (
				5C31414D16A4266B00F95BF2 /* WiflyControl */,
			);
		};
/* End PBXProject section */

/* Begin PBXResourcesBuildPhase section */
		5C31414C16A4266B00F95BF2 /* Resources */ = {
			isa = PBXResourcesBuildPhase;
			buildActionMask = 2147483647;
			files = (
				5C31415F16A4266B00F95BF2 /* InfoPlist.strings in Resources */,
			);
			runOnlyForDeploymentPostprocessing = 0;
		};
/* End PBXResourcesBuildPhase section */

/* Begin PBXSourcesBuildPhase section */
		5C31414A16A4266B00F95BF2 /* Sources */ = {
			isa = PBXSourcesBuildPhase;
			buildActionMask = 2147483647;
			files = (
				5C31416116A4266B00F95BF2 /* main.m in Sources */,
				5C31416516A4266B00F95BF2 /* NWAppDelegate.mm in Sources */,
				5C31416816A4266B00F95BF2 /* WiflyControl.xcdatamodeld in Sources */,
				5C31418216A426EC00F95BF2 /* ClientSocket.cpp in Sources */,
				5C31418316A426EC00F95BF2 /* ComProxy.cpp in Sources */,
				5C31418416A426EC00F95BF2 /* crc.c in Sources */,
				5C31418516A426EC00F95BF2 /* intelhexclass.cpp in Sources */,
				5C31418616A426EC00F95BF2 /* WiflyControl.cpp in Sources */,
				5C31418716A426EC00F95BF2 /* WiflyControlColorClass.cpp in Sources */,
			);
			runOnlyForDeploymentPostprocessing = 0;
		};
/* End PBXSourcesBuildPhase section */

/* Begin PBXVariantGroup section */
		5C31415D16A4266B00F95BF2 /* InfoPlist.strings */ = {
			isa = PBXVariantGroup;
			children = (
				5C31415E16A4266B00F95BF2 /* en */,
			);
			name = InfoPlist.strings;
			sourceTree = "<group>";
		};
/* End PBXVariantGroup section */

/* Begin XCBuildConfiguration section */
		5C31416916A4266B00F95BF2 /* Debug */ = {
			isa = XCBuildConfiguration;
			buildSettings = {
				ALWAYS_SEARCH_USER_PATHS = NO;
				ARCHS = "$(ARCHS_STANDARD_32_BIT)";
				CLANG_CXX_LANGUAGE_STANDARD = "c++0x";
				CLANG_ENABLE_OBJC_ARC = YES;
				CLANG_WARN__DUPLICATE_METHOD_MATCH = YES;
				"CODE_SIGN_IDENTITY[sdk=iphoneos*]" = "iPhone Developer";
				COPY_PHASE_STRIP = NO;
				GCC_C_LANGUAGE_STANDARD = gnu99;
				GCC_DYNAMIC_NO_PIC = NO;
				GCC_OPTIMIZATION_LEVEL = 0;
				GCC_PREPROCESSOR_DEFINITIONS = (
					"DEBUG=1",
					"$(inherited)",
					X86,
				);
				GCC_SYMBOLS_PRIVATE_EXTERN = NO;
				GCC_VERSION = com.apple.compilers.llvm.clang.1_0;
				GCC_WARN_ABOUT_RETURN_TYPE = YES;
				GCC_WARN_UNINITIALIZED_AUTOS = YES;
				GCC_WARN_UNUSED_VARIABLE = YES;
				IPHONEOS_DEPLOYMENT_TARGET = 5.1;
				SDKROOT = iphoneos;
				TARGETED_DEVICE_FAMILY = "1,2";
			};
			name = Debug;
		};
		5C31416A16A4266B00F95BF2 /* Release */ = {
			isa = XCBuildConfiguration;
			buildSettings = {
				ALWAYS_SEARCH_USER_PATHS = NO;
				ARCHS = "$(ARCHS_STANDARD_32_BIT)";
				CLANG_CXX_LANGUAGE_STANDARD = "c++0x";
				CLANG_ENABLE_OBJC_ARC = YES;
				CLANG_WARN__DUPLICATE_METHOD_MATCH = YES;
				"CODE_SIGN_IDENTITY[sdk=iphoneos*]" = "iPhone Developer";
				COPY_PHASE_STRIP = YES;
				GCC_C_LANGUAGE_STANDARD = gnu99;
				GCC_PREPROCESSOR_DEFINITIONS = X86;
				"GCC_PREPROCESSOR_DEFINITIONS[arch=*]" = X86;
				GCC_VERSION = com.apple.compilers.llvm.clang.1_0;
				GCC_WARN_ABOUT_RETURN_TYPE = YES;
				GCC_WARN_UNINITIALIZED_AUTOS = YES;
				GCC_WARN_UNUSED_VARIABLE = YES;
				IPHONEOS_DEPLOYMENT_TARGET = 5.1;
				OTHER_CFLAGS = "-DNS_BLOCK_ASSERTIONS=1";
				SDKROOT = iphoneos;
				TARGETED_DEVICE_FAMILY = "1,2";
				VALIDATE_PRODUCT = YES;
			};
			name = Release;
		};
		5C31416C16A4266B00F95BF2 /* Debug */ = {
			isa = XCBuildConfiguration;
			buildSettings = {
				GCC_PRECOMPILE_PREFIX_HEADER = YES;
				GCC_PREFIX_HEADER = "WiflyControl/WiflyControl-Prefix.pch";
				INFOPLIST_FILE = "WiflyControl/WiflyControl-Info.plist";
				PRODUCT_NAME = "$(TARGET_NAME)";
				WRAPPER_EXTENSION = app;
			};
			name = Debug;
		};
		5C31416D16A4266B00F95BF2 /* Release */ = {
			isa = XCBuildConfiguration;
			buildSettings = {
				GCC_PRECOMPILE_PREFIX_HEADER = YES;
				GCC_PREFIX_HEADER = "WiflyControl/WiflyControl-Prefix.pch";
				INFOPLIST_FILE = "WiflyControl/WiflyControl-Info.plist";
				PRODUCT_NAME = "$(TARGET_NAME)";
				WRAPPER_EXTENSION = app;
			};
			name = Release;
		};
/* End XCBuildConfiguration section */

/* Begin XCConfigurationList section */
		5C31414816A4266B00F95BF2 /* Build configuration list for PBXProject "WiflyControl" */ = {
			isa = XCConfigurationList;
			buildConfigurations = (
				5C31416916A4266B00F95BF2 /* Debug */,
				5C31416A16A4266B00F95BF2 /* Release */,
			);
			defaultConfigurationIsVisible = 0;
			defaultConfigurationName = Release;
		};
		5C31416B16A4266B00F95BF2 /* Build configuration list for PBXNativeTarget "WiflyControl" */ = {
			isa = XCConfigurationList;
			buildConfigurations = (
				5C31416C16A4266B00F95BF2 /* Debug */,
				5C31416D16A4266B00F95BF2 /* Release */,
			);
			defaultConfigurationIsVisible = 0;
		};
/* End XCConfigurationList section */

/* Begin XCVersionGroup section */
		5C31416616A4266B00F95BF2 /* WiflyControl.xcdatamodeld */ = {
			isa = XCVersionGroup;
			children = (
				5C31416716A4266B00F95BF2 /* WiflyControl.xcdatamodel */,
			);
			currentVersion = 5C31416716A4266B00F95BF2 /* WiflyControl.xcdatamodel */;
			path = WiflyControl.xcdatamodeld;
			sourceTree = "<group>";
			versionGroupType = wrapper.xcdatamodel;
		};
/* End XCVersionGroup section */
	};
	rootObject = 5C31414516A4266B00F95BF2 /* Project object */;
}
